// !$*UTF8*$!
{
	archiveVersion = 1;
	classes = {
	};
	objectVersion = 46;
	objects = {

/* Begin PBXBuildFile section */
		171E0C7E1B8E5B84001E6242 /* AppDelegate.swift in Sources */ = {isa = PBXBuildFile; fileRef = 171E0C7D1B8E5B84001E6242 /* AppDelegate.swift */; };
		171E0C801B8E5B84001E6242 /* MasterViewController.swift in Sources */ = {isa = PBXBuildFile; fileRef = 171E0C7F1B8E5B84001E6242 /* MasterViewController.swift */; };
		171E0C821B8E5B84001E6242 /* DetailViewController.swift in Sources */ = {isa = PBXBuildFile; fileRef = 171E0C811B8E5B84001E6242 /* DetailViewController.swift */; };
		171E0C851B8E5B84001E6242 /* Main.storyboard in Resources */ = {isa = PBXBuildFile; fileRef = 171E0C831B8E5B84001E6242 /* Main.storyboard */; };
		171E0C8A1B8E5B84001E6242 /* LaunchScreen.storyboard in Resources */ = {isa = PBXBuildFile; fileRef = 171E0C881B8E5B84001E6242 /* LaunchScreen.storyboard */; };
		7B9327C74253B724FBED77BC /* Pods_PDFArchiveViewerUITests.framework in Frameworks */ = {isa = PBXBuildFile; fileRef = D8CC869C580192C597A48720 /* Pods_PDFArchiveViewerUITests.framework */; };
		A301A75621496992003EA382 /* DocumentTableViewCell.swift in Sources */ = {isa = PBXBuildFile; fileRef = A301A75421496992003EA382 /* DocumentTableViewCell.swift */; };
		A301A75721496992003EA382 /* DocumentTableViewCell.xib in Resources */ = {isa = PBXBuildFile; fileRef = A301A75521496992003EA382 /* DocumentTableViewCell.xib */; };
		A31263E2217B75DC00ACAFA4 /* LoadingBackgroundView.xib in Resources */ = {isa = PBXBuildFile; fileRef = A31263E4217B75DC00ACAFA4 /* LoadingBackgroundView.xib */; };
		A34A84F92130A35A0093FAE5 /* Document.swift in Sources */ = {isa = PBXBuildFile; fileRef = A34A84F52130A35A0093FAE5 /* Document.swift */; };
		A34A84FA2130A35A0093FAE5 /* DocumentsQuery.swift in Sources */ = {isa = PBXBuildFile; fileRef = A34A84F62130A35A0093FAE5 /* DocumentsQuery.swift */; };
		A34A84FC2130A35A0093FAE5 /* Archive.swift in Sources */ = {isa = PBXBuildFile; fileRef = A34A84F82130A35A0093FAE5 /* Archive.swift */; };
		A34A85022130A3870093FAE5 /* Assets.xcassets in Resources */ = {isa = PBXBuildFile; fileRef = A34A85012130A3870093FAE5 /* Assets.xcassets */; };
		A385384C21A5EBD200F7056E /* ArchiveLib.framework in Frameworks */ = {isa = PBXBuildFile; fileRef = A352A1B921A49736001DEAC7 /* ArchiveLib.framework */; };
		A385384D21A5EBD200F7056E /* ArchiveLib.framework in Embed Frameworks */ = {isa = PBXBuildFile; fileRef = A352A1B921A49736001DEAC7 /* ArchiveLib.framework */; settings = {ATTRIBUTES = (CodeSignOnCopy, RemoveHeadersOnCopy, ); }; };
		A3B83719215FCEFA00DA239F /* PDFArchiveViewerUITests.swift in Sources */ = {isa = PBXBuildFile; fileRef = A3B83718215FCEFA00DA239F /* PDFArchiveViewerUITests.swift */; };
		A3B83721215FD14A00DA239F /* SnapshotHelper.swift in Sources */ = {isa = PBXBuildFile; fileRef = A3B83720215FD14A00DA239F /* SnapshotHelper.swift */; };
		A3B83864218CA7640093C374 /* TableSection.swift in Sources */ = {isa = PBXBuildFile; fileRef = A3B83863218CA7640093C374 /* TableSection.swift */; };
		A3BCC976217F84DB00C3775E /* PDFArchiveViewerTests.swift in Sources */ = {isa = PBXBuildFile; fileRef = A3BCC975217F84DB00C3775E /* PDFArchiveViewerTests.swift */; };
		A3EBFE9C21650F58008C34CC /* Localizable.strings in Resources */ = {isa = PBXBuildFile; fileRef = A3EBFE9E21650F58008C34CC /* Localizable.strings */; };
		A3EBFEA021650FC7008C34CC /* EmptyBackgroundView.xib in Resources */ = {isa = PBXBuildFile; fileRef = A3EBFEA221650FC7008C34CC /* EmptyBackgroundView.xib */; };
		A3F1C21D2163DCD9002B0141 /* AppStoreReviewRequest.swift in Sources */ = {isa = PBXBuildFile; fileRef = A3F1C21C2163DCD9002B0141 /* AppStoreReviewRequest.swift */; };
		C531B4DA59C21326779D6C93 /* Pods_PDFArchiveViewer.framework in Frameworks */ = {isa = PBXBuildFile; fileRef = 947EC737893707137CE047F1 /* Pods_PDFArchiveViewer.framework */; };
/* End PBXBuildFile section */

/* Begin PBXContainerItemProxy section */
		A3B8371B215FCEFA00DA239F /* PBXContainerItemProxy */ = {
			isa = PBXContainerItemProxy;
			containerPortal = 171E0C721B8E5B84001E6242 /* Project object */;
			proxyType = 1;
			remoteGlobalIDString = 171E0C791B8E5B84001E6242;
			remoteInfo = PDFArchiveViewer;
		};
		A3BCC978217F84DB00C3775E /* PBXContainerItemProxy */ = {
			isa = PBXContainerItemProxy;
			containerPortal = 171E0C721B8E5B84001E6242 /* Project object */;
			proxyType = 1;
			remoteGlobalIDString = 171E0C791B8E5B84001E6242;
			remoteInfo = PDFArchiveViewer;
		};
/* End PBXContainerItemProxy section */

/* Begin PBXCopyFilesBuildPhase section */
		A385384E21A5EBD200F7056E /* Embed Frameworks */ = {
			isa = PBXCopyFilesBuildPhase;
			buildActionMask = 2147483647;
			dstPath = "";
			dstSubfolderSpec = 10;
			files = (
				A385384D21A5EBD200F7056E /* ArchiveLib.framework in Embed Frameworks */,
			);
			name = "Embed Frameworks";
			runOnlyForDeploymentPostprocessing = 0;
		};
/* End PBXCopyFilesBuildPhase section */

/* Begin PBXFileReference section */
		11C9BA2A739A3A3401862491 /* Pods-PDFArchiveViewer.release.xcconfig */ = {isa = PBXFileReference; includeInIndex = 1; lastKnownFileType = text.xcconfig; name = "Pods-PDFArchiveViewer.release.xcconfig"; path = "Pods/Target Support Files/Pods-PDFArchiveViewer/Pods-PDFArchiveViewer.release.xcconfig"; sourceTree = "<group>"; };
		171E0C7A1B8E5B84001E6242 /* PDFArchiveViewer.app */ = {isa = PBXFileReference; explicitFileType = wrapper.application; includeInIndex = 0; path = PDFArchiveViewer.app; sourceTree = BUILT_PRODUCTS_DIR; };
		171E0C7D1B8E5B84001E6242 /* AppDelegate.swift */ = {isa = PBXFileReference; lastKnownFileType = sourcecode.swift; path = AppDelegate.swift; sourceTree = "<group>"; };
		171E0C7F1B8E5B84001E6242 /* MasterViewController.swift */ = {isa = PBXFileReference; lastKnownFileType = sourcecode.swift; path = MasterViewController.swift; sourceTree = "<group>"; };
		171E0C811B8E5B84001E6242 /* DetailViewController.swift */ = {isa = PBXFileReference; lastKnownFileType = sourcecode.swift; path = DetailViewController.swift; sourceTree = "<group>"; };
		171E0C841B8E5B84001E6242 /* Base */ = {isa = PBXFileReference; lastKnownFileType = file.storyboard; name = Base; path = Base.lproj/Main.storyboard; sourceTree = "<group>"; };
		171E0C891B8E5B84001E6242 /* Base */ = {isa = PBXFileReference; lastKnownFileType = file.storyboard; name = Base; path = Base.lproj/LaunchScreen.storyboard; sourceTree = "<group>"; };
		171E0C8B1B8E5B84001E6242 /* Info.plist */ = {isa = PBXFileReference; lastKnownFileType = text.plist.xml; path = Info.plist; sourceTree = "<group>"; };
		241D1A9152A9E16AD7783A46 /* Pods-PDFArchiveViewerUITests.release.xcconfig */ = {isa = PBXFileReference; includeInIndex = 1; lastKnownFileType = text.xcconfig; name = "Pods-PDFArchiveViewerUITests.release.xcconfig"; path = "Pods/Target Support Files/Pods-PDFArchiveViewerUITests/Pods-PDFArchiveViewerUITests.release.xcconfig"; sourceTree = "<group>"; };
		30695EDF113E5913A4D7E741 /* Pods-PDFArchiveViewerUITests.debug.xcconfig */ = {isa = PBXFileReference; includeInIndex = 1; lastKnownFileType = text.xcconfig; name = "Pods-PDFArchiveViewerUITests.debug.xcconfig"; path = "Pods/Target Support Files/Pods-PDFArchiveViewerUITests/Pods-PDFArchiveViewerUITests.debug.xcconfig"; sourceTree = "<group>"; };
		445848DF002FD7CB545E7732 /* Pods-PDFArchiveViewer.debug.xcconfig */ = {isa = PBXFileReference; includeInIndex = 1; lastKnownFileType = text.xcconfig; name = "Pods-PDFArchiveViewer.debug.xcconfig"; path = "Pods/Target Support Files/Pods-PDFArchiveViewer/Pods-PDFArchiveViewer.debug.xcconfig"; sourceTree = "<group>"; };
		947EC737893707137CE047F1 /* Pods_PDFArchiveViewer.framework */ = {isa = PBXFileReference; explicitFileType = wrapper.framework; includeInIndex = 0; path = Pods_PDFArchiveViewer.framework; sourceTree = BUILT_PRODUCTS_DIR; };
		A301A75421496992003EA382 /* DocumentTableViewCell.swift */ = {isa = PBXFileReference; lastKnownFileType = sourcecode.swift; path = DocumentTableViewCell.swift; sourceTree = "<group>"; };
		A301A75521496992003EA382 /* DocumentTableViewCell.xib */ = {isa = PBXFileReference; lastKnownFileType = file.xib; path = DocumentTableViewCell.xib; sourceTree = "<group>"; };
		A31263E3217B75DC00ACAFA4 /* Base */ = {isa = PBXFileReference; lastKnownFileType = file.xib; name = Base; path = Base.lproj/LoadingBackgroundView.xib; sourceTree = "<group>"; };
		A31263E6217B75E200ACAFA4 /* de */ = {isa = PBXFileReference; lastKnownFileType = text.plist.strings; name = de; path = de.lproj/LoadingBackgroundView.strings; sourceTree = "<group>"; };
		A34A84F52130A35A0093FAE5 /* Document.swift */ = {isa = PBXFileReference; fileEncoding = 4; lastKnownFileType = sourcecode.swift; path = Document.swift; sourceTree = "<group>"; };
		A34A84F62130A35A0093FAE5 /* DocumentsQuery.swift */ = {isa = PBXFileReference; fileEncoding = 4; lastKnownFileType = sourcecode.swift; path = DocumentsQuery.swift; sourceTree = "<group>"; };
		A34A84F82130A35A0093FAE5 /* Archive.swift */ = {isa = PBXFileReference; fileEncoding = 4; lastKnownFileType = sourcecode.swift; path = Archive.swift; sourceTree = "<group>"; };
		A34A85012130A3870093FAE5 /* Assets.xcassets */ = {isa = PBXFileReference; lastKnownFileType = folder.assetcatalog; path = Assets.xcassets; sourceTree = "<group>"; };
		A34D8D7A2130A1E200867B65 /* PDFArchiveViewer.entitlements */ = {isa = PBXFileReference; lastKnownFileType = text.plist.entitlements; path = PDFArchiveViewer.entitlements; sourceTree = "<group>"; };
		A352A1B921A49736001DEAC7 /* ArchiveLib.framework */ = {isa = PBXFileReference; explicitFileType = wrapper.framework; path = ArchiveLib.framework; sourceTree = BUILT_PRODUCTS_DIR; };
		A3B83716215FCEFA00DA239F /* PDFArchiveViewerUITests.xctest */ = {isa = PBXFileReference; explicitFileType = wrapper.cfbundle; includeInIndex = 0; path = PDFArchiveViewerUITests.xctest; sourceTree = BUILT_PRODUCTS_DIR; };
		A3B83718215FCEFA00DA239F /* PDFArchiveViewerUITests.swift */ = {isa = PBXFileReference; lastKnownFileType = sourcecode.swift; path = PDFArchiveViewerUITests.swift; sourceTree = "<group>"; };
		A3B8371A215FCEFA00DA239F /* Info.plist */ = {isa = PBXFileReference; lastKnownFileType = text.plist.xml; path = Info.plist; sourceTree = "<group>"; };
		A3B83720215FD14A00DA239F /* SnapshotHelper.swift */ = {isa = PBXFileReference; lastKnownFileType = sourcecode.swift; path = SnapshotHelper.swift; sourceTree = "<group>"; };
		A3B83863218CA7640093C374 /* TableSection.swift */ = {isa = PBXFileReference; lastKnownFileType = sourcecode.swift; path = TableSection.swift; sourceTree = "<group>"; };
		A3BCC973217F84DB00C3775E /* PDFArchiveViewerTests.xctest */ = {isa = PBXFileReference; explicitFileType = wrapper.cfbundle; includeInIndex = 0; path = PDFArchiveViewerTests.xctest; sourceTree = BUILT_PRODUCTS_DIR; };
		A3BCC975217F84DB00C3775E /* PDFArchiveViewerTests.swift */ = {isa = PBXFileReference; lastKnownFileType = sourcecode.swift; path = PDFArchiveViewerTests.swift; sourceTree = "<group>"; };
		A3BCC977217F84DB00C3775E /* Info.plist */ = {isa = PBXFileReference; lastKnownFileType = text.plist.xml; path = Info.plist; sourceTree = "<group>"; };
		A3EBFE9721650C65008C34CC /* de */ = {isa = PBXFileReference; lastKnownFileType = text.plist.strings; name = de; path = de.lproj/Main.strings; sourceTree = "<group>"; };
		A3EBFE9821650C66008C34CC /* de */ = {isa = PBXFileReference; lastKnownFileType = text.plist.strings; name = de; path = de.lproj/LaunchScreen.strings; sourceTree = "<group>"; };
		A3EBFE9D21650F58008C34CC /* de */ = {isa = PBXFileReference; lastKnownFileType = text.plist.strings; name = de; path = de.lproj/Localizable.strings; sourceTree = "<group>"; };
		A3EBFE9F21650F70008C34CC /* en */ = {isa = PBXFileReference; lastKnownFileType = text.plist.strings; name = en; path = en.lproj/Localizable.strings; sourceTree = "<group>"; };
		A3EBFEA121650FC7008C34CC /* Base */ = {isa = PBXFileReference; lastKnownFileType = file.xib; name = Base; path = Base.lproj/EmptyBackgroundView.xib; sourceTree = "<group>"; };
		A3EBFEA421650FCB008C34CC /* de */ = {isa = PBXFileReference; lastKnownFileType = text.plist.strings; name = de; path = de.lproj/EmptyBackgroundView.strings; sourceTree = "<group>"; };
		A3F1C21C2163DCD9002B0141 /* AppStoreReviewRequest.swift */ = {isa = PBXFileReference; lastKnownFileType = sourcecode.swift; path = AppStoreReviewRequest.swift; sourceTree = "<group>"; };
		D8CC869C580192C597A48720 /* Pods_PDFArchiveViewerUITests.framework */ = {isa = PBXFileReference; explicitFileType = wrapper.framework; includeInIndex = 0; path = Pods_PDFArchiveViewerUITests.framework; sourceTree = BUILT_PRODUCTS_DIR; };
/* End PBXFileReference section */

/* Begin PBXFrameworksBuildPhase section */
		171E0C771B8E5B84001E6242 /* Frameworks */ = {
			isa = PBXFrameworksBuildPhase;
			buildActionMask = 2147483647;
			files = (
				C531B4DA59C21326779D6C93 /* Pods_PDFArchiveViewer.framework in Frameworks */,
				A385384C21A5EBD200F7056E /* ArchiveLib.framework in Frameworks */,
			);
			runOnlyForDeploymentPostprocessing = 0;
		};
		A3B83713215FCEFA00DA239F /* Frameworks */ = {
			isa = PBXFrameworksBuildPhase;
			buildActionMask = 2147483647;
			files = (
				7B9327C74253B724FBED77BC /* Pods_PDFArchiveViewerUITests.framework in Frameworks */,
			);
			runOnlyForDeploymentPostprocessing = 0;
		};
		A3BCC970217F84DB00C3775E /* Frameworks */ = {
			isa = PBXFrameworksBuildPhase;
			buildActionMask = 2147483647;
			files = (
			);
			runOnlyForDeploymentPostprocessing = 0;
		};
/* End PBXFrameworksBuildPhase section */

/* Begin PBXGroup section */
		171E0C711B8E5B84001E6242 = {
			isa = PBXGroup;
			children = (
				A352A1B921A49736001DEAC7 /* ArchiveLib.framework */,
				171E0C7C1B8E5B84001E6242 /* PDFArchiveViewer */,
				A3BCC974217F84DB00C3775E /* PDFArchiveViewerTests */,
				A3B83717215FCEFA00DA239F /* PDFArchiveViewerUITests */,
				171E0C7B1B8E5B84001E6242 /* Products */,
				778DE403AE2BDEFAAB7AE643 /* Pods */,
				2C90F6DAB110A4A6FF569E3A /* Frameworks */,
			);
			sourceTree = "<group>";
		};
		171E0C7B1B8E5B84001E6242 /* Products */ = {
			isa = PBXGroup;
			children = (
				171E0C7A1B8E5B84001E6242 /* PDFArchiveViewer.app */,
				A3B83716215FCEFA00DA239F /* PDFArchiveViewerUITests.xctest */,
				A3BCC973217F84DB00C3775E /* PDFArchiveViewerTests.xctest */,
			);
			name = Products;
			sourceTree = "<group>";
		};
		171E0C7C1B8E5B84001E6242 /* PDFArchiveViewer */ = {
			isa = PBXGroup;
			children = (
				A3EBFE9E21650F58008C34CC /* Localizable.strings */,
				171E0C7D1B8E5B84001E6242 /* AppDelegate.swift */,
				A34A84F12130A28A0093FAE5 /* Models */,
				A34A84F22130A2900093FAE5 /* Views */,
				A34A84F42130A2CC0093FAE5 /* Controllers */,
				A34A84F32130A2A70093FAE5 /* Helpers */,
				A3FECF952130A0220053F2E4 /* Resources */,
			);
			path = PDFArchiveViewer;
			sourceTree = "<group>";
		};
		2C90F6DAB110A4A6FF569E3A /* Frameworks */ = {
			isa = PBXGroup;
			children = (
				947EC737893707137CE047F1 /* Pods_PDFArchiveViewer.framework */,
				D8CC869C580192C597A48720 /* Pods_PDFArchiveViewerUITests.framework */,
			);
			name = Frameworks;
			sourceTree = "<group>";
		};
		778DE403AE2BDEFAAB7AE643 /* Pods */ = {
			isa = PBXGroup;
			children = (
				445848DF002FD7CB545E7732 /* Pods-PDFArchiveViewer.debug.xcconfig */,
				11C9BA2A739A3A3401862491 /* Pods-PDFArchiveViewer.release.xcconfig */,
				30695EDF113E5913A4D7E741 /* Pods-PDFArchiveViewerUITests.debug.xcconfig */,
				241D1A9152A9E16AD7783A46 /* Pods-PDFArchiveViewerUITests.release.xcconfig */,
			);
			name = Pods;
			sourceTree = "<group>";
		};
		A34A84F12130A28A0093FAE5 /* Models */ = {
			isa = PBXGroup;
			children = (
				A34A84F82130A35A0093FAE5 /* Archive.swift */,
				A34A84F52130A35A0093FAE5 /* Document.swift */,
				A34A84F62130A35A0093FAE5 /* DocumentsQuery.swift */,
			);
			path = Models;
			sourceTree = "<group>";
		};
		A34A84F22130A2900093FAE5 /* Views */ = {
			isa = PBXGroup;
			children = (
				171E0C831B8E5B84001E6242 /* Main.storyboard */,
				A3EBFEA221650FC7008C34CC /* EmptyBackgroundView.xib */,
				A301A75421496992003EA382 /* DocumentTableViewCell.swift */,
				A301A75521496992003EA382 /* DocumentTableViewCell.xib */,
				A31263E4217B75DC00ACAFA4 /* LoadingBackgroundView.xib */,
			);
			path = Views;
			sourceTree = "<group>";
		};
		A34A84F32130A2A70093FAE5 /* Helpers */ = {
			isa = PBXGroup;
			children = (
				A3F1C21C2163DCD9002B0141 /* AppStoreReviewRequest.swift */,
				A3B83863218CA7640093C374 /* TableSection.swift */,
			);
			path = Helpers;
			sourceTree = "<group>";
		};
		A34A84F42130A2CC0093FAE5 /* Controllers */ = {
			isa = PBXGroup;
			children = (
				171E0C811B8E5B84001E6242 /* DetailViewController.swift */,
				171E0C7F1B8E5B84001E6242 /* MasterViewController.swift */,
			);
			path = Controllers;
			sourceTree = "<group>";
		};
		A3B83717215FCEFA00DA239F /* PDFArchiveViewerUITests */ = {
			isa = PBXGroup;
			children = (
				A3B83718215FCEFA00DA239F /* PDFArchiveViewerUITests.swift */,
				A3B8371A215FCEFA00DA239F /* Info.plist */,
				A3B83720215FD14A00DA239F /* SnapshotHelper.swift */,
			);
			path = PDFArchiveViewerUITests;
			sourceTree = "<group>";
		};
		A3BCC974217F84DB00C3775E /* PDFArchiveViewerTests */ = {
			isa = PBXGroup;
			children = (
				A3BCC975217F84DB00C3775E /* PDFArchiveViewerTests.swift */,
				A3BCC977217F84DB00C3775E /* Info.plist */,
			);
			path = PDFArchiveViewerTests;
			sourceTree = "<group>";
		};
		A3FECF952130A0220053F2E4 /* Resources */ = {
			isa = PBXGroup;
			children = (
				A34D8D7A2130A1E200867B65 /* PDFArchiveViewer.entitlements */,
				171E0C8B1B8E5B84001E6242 /* Info.plist */,
				171E0C881B8E5B84001E6242 /* LaunchScreen.storyboard */,
				A34A85012130A3870093FAE5 /* Assets.xcassets */,
			);
			path = Resources;
			sourceTree = "<group>";
		};
/* End PBXGroup section */

/* Begin PBXNativeTarget section */
		171E0C791B8E5B84001E6242 /* PDFArchiveViewer */ = {
			isa = PBXNativeTarget;
			buildConfigurationList = 171E0CA41B8E5B84001E6242 /* Build configuration list for PBXNativeTarget "PDFArchiveViewer" */;
			buildPhases = (
				48B868A7BE5C4E8DCAB89D03 /* [CP] Check Pods Manifest.lock */,
				A3B57CD32130C55C000BA17B /* SwiftLint */,
				A3EBFE9921650CB1008C34CC /* BartyCrouch */,
				171E0C761B8E5B84001E6242 /* Sources */,
				171E0C771B8E5B84001E6242 /* Frameworks */,
				171E0C781B8E5B84001E6242 /* Resources */,
				7068FD7F74E26C05F4A30501 /* [CP] Embed Pods Frameworks */,
				A385384E21A5EBD200F7056E /* Embed Frameworks */,
			);
			buildRules = (
			);
			dependencies = (
			);
			name = PDFArchiveViewer;
			productName = CandySearch;
			productReference = 171E0C7A1B8E5B84001E6242 /* PDFArchiveViewer.app */;
			productType = "com.apple.product-type.application";
		};
		A3B83715215FCEFA00DA239F /* PDFArchiveViewerUITests */ = {
			isa = PBXNativeTarget;
			buildConfigurationList = A3B8371D215FCEFA00DA239F /* Build configuration list for PBXNativeTarget "PDFArchiveViewerUITests" */;
			buildPhases = (
				3F58453FD2FB7C1D8FC30F15 /* [CP] Check Pods Manifest.lock */,
				A3B83712215FCEFA00DA239F /* Sources */,
				A3B83713215FCEFA00DA239F /* Frameworks */,
				A3B83714215FCEFA00DA239F /* Resources */,
			);
			buildRules = (
			);
			dependencies = (
				A3B8371C215FCEFA00DA239F /* PBXTargetDependency */,
			);
			name = PDFArchiveViewerUITests;
			productName = PDFArchiveViewerUITests;
			productReference = A3B83716215FCEFA00DA239F /* PDFArchiveViewerUITests.xctest */;
			productType = "com.apple.product-type.bundle.ui-testing";
		};
		A3BCC972217F84DB00C3775E /* PDFArchiveViewerTests */ = {
			isa = PBXNativeTarget;
			buildConfigurationList = A3BCC97C217F84DB00C3775E /* Build configuration list for PBXNativeTarget "PDFArchiveViewerTests" */;
			buildPhases = (
				A3BCC96F217F84DB00C3775E /* Sources */,
				A3BCC970217F84DB00C3775E /* Frameworks */,
				A3BCC971217F84DB00C3775E /* Resources */,
			);
			buildRules = (
			);
			dependencies = (
				A3BCC979217F84DB00C3775E /* PBXTargetDependency */,
			);
			name = PDFArchiveViewerTests;
			productName = PDFArchiveViewerTests;
			productReference = A3BCC973217F84DB00C3775E /* PDFArchiveViewerTests.xctest */;
			productType = "com.apple.product-type.bundle.unit-test";
		};
/* End PBXNativeTarget section */

/* Begin PBXProject section */
		171E0C721B8E5B84001E6242 /* Project object */ = {
			isa = PBXProject;
			attributes = {
				LastSwiftUpdateCheck = 1000;
				LastUpgradeCheck = 0940;
				ORGANIZATIONNAME = "Julian Kahnert";
				TargetAttributes = {
					171E0C791B8E5B84001E6242 = {
						CreatedOnToolsVersion = 7.0;
						DevelopmentTeam = 87KNVHZ8C7;
						LastSwiftMigration = 1000;
						SystemCapabilities = {
							com.apple.iCloud = {
								enabled = 1;
							};
						};
					};
					A3B83715215FCEFA00DA239F = {
						CreatedOnToolsVersion = 10.0;
						DevelopmentTeam = 87KNVHZ8C7;
						ProvisioningStyle = Automatic;
						TestTargetID = 171E0C791B8E5B84001E6242;
					};
					A3BCC972217F84DB00C3775E = {
						CreatedOnToolsVersion = 10.0;
						DevelopmentTeam = 87KNVHZ8C7;
						ProvisioningStyle = Automatic;
						TestTargetID = 171E0C791B8E5B84001E6242;
					};
				};
			};
			buildConfigurationList = 171E0C751B8E5B84001E6242 /* Build configuration list for PBXProject "PDFArchiveViewer" */;
			compatibilityVersion = "Xcode 3.2";
			developmentRegion = English;
			hasScannedForEncodings = 0;
			knownRegions = (
				en,
				Base,
				de,
			);
			mainGroup = 171E0C711B8E5B84001E6242;
			productRefGroup = 171E0C7B1B8E5B84001E6242 /* Products */;
			projectDirPath = "";
			projectRoot = "";
			targets = (
				171E0C791B8E5B84001E6242 /* PDFArchiveViewer */,
				A3B83715215FCEFA00DA239F /* PDFArchiveViewerUITests */,
				A3BCC972217F84DB00C3775E /* PDFArchiveViewerTests */,
			);
		};
/* End PBXProject section */

/* Begin PBXResourcesBuildPhase section */
		171E0C781B8E5B84001E6242 /* Resources */ = {
			isa = PBXResourcesBuildPhase;
			buildActionMask = 2147483647;
			files = (
				A301A75721496992003EA382 /* DocumentTableViewCell.xib in Resources */,
				A3EBFE9C21650F58008C34CC /* Localizable.strings in Resources */,
				171E0C8A1B8E5B84001E6242 /* LaunchScreen.storyboard in Resources */,
				A34A85022130A3870093FAE5 /* Assets.xcassets in Resources */,
				A31263E2217B75DC00ACAFA4 /* LoadingBackgroundView.xib in Resources */,
				A3EBFEA021650FC7008C34CC /* EmptyBackgroundView.xib in Resources */,
				171E0C851B8E5B84001E6242 /* Main.storyboard in Resources */,
			);
			runOnlyForDeploymentPostprocessing = 0;
		};
		A3B83714215FCEFA00DA239F /* Resources */ = {
			isa = PBXResourcesBuildPhase;
			buildActionMask = 2147483647;
			files = (
			);
			runOnlyForDeploymentPostprocessing = 0;
		};
		A3BCC971217F84DB00C3775E /* Resources */ = {
			isa = PBXResourcesBuildPhase;
			buildActionMask = 2147483647;
			files = (
			);
			runOnlyForDeploymentPostprocessing = 0;
		};
/* End PBXResourcesBuildPhase section */

/* Begin PBXShellScriptBuildPhase section */
		3F58453FD2FB7C1D8FC30F15 /* [CP] Check Pods Manifest.lock */ = {
			isa = PBXShellScriptBuildPhase;
			buildActionMask = 2147483647;
			files = (
			);
			inputFileListPaths = (
			);
			inputPaths = (
				"${PODS_PODFILE_DIR_PATH}/Podfile.lock",
				"${PODS_ROOT}/Manifest.lock",
			);
			name = "[CP] Check Pods Manifest.lock";
			outputFileListPaths = (
			);
			outputPaths = (
				"$(DERIVED_FILE_DIR)/Pods-PDFArchiveViewerUITests-checkManifestLockResult.txt",
			);
			runOnlyForDeploymentPostprocessing = 0;
			shellPath = /bin/sh;
			shellScript = "diff \"${PODS_PODFILE_DIR_PATH}/Podfile.lock\" \"${PODS_ROOT}/Manifest.lock\" > /dev/null\nif [ $? != 0 ] ; then\n    # print error to STDERR\n    echo \"error: The sandbox is not in sync with the Podfile.lock. Run 'pod install' or update your CocoaPods installation.\" >&2\n    exit 1\nfi\n# This output is used by Xcode 'outputs' to avoid re-running this script phase.\necho \"SUCCESS\" > \"${SCRIPT_OUTPUT_FILE_0}\"\n";
			showEnvVarsInLog = 0;
		};
		48B868A7BE5C4E8DCAB89D03 /* [CP] Check Pods Manifest.lock */ = {
			isa = PBXShellScriptBuildPhase;
			buildActionMask = 2147483647;
			files = (
			);
			inputFileListPaths = (
			);
			inputPaths = (
				"${PODS_PODFILE_DIR_PATH}/Podfile.lock",
				"${PODS_ROOT}/Manifest.lock",
			);
			name = "[CP] Check Pods Manifest.lock";
			outputFileListPaths = (
			);
			outputPaths = (
				"$(DERIVED_FILE_DIR)/Pods-PDFArchiveViewer-checkManifestLockResult.txt",
			);
			runOnlyForDeploymentPostprocessing = 0;
			shellPath = /bin/sh;
			shellScript = "diff \"${PODS_PODFILE_DIR_PATH}/Podfile.lock\" \"${PODS_ROOT}/Manifest.lock\" > /dev/null\nif [ $? != 0 ] ; then\n    # print error to STDERR\n    echo \"error: The sandbox is not in sync with the Podfile.lock. Run 'pod install' or update your CocoaPods installation.\" >&2\n    exit 1\nfi\n# This output is used by Xcode 'outputs' to avoid re-running this script phase.\necho \"SUCCESS\" > \"${SCRIPT_OUTPUT_FILE_0}\"\n";
			showEnvVarsInLog = 0;
		};
		7068FD7F74E26C05F4A30501 /* [CP] Embed Pods Frameworks */ = {
			isa = PBXShellScriptBuildPhase;
			buildActionMask = 2147483647;
			files = (
			);
			inputFileListPaths = (
			);
			inputPaths = (
				"${SRCROOT}/Pods/Target Support Files/Pods-PDFArchiveViewer/Pods-PDFArchiveViewer-frameworks.sh",
				"${BUILT_PRODUCTS_DIR}/Sentry/Sentry.framework",
				"${BUILT_PRODUCTS_DIR}/TagListView/TagListView.framework",
			);
			name = "[CP] Embed Pods Frameworks";
			outputFileListPaths = (
			);
			outputPaths = (
				"${TARGET_BUILD_DIR}/${FRAMEWORKS_FOLDER_PATH}/Sentry.framework",
				"${TARGET_BUILD_DIR}/${FRAMEWORKS_FOLDER_PATH}/TagListView.framework",
			);
			runOnlyForDeploymentPostprocessing = 0;
			shellPath = /bin/sh;
			shellScript = "\"${SRCROOT}/Pods/Target Support Files/Pods-PDFArchiveViewer/Pods-PDFArchiveViewer-frameworks.sh\"\n";
			showEnvVarsInLog = 0;
		};
		A3B57CD32130C55C000BA17B /* SwiftLint */ = {
			isa = PBXShellScriptBuildPhase;
			buildActionMask = 2147483647;
			files = (
			);
			inputPaths = (
			);
			name = SwiftLint;
			outputPaths = (
			);
			runOnlyForDeploymentPostprocessing = 0;
			shellPath = /bin/sh;
			shellScript = "if which swiftlint >/dev/null; then\n    swiftlint autocorrect\n    swiftlint\nelse\n    echo \"warning: SwiftLint not installed, download from https://github.com/realm/SwiftLint\"\nfi\n";
		};
		A3EBFE9921650CB1008C34CC /* BartyCrouch */ = {
			isa = PBXShellScriptBuildPhase;
			buildActionMask = 2147483647;
			files = (
			);
			inputFileListPaths = (
			);
			inputPaths = (
			);
			name = BartyCrouch;
			outputFileListPaths = (
			);
			outputPaths = (
			);
			runOnlyForDeploymentPostprocessing = 0;
			shellPath = /bin/sh;
			shellScript = "if which bartycrouch > /dev/null; then\n    # Incrementally update all Storyboards/XIBs strings files\n    bartycrouch interfaces -p \"$PROJECT_DIR\"\n\n    # Add new keys to Localizable.strings files from NSLocalizedString in code\n    bartycrouch code -p \"$PROJECT_DIR\" -l \"$PROJECT_DIR\" -a -s\nelse\n    echo \"warning: BartyCrouch not installed, download it from https://github.com/Flinesoft/BartyCrouch\"\nfi\n";
		};
/* End PBXShellScriptBuildPhase section */

/* Begin PBXSourcesBuildPhase section */
		171E0C761B8E5B84001E6242 /* Sources */ = {
			isa = PBXSourcesBuildPhase;
			buildActionMask = 2147483647;
			files = (
				A3B83864218CA7640093C374 /* TableSection.swift in Sources */,
				A34A84FC2130A35A0093FAE5 /* Archive.swift in Sources */,
				A301A75621496992003EA382 /* DocumentTableViewCell.swift in Sources */,
				171E0C821B8E5B84001E6242 /* DetailViewController.swift in Sources */,
				171E0C801B8E5B84001E6242 /* MasterViewController.swift in Sources */,
				A34A84F92130A35A0093FAE5 /* Document.swift in Sources */,
				171E0C7E1B8E5B84001E6242 /* AppDelegate.swift in Sources */,
				A34A84FA2130A35A0093FAE5 /* DocumentsQuery.swift in Sources */,
				A3F1C21D2163DCD9002B0141 /* AppStoreReviewRequest.swift in Sources */,
			);
			runOnlyForDeploymentPostprocessing = 0;
		};
		A3B83712215FCEFA00DA239F /* Sources */ = {
			isa = PBXSourcesBuildPhase;
			buildActionMask = 2147483647;
			files = (
				A3B83719215FCEFA00DA239F /* PDFArchiveViewerUITests.swift in Sources */,
				A3B83721215FD14A00DA239F /* SnapshotHelper.swift in Sources */,
			);
			runOnlyForDeploymentPostprocessing = 0;
		};
		A3BCC96F217F84DB00C3775E /* Sources */ = {
			isa = PBXSourcesBuildPhase;
			buildActionMask = 2147483647;
			files = (
				A3BCC976217F84DB00C3775E /* PDFArchiveViewerTests.swift in Sources */,
			);
			runOnlyForDeploymentPostprocessing = 0;
		};
/* End PBXSourcesBuildPhase section */

/* Begin PBXTargetDependency section */
		A3B8371C215FCEFA00DA239F /* PBXTargetDependency */ = {
			isa = PBXTargetDependency;
			target = 171E0C791B8E5B84001E6242 /* PDFArchiveViewer */;
			targetProxy = A3B8371B215FCEFA00DA239F /* PBXContainerItemProxy */;
		};
		A3BCC979217F84DB00C3775E /* PBXTargetDependency */ = {
			isa = PBXTargetDependency;
			target = 171E0C791B8E5B84001E6242 /* PDFArchiveViewer */;
			targetProxy = A3BCC978217F84DB00C3775E /* PBXContainerItemProxy */;
		};
/* End PBXTargetDependency section */

/* Begin PBXVariantGroup section */
		171E0C831B8E5B84001E6242 /* Main.storyboard */ = {
			isa = PBXVariantGroup;
			children = (
				171E0C841B8E5B84001E6242 /* Base */,
				A3EBFE9721650C65008C34CC /* de */,
			);
			name = Main.storyboard;
			sourceTree = "<group>";
		};
		171E0C881B8E5B84001E6242 /* LaunchScreen.storyboard */ = {
			isa = PBXVariantGroup;
			children = (
				171E0C891B8E5B84001E6242 /* Base */,
				A3EBFE9821650C66008C34CC /* de */,
			);
			name = LaunchScreen.storyboard;
			sourceTree = "<group>";
		};
		A31263E4217B75DC00ACAFA4 /* LoadingBackgroundView.xib */ = {
			isa = PBXVariantGroup;
			children = (
				A31263E3217B75DC00ACAFA4 /* Base */,
				A31263E6217B75E200ACAFA4 /* de */,
			);
			name = LoadingBackgroundView.xib;
			sourceTree = "<group>";
		};
		A3EBFE9E21650F58008C34CC /* Localizable.strings */ = {
			isa = PBXVariantGroup;
			children = (
				A3EBFE9D21650F58008C34CC /* de */,
				A3EBFE9F21650F70008C34CC /* en */,
			);
			name = Localizable.strings;
			sourceTree = "<group>";
		};
		A3EBFEA221650FC7008C34CC /* EmptyBackgroundView.xib */ = {
			isa = PBXVariantGroup;
			children = (
				A3EBFEA121650FC7008C34CC /* Base */,
				A3EBFEA421650FCB008C34CC /* de */,
			);
			name = EmptyBackgroundView.xib;
			sourceTree = "<group>";
		};
/* End PBXVariantGroup section */

/* Begin XCBuildConfiguration section */
		171E0CA21B8E5B84001E6242 /* Debug */ = {
			isa = XCBuildConfiguration;
			buildSettings = {
				ALWAYS_SEARCH_USER_PATHS = NO;
				CLANG_ANALYZER_LOCALIZABILITY_NONLOCALIZED = YES;
				CLANG_CXX_LANGUAGE_STANDARD = "gnu++0x";
				CLANG_CXX_LIBRARY = "libc++";
				CLANG_ENABLE_MODULES = YES;
				CLANG_ENABLE_OBJC_ARC = YES;
				CLANG_WARN_BLOCK_CAPTURE_AUTORELEASING = YES;
				CLANG_WARN_BOOL_CONVERSION = YES;
				CLANG_WARN_COMMA = YES;
				CLANG_WARN_CONSTANT_CONVERSION = YES;
				CLANG_WARN_DEPRECATED_OBJC_IMPLEMENTATIONS = YES;
				CLANG_WARN_DIRECT_OBJC_ISA_USAGE = YES_ERROR;
				CLANG_WARN_EMPTY_BODY = YES;
				CLANG_WARN_ENUM_CONVERSION = YES;
				CLANG_WARN_INFINITE_RECURSION = YES;
				CLANG_WARN_INT_CONVERSION = YES;
				CLANG_WARN_NON_LITERAL_NULL_CONVERSION = YES;
				CLANG_WARN_OBJC_IMPLICIT_RETAIN_SELF = YES;
				CLANG_WARN_OBJC_LITERAL_CONVERSION = YES;
				CLANG_WARN_OBJC_ROOT_CLASS = YES_ERROR;
				CLANG_WARN_RANGE_LOOP_ANALYSIS = YES;
				CLANG_WARN_STRICT_PROTOTYPES = YES;
				CLANG_WARN_SUSPICIOUS_MOVE = YES;
				CLANG_WARN_UNREACHABLE_CODE = YES;
				CLANG_WARN__DUPLICATE_METHOD_MATCH = YES;
				"CODE_SIGN_IDENTITY[sdk=iphoneos*]" = "iPhone Developer";
				COPY_PHASE_STRIP = NO;
				DEBUG_INFORMATION_FORMAT = dwarf;
				ENABLE_STRICT_OBJC_MSGSEND = YES;
				ENABLE_TESTABILITY = YES;
				GCC_C_LANGUAGE_STANDARD = gnu99;
				GCC_DYNAMIC_NO_PIC = NO;
				GCC_NO_COMMON_BLOCKS = YES;
				GCC_OPTIMIZATION_LEVEL = 0;
				GCC_PREPROCESSOR_DEFINITIONS = (
					"DEBUG=1",
					"$(inherited)",
				);
				GCC_WARN_64_TO_32_BIT_CONVERSION = YES;
				GCC_WARN_ABOUT_RETURN_TYPE = YES_ERROR;
				GCC_WARN_UNDECLARED_SELECTOR = YES;
				GCC_WARN_UNINITIALIZED_AUTOS = YES_AGGRESSIVE;
				GCC_WARN_UNUSED_FUNCTION = YES;
				GCC_WARN_UNUSED_VARIABLE = YES;
				IPHONEOS_DEPLOYMENT_TARGET = 11.4;
				MTL_ENABLE_DEBUG_INFO = YES;
				ONLY_ACTIVE_ARCH = YES;
				SDKROOT = iphoneos;
				SWIFT_OPTIMIZATION_LEVEL = "-Onone";
				SWIFT_SWIFT3_OBJC_INFERENCE = Off;
				TARGETED_DEVICE_FAMILY = "1,2";
			};
			name = Debug;
		};
		171E0CA31B8E5B84001E6242 /* Release */ = {
			isa = XCBuildConfiguration;
			buildSettings = {
				ALWAYS_SEARCH_USER_PATHS = NO;
				CLANG_ANALYZER_LOCALIZABILITY_NONLOCALIZED = YES;
				CLANG_CXX_LANGUAGE_STANDARD = "gnu++0x";
				CLANG_CXX_LIBRARY = "libc++";
				CLANG_ENABLE_MODULES = YES;
				CLANG_ENABLE_OBJC_ARC = YES;
				CLANG_WARN_BLOCK_CAPTURE_AUTORELEASING = YES;
				CLANG_WARN_BOOL_CONVERSION = YES;
				CLANG_WARN_COMMA = YES;
				CLANG_WARN_CONSTANT_CONVERSION = YES;
				CLANG_WARN_DEPRECATED_OBJC_IMPLEMENTATIONS = YES;
				CLANG_WARN_DIRECT_OBJC_ISA_USAGE = YES_ERROR;
				CLANG_WARN_EMPTY_BODY = YES;
				CLANG_WARN_ENUM_CONVERSION = YES;
				CLANG_WARN_INFINITE_RECURSION = YES;
				CLANG_WARN_INT_CONVERSION = YES;
				CLANG_WARN_NON_LITERAL_NULL_CONVERSION = YES;
				CLANG_WARN_OBJC_IMPLICIT_RETAIN_SELF = YES;
				CLANG_WARN_OBJC_LITERAL_CONVERSION = YES;
				CLANG_WARN_OBJC_ROOT_CLASS = YES_ERROR;
				CLANG_WARN_RANGE_LOOP_ANALYSIS = YES;
				CLANG_WARN_STRICT_PROTOTYPES = YES;
				CLANG_WARN_SUSPICIOUS_MOVE = YES;
				CLANG_WARN_UNREACHABLE_CODE = YES;
				CLANG_WARN__DUPLICATE_METHOD_MATCH = YES;
				"CODE_SIGN_IDENTITY[sdk=iphoneos*]" = "iPhone Developer";
				COPY_PHASE_STRIP = NO;
				DEBUG_INFORMATION_FORMAT = "dwarf-with-dsym";
				ENABLE_NS_ASSERTIONS = NO;
				ENABLE_STRICT_OBJC_MSGSEND = YES;
				GCC_C_LANGUAGE_STANDARD = gnu99;
				GCC_NO_COMMON_BLOCKS = YES;
				GCC_WARN_64_TO_32_BIT_CONVERSION = YES;
				GCC_WARN_ABOUT_RETURN_TYPE = YES_ERROR;
				GCC_WARN_UNDECLARED_SELECTOR = YES;
				GCC_WARN_UNINITIALIZED_AUTOS = YES_AGGRESSIVE;
				GCC_WARN_UNUSED_FUNCTION = YES;
				GCC_WARN_UNUSED_VARIABLE = YES;
				IPHONEOS_DEPLOYMENT_TARGET = 11.4;
				MTL_ENABLE_DEBUG_INFO = NO;
				SDKROOT = iphoneos;
				SWIFT_OPTIMIZATION_LEVEL = "-Owholemodule";
				SWIFT_SWIFT3_OBJC_INFERENCE = Off;
				TARGETED_DEVICE_FAMILY = "1,2";
				VALIDATE_PRODUCT = YES;
			};
			name = Release;
		};
		171E0CA51B8E5B84001E6242 /* Debug */ = {
			isa = XCBuildConfiguration;
			baseConfigurationReference = 445848DF002FD7CB545E7732 /* Pods-PDFArchiveViewer.debug.xcconfig */;
			buildSettings = {
				ASSETCATALOG_COMPILER_APPICON_NAME = AppIcon;
				CODE_SIGN_ENTITLEMENTS = "$(SRCROOT)/PDFArchiveViewer/Resources/PDFArchiveViewer.entitlements";
				DEVELOPMENT_TEAM = 87KNVHZ8C7;
				INFOPLIST_FILE = "$(SRCROOT)/PDFArchiveViewer/Resources/Info.plist";
				IPHONEOS_DEPLOYMENT_TARGET = 11.0;
				LD_RUNPATH_SEARCH_PATHS = "$(inherited) @executable_path/Frameworks";
				PRODUCT_BUNDLE_IDENTIFIER = de.JulianKahnert.PDFArchiveViewer;
				PRODUCT_NAME = "$(TARGET_NAME)";
				SWIFT_VERSION = 4.2;
			};
			name = Debug;
		};
		171E0CA61B8E5B84001E6242 /* Release */ = {
			isa = XCBuildConfiguration;
			baseConfigurationReference = 11C9BA2A739A3A3401862491 /* Pods-PDFArchiveViewer.release.xcconfig */;
			buildSettings = {
				ASSETCATALOG_COMPILER_APPICON_NAME = AppIcon;
				CODE_SIGN_ENTITLEMENTS = "$(SRCROOT)/PDFArchiveViewer/Resources/PDFArchiveViewer.entitlements";
				DEVELOPMENT_TEAM = 87KNVHZ8C7;
				INFOPLIST_FILE = "$(SRCROOT)/PDFArchiveViewer/Resources/Info.plist";
				IPHONEOS_DEPLOYMENT_TARGET = 11.0;
				LD_RUNPATH_SEARCH_PATHS = "$(inherited) @executable_path/Frameworks";
				PRODUCT_BUNDLE_IDENTIFIER = de.JulianKahnert.PDFArchiveViewer;
				PRODUCT_NAME = "$(TARGET_NAME)";
				SWIFT_VERSION = 4.2;
			};
			name = Release;
		};
		A3B8371E215FCEFA00DA239F /* Debug */ = {
			isa = XCBuildConfiguration;
			baseConfigurationReference = 30695EDF113E5913A4D7E741 /* Pods-PDFArchiveViewerUITests.debug.xcconfig */;
			buildSettings = {
				CLANG_ANALYZER_NONNULL = YES;
				CLANG_ANALYZER_NUMBER_OBJECT_CONVERSION = YES_AGGRESSIVE;
				CLANG_CXX_LANGUAGE_STANDARD = "gnu++14";
				CLANG_ENABLE_OBJC_WEAK = YES;
				CLANG_WARN_DOCUMENTATION_COMMENTS = YES;
				CLANG_WARN_UNGUARDED_AVAILABILITY = YES_AGGRESSIVE;
				CODE_SIGN_IDENTITY = "iPhone Developer";
				CODE_SIGN_STYLE = Automatic;
				DEVELOPMENT_TEAM = 87KNVHZ8C7;
				GCC_C_LANGUAGE_STANDARD = gnu11;
				INFOPLIST_FILE = PDFArchiveViewerUITests/Info.plist;
				IPHONEOS_DEPLOYMENT_TARGET = 12.0;
				LD_RUNPATH_SEARCH_PATHS = "$(inherited) @executable_path/Frameworks @loader_path/Frameworks";
				MTL_ENABLE_DEBUG_INFO = INCLUDE_SOURCE;
				MTL_FAST_MATH = YES;
				PRODUCT_BUNDLE_IDENTIFIER = de.juliankahnert.PDFArchiveViewerUITests;
				PRODUCT_NAME = "$(TARGET_NAME)";
				SWIFT_ACTIVE_COMPILATION_CONDITIONS = DEBUG;
				SWIFT_VERSION = 4.2;
				TARGETED_DEVICE_FAMILY = "1,2";
				TEST_TARGET_NAME = PDFArchiveViewer;
			};
			name = Debug;
		};
		A3B8371F215FCEFA00DA239F /* Release */ = {
			isa = XCBuildConfiguration;
			baseConfigurationReference = 241D1A9152A9E16AD7783A46 /* Pods-PDFArchiveViewerUITests.release.xcconfig */;
			buildSettings = {
				CLANG_ANALYZER_NONNULL = YES;
				CLANG_ANALYZER_NUMBER_OBJECT_CONVERSION = YES_AGGRESSIVE;
				CLANG_CXX_LANGUAGE_STANDARD = "gnu++14";
				CLANG_ENABLE_OBJC_WEAK = YES;
				CLANG_WARN_DOCUMENTATION_COMMENTS = YES;
				CLANG_WARN_UNGUARDED_AVAILABILITY = YES_AGGRESSIVE;
				CODE_SIGN_IDENTITY = "iPhone Developer";
				CODE_SIGN_STYLE = Automatic;
				DEVELOPMENT_TEAM = 87KNVHZ8C7;
				GCC_C_LANGUAGE_STANDARD = gnu11;
				INFOPLIST_FILE = PDFArchiveViewerUITests/Info.plist;
				IPHONEOS_DEPLOYMENT_TARGET = 12.0;
				LD_RUNPATH_SEARCH_PATHS = "$(inherited) @executable_path/Frameworks @loader_path/Frameworks";
				MTL_FAST_MATH = YES;
				PRODUCT_BUNDLE_IDENTIFIER = de.juliankahnert.PDFArchiveViewerUITests;
				PRODUCT_NAME = "$(TARGET_NAME)";
				SWIFT_VERSION = 4.2;
				TARGETED_DEVICE_FAMILY = "1,2";
				TEST_TARGET_NAME = PDFArchiveViewer;
			};
			name = Release;
		};
		A3BCC97A217F84DB00C3775E /* Debug */ = {
			isa = XCBuildConfiguration;
			buildSettings = {
				BUNDLE_LOADER = "$(TEST_HOST)";
				CLANG_ANALYZER_NONNULL = YES;
				CLANG_ANALYZER_NUMBER_OBJECT_CONVERSION = YES_AGGRESSIVE;
				CLANG_CXX_LANGUAGE_STANDARD = "gnu++14";
				CLANG_ENABLE_OBJC_WEAK = YES;
				CLANG_WARN_DOCUMENTATION_COMMENTS = YES;
				CLANG_WARN_UNGUARDED_AVAILABILITY = YES_AGGRESSIVE;
				CODE_SIGN_IDENTITY = "iPhone Developer";
				CODE_SIGN_STYLE = Automatic;
				DEVELOPMENT_TEAM = 87KNVHZ8C7;
				GCC_C_LANGUAGE_STANDARD = gnu11;
				INFOPLIST_FILE = PDFArchiveViewerTests/Info.plist;
				IPHONEOS_DEPLOYMENT_TARGET = 12.0;
				LD_RUNPATH_SEARCH_PATHS = "$(inherited) @executable_path/Frameworks @loader_path/Frameworks";
				MTL_ENABLE_DEBUG_INFO = INCLUDE_SOURCE;
				MTL_FAST_MATH = YES;
				PRODUCT_BUNDLE_IDENTIFIER = de.juliankahnert.PDFArchiveViewerTests;
				PRODUCT_NAME = "$(TARGET_NAME)";
				SWIFT_ACTIVE_COMPILATION_CONDITIONS = DEBUG;
				SWIFT_VERSION = 4.2;
				TARGETED_DEVICE_FAMILY = "1,2";
				TEST_HOST = "$(BUILT_PRODUCTS_DIR)/PDFArchiveViewer.app/PDFArchiveViewer";
			};
			name = Debug;
		};
		A3BCC97B217F84DB00C3775E /* Release */ = {
			isa = XCBuildConfiguration;
			buildSettings = {
				BUNDLE_LOADER = "$(TEST_HOST)";
				CLANG_ANALYZER_NONNULL = YES;
				CLANG_ANALYZER_NUMBER_OBJECT_CONVERSION = YES_AGGRESSIVE;
				CLANG_CXX_LANGUAGE_STANDARD = "gnu++14";
				CLANG_ENABLE_OBJC_WEAK = YES;
				CLANG_WARN_DOCUMENTATION_COMMENTS = YES;
				CLANG_WARN_UNGUARDED_AVAILABILITY = YES_AGGRESSIVE;
				CODE_SIGN_IDENTITY = "iPhone Developer";
				CODE_SIGN_STYLE = Automatic;
				DEVELOPMENT_TEAM = 87KNVHZ8C7;
				GCC_C_LANGUAGE_STANDARD = gnu11;
				INFOPLIST_FILE = PDFArchiveViewerTests/Info.plist;
				IPHONEOS_DEPLOYMENT_TARGET = 12.0;
				LD_RUNPATH_SEARCH_PATHS = "$(inherited) @executable_path/Frameworks @loader_path/Frameworks";
				MTL_FAST_MATH = YES;
				PRODUCT_BUNDLE_IDENTIFIER = de.juliankahnert.PDFArchiveViewerTests;
				PRODUCT_NAME = "$(TARGET_NAME)";
				SWIFT_VERSION = 4.2;
				TARGETED_DEVICE_FAMILY = "1,2";
				TEST_HOST = "$(BUILT_PRODUCTS_DIR)/PDFArchiveViewer.app/PDFArchiveViewer";
			};
			name = Release;
		};
/* End XCBuildConfiguration section */

/* Begin XCConfigurationList section */
		171E0C751B8E5B84001E6242 /* Build configuration list for PBXProject "PDFArchiveViewer" */ = {
			isa = XCConfigurationList;
			buildConfigurations = (
				171E0CA21B8E5B84001E6242 /* Debug */,
				171E0CA31B8E5B84001E6242 /* Release */,
			);
			defaultConfigurationIsVisible = 0;
			defaultConfigurationName = Release;
		};
		171E0CA41B8E5B84001E6242 /* Build configuration list for PBXNativeTarget "PDFArchiveViewer" */ = {
			isa = XCConfigurationList;
			buildConfigurations = (
				171E0CA51B8E5B84001E6242 /* Debug */,
				171E0CA61B8E5B84001E6242 /* Release */,
			);
			defaultConfigurationIsVisible = 0;
			defaultConfigurationName = Release;
		};
		A3B8371D215FCEFA00DA239F /* Build configuration list for PBXNativeTarget "PDFArchiveViewerUITests" */ = {
			isa = XCConfigurationList;
			buildConfigurations = (
				A3B8371E215FCEFA00DA239F /* Debug */,
				A3B8371F215FCEFA00DA239F /* Release */,
			);
			defaultConfigurationIsVisible = 0;
			defaultConfigurationName = Release;
		};
		A3BCC97C217F84DB00C3775E /* Build configuration list for PBXNativeTarget "PDFArchiveViewerTests" */ = {
			isa = XCConfigurationList;
			buildConfigurations = (
				A3BCC97A217F84DB00C3775E /* Debug */,
				A3BCC97B217F84DB00C3775E /* Release */,
			);
			defaultConfigurationIsVisible = 0;
			defaultConfigurationName = Release;
		};
/* End XCConfigurationList section */
	};
	rootObject = 171E0C721B8E5B84001E6242 /* Project object */;
}
