{
  "object": {
    "pins": [
      {
        "package": "ArchiveLib",
        "repositoryURL": "https://github.com/PDF-Archiver/ArchiveLib",
        "state": {
          "branch": null,
          "revision": "4b0469e7b6003e906a6ed333e5814a15f3b67ec9",
          "version": "1.2.4"
        }
      },
      {
        "package": "Purchases",
        "repositoryURL": "https://github.com/RevenueCat/purchases-ios",
        "state": {
          "branch": null,
          "revision": "05b68cb7e69e536fbbfe79c2be529a012485af96",
          "version": "3.12.3"
        }
      }
    ]
  },
  "version": 1
}
