{
  "object": {
    "pins": [
      {
        "package": "ArchiveLib",
        "repositoryURL": "https://github.com/PDF-Archiver/ArchiveLib",
        "state": {
          "branch": null,
          "revision": "0f7ebca217cc720bae386ec3d780709e540d38d7",
          "version": "2.0.12"
        }
      },
      {
        "package": "Diagnostics",
        "repositoryURL": "https://github.com/WeTransfer/Diagnostics",
        "state": {
          "branch": null,
          "revision": "3dab2c3bf7dd7b24179274467020dd7822016bbe",
          "version": "1.6.0"
        }
      },
      {
        "package": "KeyboardObserving",
        "repositoryURL": "https://github.com/JulianKahnert/KeyboardObserving",
        "state": {
          "branch": "master",
          "revision": "a8c6d2ce7aa1a4da2a352ba55a8dfb115eaea90b",
          "version": null
        }
      },
      {
        "package": "LoggingKit",
        "repositoryURL": "https://github.com/PDF-Archiver/LoggingKit",
        "state": {
          "branch": null,
          "revision": "69e313a70f6dc330a050663aa1ac8719b5bbfab5",
          "version": "1.1.4"
        }
      },
      {
        "package": "LogModel",
        "repositoryURL": "https://github.com/PDF-Archiver/LogModel.git",
        "state": {
          "branch": null,
          "revision": "fee27fed62db42033f9deb9a478bcd4c05949a7e",
          "version": "0.0.4"
        }
      },
      {
        "package": "PaperOnboarding",
        "repositoryURL": "https://github.com/Ramotion/paper-onboarding",
        "state": {
          "branch": null,
          "revision": "c77ff68563eb44671394e976b7c877dc442809d9",
          "version": "6.1.4"
        }
      },
      {
        "package": "Sentry",
        "repositoryURL": "https://github.com/getsentry/sentry-cocoa",
        "state": {
          "branch": null,
          "revision": "bb3c1d852980432907cd314e4fa984fc9a78c9f3",
          "version": "4.4.3"
        }
      },
      {
        "package": "swift-log",
        "repositoryURL": "https://github.com/apple/swift-log.git",
        "state": {
          "branch": null,
          "revision": "74d7b91ceebc85daf387ebb206003f78813f71aa",
          "version": "1.2.0"
        }
      },
      {
        "package": "SwiftUIX",
        "repositoryURL": "https://github.com/SwiftUIX/SwiftUIX",
        "state": {
          "branch": "master",
          "revision": "31d2ad30f1e7a318122174da893e3081446514c4",
          "version": null
        }
      },
      {
        "package": "SwiftyStoreKit",
        "repositoryURL": "https://github.com/bizz84/SwiftyStoreKit",
        "state": {
          "branch": null,
          "revision": "6de7077c6cd15435c53d8ecfb1a09a371c83c4df",
          "version": "0.15.1"
        }
      }
    ]
  },
  "version": 1
}
