{
  "object": {
    "pins": [
      {
        "package": "ASN1Swift",
        "repositoryURL": "https://github.com/tikhop/ASN1Swift",
        "state": {
          "branch": null,
          "revision": "b53bee03a942623db25afc5bfb80227b2cb3b425",
          "version": "1.2.4"
        }
      },
      {
        "package": "DeepDiff",
        "repositoryURL": "https://github.com/onmyway133/DeepDiff.git",
        "state": {
          "branch": null,
          "revision": "2639b3a11054d666a4c5ec1b7dd2808e437f3289",
          "version": "2.3.3"
        }
      },
      {
        "package": "Diagnostics",
        "repositoryURL": "https://github.com/WeTransfer/Diagnostics",
        "state": {
          "branch": null,
          "revision": "6c6fcefdefb6420fcdbc96278a32f2ab6018e474",
          "version": "1.9.0"
        }
      },
      {
        "package": "Down",
        "repositoryURL": "https://github.com/iwasrobbed/Down",
        "state": {
          "branch": null,
          "revision": "731f6bbab24ab208ea2d6a944e3f8a8a9d5273c7",
          "version": "0.9.4"
        }
      },
      {
        "package": "GraphicsRenderer",
        "repositoryURL": "https://github.com/shaps80/GraphicsRenderer",
        "state": {
          "branch": null,
          "revision": "fa9b28096ea13eb59333a02d616244482ad6039f",
          "version": "1.4.4"
        }
      },
      {
        "package": "Parma",
        "repositoryURL": "https://github.com/dasautoooo/Parma",
        "state": {
          "branch": null,
          "revision": "3c8b431fd5ad3cf675c60d0aa89f011cbcbb036c",
          "version": "0.3.0"
        }
      },
      {
        "package": "Sentry",
        "repositoryURL": "https://github.com/getsentry/sentry-cocoa",
        "state": {
          "branch": null,
          "revision": "f7c3de2d9fc09d7a61f7259521d97091fb2f8bda",
          "version": "7.1.3"
        }
      },
      {
        "package": "swift-log",
        "repositoryURL": "https://github.com/apple/swift-log.git",
        "state": {
          "branch": null,
          "revision": "5d66f7ba25daf4f94100e7022febf3c75e37a6c7",
          "version": "1.4.2"
        }
      },
      {
        "package": "SwiftUIX",
        "repositoryURL": "https://github.com/SwiftUIX/SwiftUIX",
        "state": {
          "branch": "master",
          "revision": "6c685b174a26d45c2205ca6e3edf21b460c367cd",
          "version": null
        }
      },
      {
        "package": "TPInAppReceipt",
        "repositoryURL": "https://github.com/tikhop/TPInAppReceipt",
        "state": {
          "branch": null,
          "revision": "695f0db9a790c8c62d5335728877059851ffd912",
          "version": "3.2.1"
        }
      }
    ]
  },
  "version": 1
}
