PODS:
  - Sentry (4.1.1):
    - Sentry/Core (= 4.1.1)
  - Sentry/Core (4.1.1)

DEPENDENCIES:
  - Sentry (~> 4.1)

SPEC REPOS:
  https://github.com/cocoapods/specs.git:
    - Sentry

SPEC CHECKSUMS:
  Sentry: c9d0543c7223ddec036027f4c7391ea057ba9856

PODFILE CHECKSUM: b043798bee744923df5a5c00fd400ce8dbe78823

COCOAPODS: 1.5.3
