// !$*UTF8*$!
{
	archiveVersion = 1;
	classes = {
	};
	objectVersion = 77;
	objects = {

/* Begin PBXBuildFile section */
		E5A1000000000000000000D3 /* EvaluationSupport in Frameworks */ = {isa = PBXBuildFile; productRef = E5A1000000000000000000D2 /* EvaluationSupport */; };
/* End PBXBuildFile section */

/* Begin PBXContainerItemProxy section */
		E5A1000000000000000000CB /* PBXContainerItemProxy */ = {
			isa = PBXContainerItemProxy;
			containerPortal = E5A1000000000000000000A1 /* Project object */;
			proxyType = 1;
			remoteGlobalIDString = E5A1000000000000000000B1;
			remoteInfo = EvaluationHost;
		};
/* End PBXContainerItemProxy section */

/* Begin PBXFileReference section */
		E5A1000000000000000000B8 /* EvaluationHost.app */ = {isa = PBXFileReference; explicitFileType = wrapper.application; includeInIndex = 0; path = EvaluationHost.app; sourceTree = BUILT_PRODUCTS_DIR; };
		E5A1000000000000000000C8 /* ContentExtractionEvaluations.xctest */ = {isa = PBXFileReference; explicitFileType = wrapper.cfbundle; includeInIndex = 0; path = ContentExtractionEvaluations.xctest; sourceTree = BUILT_PRODUCTS_DIR; };
/* End PBXFileReference section */

/* Begin PBXFileSystemSynchronizedBuildFileExceptionSet section */
		E5A1000000000000000000E1 /* Exceptions for "ContentExtractorStoreTests" folder in "ContentExtractionEvaluations" target */ = {
			isa = PBXFileSystemSynchronizedBuildFileExceptionSet;
			membershipExceptions = (
				ContentExtractorStoreUnitTests.swift,
				TextReadabilityTests.swift,
			);
			target = E5A1000000000000000000C1 /* ContentExtractionEvaluations */;
		};
/* End PBXFileSystemSynchronizedBuildFileExceptionSet section */

/* Begin PBXFileSystemSynchronizedRootGroup section */
		E5A1000000000000000000B9 /* EvaluationHost */ = {
			isa = PBXFileSystemSynchronizedRootGroup;
			path = EvaluationHost;
			sourceTree = "<group>";
		};
		E5A1000000000000000000C9 /* ContentExtractionEvaluations */ = {
			isa = PBXFileSystemSynchronizedRootGroup;
			exceptions = (
				E5A1000000000000000000E1 /* Exceptions for "ContentExtractorStoreTests" folder in "ContentExtractionEvaluations" target */,
			);
			name = ContentExtractionEvaluations;
			path = ../ArchiverLib/Tests/ContentExtractorStoreTests;
			sourceTree = "<group>";
		};
/* End PBXFileSystemSynchronizedRootGroup section */

/* Begin PBXFrameworksBuildPhase section */
		E5A1000000000000000000B6 /* Frameworks */ = {
			isa = PBXFrameworksBuildPhase;
			buildActionMask = 2147483647;
			files = (
			);
			runOnlyForDeploymentPostprocessing = 0;
		};
		E5A1000000000000000000C6 /* Frameworks */ = {
			isa = PBXFrameworksBuildPhase;
			buildActionMask = 2147483647;
			files = (
				E5A1000000000000000000D3 /* EvaluationSupport in Frameworks */,
			);
			runOnlyForDeploymentPostprocessing = 0;
		};
/* End PBXFrameworksBuildPhase section */

/* Begin PBXGroup section */
		E5A1000000000000000000A5 = {
			isa = PBXGroup;
			children = (
				E5A1000000000000000000B9 /* EvaluationHost */,
				E5A1000000000000000000C9 /* ContentExtractionEvaluations */,
				E5A1000000000000000000A6 /* Products */,
			);
			sourceTree = "<group>";
		};
		E5A1000000000000000000A6 /* Products */ = {
			isa = PBXGroup;
			children = (
				E5A1000000000000000000B8 /* EvaluationHost.app */,
				E5A1000000000000000000C8 /* ContentExtractionEvaluations.xctest */,
			);
			name = Products;
			sourceTree = "<group>";
		};
/* End PBXGroup section */

/* Begin PBXNativeTarget section */
		E5A1000000000000000000B1 /* EvaluationHost */ = {
			isa = PBXNativeTarget;
			buildConfigurationList = E5A1000000000000000000B2 /* Build configuration list for PBXNativeTarget "EvaluationHost" */;
			buildPhases = (
				E5A1000000000000000000B5 /* Sources */,
				E5A1000000000000000000B6 /* Frameworks */,
				E5A1000000000000000000B7 /* Resources */,
			);
			buildRules = (
			);
			dependencies = (
			);
			fileSystemSynchronizedGroups = (
				E5A1000000000000000000B9 /* EvaluationHost */,
			);
			name = EvaluationHost;
			packageProductDependencies = (
			);
			productName = EvaluationHost;
			productReference = E5A1000000000000000000B8 /* EvaluationHost.app */;
			productType = "com.apple.product-type.application";
		};
		E5A1000000000000000000C1 /* ContentExtractionEvaluations */ = {
			isa = PBXNativeTarget;
			buildConfigurationList = E5A1000000000000000000C2 /* Build configuration list for PBXNativeTarget "ContentExtractionEvaluations" */;
			buildPhases = (
				E5A1000000000000000000C5 /* Sources */,
				E5A1000000000000000000C6 /* Frameworks */,
				E5A1000000000000000000C7 /* Resources */,
			);
			buildRules = (
			);
			dependencies = (
				E5A1000000000000000000CA /* PBXTargetDependency */,
			);
			fileSystemSynchronizedGroups = (
				E5A1000000000000000000C9 /* ContentExtractionEvaluations */,
			);
			name = ContentExtractionEvaluations;
			packageProductDependencies = (
				E5A1000000000000000000D2 /* EvaluationSupport */,
			);
			productName = ContentExtractionEvaluations;
			productReference = E5A1000000000000000000C8 /* ContentExtractionEvaluations.xctest */;
			productType = "com.apple.product-type.bundle.unit-test";
		};
/* End PBXNativeTarget section */

/* Begin PBXProject section */
		E5A1000000000000000000A1 /* Project object */ = {
			isa = PBXProject;
			attributes = {
				BuildIndependentTargetsInParallel = 1;
				LastSwiftUpdateCheck = 2700;
				LastUpgradeCheck = 2700;
				TargetAttributes = {
					E5A1000000000000000000B1 = {
						CreatedOnToolsVersion = 27.0;
					};
					E5A1000000000000000000C1 = {
						CreatedOnToolsVersion = 27.0;
						TestTargetID = E5A1000000000000000000B1;
					};
				};
			};
			buildConfigurationList = E5A1000000000000000000A2 /* Build configuration list for PBXProject "Evaluations" */;
			developmentRegion = en;
			hasScannedForEncodings = 0;
			knownRegions = (
				en,
				Base,
			);
			mainGroup = E5A1000000000000000000A5;
			minimizedProjectReferenceProxies = 1;
			packageReferences = (
				E5A1000000000000000000D1 /* XCLocalSwiftPackageReference "../ArchiverLib" */,
			);
			preferredProjectObjectVersion = 77;
			productRefGroup = E5A1000000000000000000A6 /* Products */;
			projectDirPath = "";
			projectRoot = "";
			targets = (
				E5A1000000000000000000B1 /* EvaluationHost */,
				E5A1000000000000000000C1 /* ContentExtractionEvaluations */,
			);
		};
/* End PBXProject section */

/* Begin PBXResourcesBuildPhase section */
		E5A1000000000000000000B7 /* Resources */ = {
			isa = PBXResourcesBuildPhase;
			buildActionMask = 2147483647;
			files = (
			);
			runOnlyForDeploymentPostprocessing = 0;
		};
		E5A1000000000000000000C7 /* Resources */ = {
			isa = PBXResourcesBuildPhase;
			buildActionMask = 2147483647;
			files = (
			);
			runOnlyForDeploymentPostprocessing = 0;
		};
/* End PBXResourcesBuildPhase section */

/* Begin PBXSourcesBuildPhase section */
		E5A1000000000000000000B5 /* Sources */ = {
			isa = PBXSourcesBuildPhase;
			buildActionMask = 2147483647;
			files = (
			);
			runOnlyForDeploymentPostprocessing = 0;
		};
		E5A1000000000000000000C5 /* Sources */ = {
			isa = PBXSourcesBuildPhase;
			buildActionMask = 2147483647;
			files = (
			);
			runOnlyForDeploymentPostprocessing = 0;
		};
/* End PBXSourcesBuildPhase section */

/* Begin PBXTargetDependency section */
		E5A1000000000000000000CA /* PBXTargetDependency */ = {
			isa = PBXTargetDependency;
			target = E5A1000000000000000000B1 /* EvaluationHost */;
			targetProxy = E5A1000000000000000000CB /* PBXContainerItemProxy */;
		};
/* End PBXTargetDependency section */

/* Begin XCBuildConfiguration section */
		E5A1000000000000000000A3 /* Debug */ = {
			isa = XCBuildConfiguration;
			buildSettings = {
				ALWAYS_SEARCH_USER_PATHS = NO;
				CLANG_ENABLE_MODULES = YES;
				CLANG_ENABLE_OBJC_ARC = YES;
				COPY_PHASE_STRIP = NO;
				DEBUG_INFORMATION_FORMAT = dwarf;
				DEVELOPMENT_TEAM = 87KNVHZ8C7;
				ENABLE_STRICT_OBJC_MSGSEND = YES;
				ENABLE_TESTABILITY = YES;
				GCC_OPTIMIZATION_LEVEL = 0;
				MACOSX_DEPLOYMENT_TARGET = 27.0;
				ONLY_ACTIVE_ARCH = YES;
				SDKROOT = macosx;
				SUPPORTED_PLATFORMS = macosx;
				SWIFT_ACTIVE_COMPILATION_CONDITIONS = DEBUG;
				SWIFT_OPTIMIZATION_LEVEL = "-Onone";
				SWIFT_VERSION = 6.0;
			};
			name = Debug;
		};
		E5A1000000000000000000A4 /* Release */ = {
			isa = XCBuildConfiguration;
			buildSettings = {
				ALWAYS_SEARCH_USER_PATHS = NO;
				CLANG_ENABLE_MODULES = YES;
				CLANG_ENABLE_OBJC_ARC = YES;
				COPY_PHASE_STRIP = NO;
				DEBUG_INFORMATION_FORMAT = "dwarf-with-dsym";
				DEVELOPMENT_TEAM = 87KNVHZ8C7;
				ENABLE_NS_ASSERTIONS = NO;
				ENABLE_STRICT_OBJC_MSGSEND = YES;
				MACOSX_DEPLOYMENT_TARGET = 27.0;
				SDKROOT = macosx;
				SUPPORTED_PLATFORMS = macosx;
				SWIFT_COMPILATION_MODE = wholemodule;
				SWIFT_VERSION = 6.0;
			};
			name = Release;
		};
		E5A1000000000000000000B3 /* Debug */ = {
			isa = XCBuildConfiguration;
			buildSettings = {
				ASSETCATALOG_COMPILER_GENERATE_SWIFT_ASSET_SYMBOL_EXTENSIONS = YES;
				CODE_SIGN_ENTITLEMENTS = EvaluationHost/EvaluationHost.entitlements;
				CODE_SIGN_STYLE = Automatic;
				COMBINE_HIDPI_IMAGES = YES;
				CURRENT_PROJECT_VERSION = 1;
				ENABLE_APP_SANDBOX = NO;
				ENABLE_HARDENED_RUNTIME = YES;
				GENERATE_INFOPLIST_FILE = YES;
				INFOPLIST_KEY_NSHumanReadableCopyright = "";
				MARKETING_VERSION = 1.0;
				PRODUCT_BUNDLE_IDENTIFIER = de.JulianKahnert.PDFArchiveViewer.EvaluationHost;
				PRODUCT_NAME = "$(TARGET_NAME)";
				SWIFT_EMIT_LOC_STRINGS = YES;
			};
			name = Debug;
		};
		E5A1000000000000000000B4 /* Release */ = {
			isa = XCBuildConfiguration;
			buildSettings = {
				ASSETCATALOG_COMPILER_GENERATE_SWIFT_ASSET_SYMBOL_EXTENSIONS = YES;
				CODE_SIGN_ENTITLEMENTS = EvaluationHost/EvaluationHost.entitlements;
				CODE_SIGN_STYLE = Automatic;
				COMBINE_HIDPI_IMAGES = YES;
				CURRENT_PROJECT_VERSION = 1;
				ENABLE_APP_SANDBOX = NO;
				ENABLE_HARDENED_RUNTIME = YES;
				GENERATE_INFOPLIST_FILE = YES;
				INFOPLIST_KEY_NSHumanReadableCopyright = "";
				MARKETING_VERSION = 1.0;
				PRODUCT_BUNDLE_IDENTIFIER = de.JulianKahnert.PDFArchiveViewer.EvaluationHost;
				PRODUCT_NAME = "$(TARGET_NAME)";
				SWIFT_EMIT_LOC_STRINGS = YES;
			};
			name = Release;
		};
		E5A1000000000000000000C3 /* Debug */ = {
			isa = XCBuildConfiguration;
			buildSettings = {
				BUNDLE_LOADER = "$(TEST_HOST)";
				CODE_SIGN_STYLE = Automatic;
				CURRENT_PROJECT_VERSION = 1;
				GENERATE_INFOPLIST_FILE = YES;
				MARKETING_VERSION = 1.0;
				OTHER_SWIFT_FLAGS = "-enable-upcoming-feature NonisolatedNonsendingByDefault -enable-upcoming-feature InferIsolatedConformances";
				PRODUCT_BUNDLE_IDENTIFIER = de.JulianKahnert.PDFArchiveViewer.ContentExtractionEvaluations;
				PRODUCT_NAME = "$(TARGET_NAME)";
				SWIFT_EMIT_LOC_STRINGS = NO;
				TEST_HOST = "$(BUILT_PRODUCTS_DIR)/EvaluationHost.app/$(BUNDLE_EXECUTABLE_FOLDER_PATH)/EvaluationHost";
			};
			name = Debug;
		};
		E5A1000000000000000000C4 /* Release */ = {
			isa = XCBuildConfiguration;
			buildSettings = {
				BUNDLE_LOADER = "$(TEST_HOST)";
				CODE_SIGN_STYLE = Automatic;
				CURRENT_PROJECT_VERSION = 1;
				GENERATE_INFOPLIST_FILE = YES;
				MARKETING_VERSION = 1.0;
				OTHER_SWIFT_FLAGS = "-enable-upcoming-feature NonisolatedNonsendingByDefault -enable-upcoming-feature InferIsolatedConformances";
				PRODUCT_BUNDLE_IDENTIFIER = de.JulianKahnert.PDFArchiveViewer.ContentExtractionEvaluations;
				PRODUCT_NAME = "$(TARGET_NAME)";
				SWIFT_EMIT_LOC_STRINGS = NO;
				TEST_HOST = "$(BUILT_PRODUCTS_DIR)/EvaluationHost.app/$(BUNDLE_EXECUTABLE_FOLDER_PATH)/EvaluationHost";
			};
			name = Release;
		};
/* End XCBuildConfiguration section */

/* Begin XCConfigurationList section */
		E5A1000000000000000000A2 /* Build configuration list for PBXProject "Evaluations" */ = {
			isa = XCConfigurationList;
			buildConfigurations = (
				E5A1000000000000000000A3 /* Debug */,
				E5A1000000000000000000A4 /* Release */,
			);
			defaultConfigurationIsVisible = 0;
			defaultConfigurationName = Release;
		};
		E5A1000000000000000000B2 /* Build configuration list for PBXNativeTarget "EvaluationHost" */ = {
			isa = XCConfigurationList;
			buildConfigurations = (
				E5A1000000000000000000B3 /* Debug */,
				E5A1000000000000000000B4 /* Release */,
			);
			defaultConfigurationIsVisible = 0;
			defaultConfigurationName = Release;
		};
		E5A1000000000000000000C2 /* Build configuration list for PBXNativeTarget "ContentExtractionEvaluations" */ = {
			isa = XCConfigurationList;
			buildConfigurations = (
				E5A1000000000000000000C3 /* Debug */,
				E5A1000000000000000000C4 /* Release */,
			);
			defaultConfigurationIsVisible = 0;
			defaultConfigurationName = Release;
		};
/* End XCConfigurationList section */

/* Begin XCLocalSwiftPackageReference section */
		E5A1000000000000000000D1 /* XCLocalSwiftPackageReference "../ArchiverLib" */ = {
			isa = XCLocalSwiftPackageReference;
			relativePath = ../ArchiverLib;
		};
/* End XCLocalSwiftPackageReference section */

/* Begin XCSwiftPackageProductDependency section */
		E5A1000000000000000000D2 /* EvaluationSupport */ = {
			isa = XCSwiftPackageProductDependency;
			productName = EvaluationSupport;
		};
/* End XCSwiftPackageProductDependency section */
	};
	rootObject = E5A1000000000000000000A1 /* Project object */;
}
