// !$*UTF8*$!
{
	archiveVersion = 1;
	classes = {
	};
	objectVersion = 52;
	objects = {

/* Begin PBXBuildFile section */
		171E0C7E1B8E5B84001E6242 /* AppDelegate.swift in Sources */ = {isa = PBXBuildFile; fileRef = 171E0C7D1B8E5B84001E6242 /* AppDelegate.swift */; };
		171E0C801B8E5B84001E6242 /* ArchiveViewController.swift in Sources */ = {isa = PBXBuildFile; fileRef = 171E0C7F1B8E5B84001E6242 /* ArchiveViewController.swift */; };
		171E0C821B8E5B84001E6242 /* DetailViewController.swift in Sources */ = {isa = PBXBuildFile; fileRef = 171E0C811B8E5B84001E6242 /* DetailViewController.swift */; };
		171E0C851B8E5B84001E6242 /* Main.storyboard in Resources */ = {isa = PBXBuildFile; fileRef = 171E0C831B8E5B84001E6242 /* Main.storyboard */; };
		171E0C8A1B8E5B84001E6242 /* LaunchScreen.storyboard in Resources */ = {isa = PBXBuildFile; fileRef = 171E0C881B8E5B84001E6242 /* LaunchScreen.storyboard */; };
		A301A75621496992003EA382 /* DocumentTableViewCell.swift in Sources */ = {isa = PBXBuildFile; fileRef = A301A75421496992003EA382 /* DocumentTableViewCell.swift */; };
		A301A75721496992003EA382 /* DocumentTableViewCell.xib in Resources */ = {isa = PBXBuildFile; fileRef = A301A75521496992003EA382 /* DocumentTableViewCell.xib */; };
		A30D767722BF914B00862224 /* MainTabBarController.swift in Sources */ = {isa = PBXBuildFile; fileRef = A30D767622BF914B00862224 /* MainTabBarController.swift */; };
		A31263E2217B75DC00ACAFA4 /* LoadingBackgroundView.xib in Resources */ = {isa = PBXBuildFile; fileRef = A31263E4217B75DC00ACAFA4 /* LoadingBackgroundView.xib */; };
		A314A29B225542360099681D /* CustomButton.swift in Sources */ = {isa = PBXBuildFile; fileRef = A314A29A225542360099681D /* CustomButton.swift */; };
		A316F36622946ED70099BA26 /* UIViewController.swift in Sources */ = {isa = PBXBuildFile; fileRef = A316F36522946ED70099BA26 /* UIViewController.swift */; };
		A32777E521FDD76D0076F68C /* 2017-01-17--tom-tailor-jeans__kleidung_rechnung.pdf in Resources */ = {isa = PBXBuildFile; fileRef = A32777E321FDD76D0076F68C /* 2017-01-17--tom-tailor-jeans__kleidung_rechnung.pdf */; };
		A3400DDB22688C4300097A3F /* Archive.storyboard in Resources */ = {isa = PBXBuildFile; fileRef = A3400DDD22688C4300097A3F /* Archive.storyboard */; };
		A3400DE12268902200097A3F /* BartyCrouch.swift in Sources */ = {isa = PBXBuildFile; fileRef = A3400DE02268902200097A3F /* BartyCrouch.swift */; };
		A3490B9B22B5486D00C4BFB3 /* PDFArchiverUITests.swift in Sources */ = {isa = PBXBuildFile; fileRef = A3B83718215FCEFA00DA239F /* PDFArchiverUITests.swift */; };
		A34A84FA2130A35A0093FAE5 /* DocumentsQuery.swift in Sources */ = {isa = PBXBuildFile; fileRef = A34A84F62130A35A0093FAE5 /* DocumentsQuery.swift */; };
		A34A84FC2130A35A0093FAE5 /* ArchiveExtension.swift in Sources */ = {isa = PBXBuildFile; fileRef = A34A84F82130A35A0093FAE5 /* ArchiveExtension.swift */; };
		A34A85022130A3870093FAE5 /* Assets.xcassets in Resources */ = {isa = PBXBuildFile; fileRef = A34A85012130A3870093FAE5 /* Assets.xcassets */; };
		A34DEF922267699700E12EE5 /* Settings.bundle in Resources */ = {isa = PBXBuildFile; fileRef = A34DEF912267699700E12EE5 /* Settings.bundle */; };
		A356115F22DE517B00A9092F /* Atomic.swift in Sources */ = {isa = PBXBuildFile; fileRef = A356115E22DE517B00A9092F /* Atomic.swift */; };
		A35B7D04235C718A002F7716 /* Sentry in Frameworks */ = {isa = PBXBuildFile; productRef = A35B7D03235C718A002F7716 /* Sentry */; };
		A35B7D07235C71C8002F7716 /* PaperOnboarding in Frameworks */ = {isa = PBXBuildFile; productRef = A35B7D06235C71C8002F7716 /* PaperOnboarding */; };
		A35B7D09235C723F002F7716 /* Config.xcconfig in Resources */ = {isa = PBXBuildFile; fileRef = A35B7D08235C7239002F7716 /* Config.xcconfig */; };
		A361F3C5230B137C00C52F40 /* HairlineConstraint.swift in Sources */ = {isa = PBXBuildFile; fileRef = A361F3C4230B137C00C52F40 /* HairlineConstraint.swift */; };
		A3645422230C443D002042AC /* test-ocr-data.png in Resources */ = {isa = PBXBuildFile; fileRef = A388C8262235330F000D52CB /* test-ocr-data.png */; };
		A36611BE233FDB460092DB19 /* Log.swift in Sources */ = {isa = PBXBuildFile; fileRef = A36611BD233FDB460092DB19 /* Log.swift */; };
		A36611C4233FDDB40092DB19 /* LoggingKit in Frameworks */ = {isa = PBXBuildFile; productRef = A36611C3233FDDB40092DB19 /* LoggingKit */; };
		A3689778235C754300F429AC /* Configuration.swift in Sources */ = {isa = PBXBuildFile; fileRef = A3689777235C754300F429AC /* Configuration.swift */; };
		A36AE3A822A70149001D534E /* PlaceholderViewController.swift in Sources */ = {isa = PBXBuildFile; fileRef = A36AE3A722A70149001D534E /* PlaceholderViewController.swift */; };
		A378C433221B3929007D1419 /* DocumentService.swift in Sources */ = {isa = PBXBuildFile; fileRef = A378C432221B3929007D1419 /* DocumentService.swift */; };
		A3811C0A2346150B00AF6CFA /* SwiftyStoreKit in Frameworks */ = {isa = PBXBuildFile; productRef = A3811C092346150B00AF6CFA /* SwiftyStoreKit */; };
		A3811C0D2346156F00AF6CFA /* WSTagsField in Frameworks */ = {isa = PBXBuildFile; productRef = A3811C0C2346156F00AF6CFA /* WSTagsField */; };
		A381CF21222F0B5D00FAFA7C /* ImageConverter.swift in Sources */ = {isa = PBXBuildFile; fileRef = A381CF20222F0B5D00FAFA7C /* ImageConverter.swift */; };
		A389789B2274FD4600DC13B9 /* CustomInputView.swift in Sources */ = {isa = PBXBuildFile; fileRef = A389789A2274FD4600DC13B9 /* CustomInputView.swift */; };
		A38BDC2323462E34003668C3 /* SkyFloatingLabelTextField in Frameworks */ = {isa = PBXBuildFile; productRef = A38BDC2223462E34003668C3 /* SkyFloatingLabelTextField */; };
		A38BDC26234632F6003668C3 /* ArchiveLib in Frameworks */ = {isa = PBXBuildFile; productRef = A38BDC25234632F6003668C3 /* ArchiveLib */; };
		A38BDC2F2346340D003668C3 /* AboutMeViewController.xib in Resources */ = {isa = PBXBuildFile; fileRef = A38BDC2B2346340D003668C3 /* AboutMeViewController.xib */; };
		A38BDC302346340D003668C3 /* MoreViewController.storyboard in Resources */ = {isa = PBXBuildFile; fileRef = A38BDC2D2346340D003668C3 /* MoreViewController.storyboard */; };
		A3932824221EF7DC00858461 /* ScanViewController.swift in Sources */ = {isa = PBXBuildFile; fileRef = A3932823221EF7DC00858461 /* ScanViewController.swift */; };
		A393A28322A8486000D6DAF9 /* UIAlertController.swift in Sources */ = {isa = PBXBuildFile; fileRef = A393A28222A8486000D6DAF9 /* UIAlertController.swift */; };
		A39942BA228B3ACE00FFC16B /* Constants.swift in Sources */ = {isa = PBXBuildFile; fileRef = A39942B9228B3ACE00FFC16B /* Constants.swift */; };
		A39942BE228B422E00FFC16B /* IntroViewController.swift in Sources */ = {isa = PBXBuildFile; fileRef = A39942BD228B422E00FFC16B /* IntroViewController.swift */; };
		A39A807A21FDEC540099C503 /* 2017-01-17--tom-tailor-jeans__bill_clothes_shopping.pdf in Resources */ = {isa = PBXBuildFile; fileRef = A39A807721FDEC540099C503 /* 2017-01-17--tom-tailor-jeans__bill_clothes_shopping.pdf */; };
		A3A071682253ED660093E7A4 /* TaggingViewController.swift in Sources */ = {isa = PBXBuildFile; fileRef = A3A071672253ED660093E7A4 /* TaggingViewController.swift */; };
		A3A2A71F22FF4B2400747DDB /* PDFQualityViewController.swift in Sources */ = {isa = PBXBuildFile; fileRef = A3A2A71D22FF4B2400747DDB /* PDFQualityViewController.swift */; };
		A3A2A72222FF51BF00747DDB /* UserDefaults.swift in Sources */ = {isa = PBXBuildFile; fileRef = A3A2A72122FF51BF00747DDB /* UserDefaults.swift */; };
		A3B57B7B22871F170078F7A4 /* StorageHelper.swift in Sources */ = {isa = PBXBuildFile; fileRef = A3B57B7A22871F170078F7A4 /* StorageHelper.swift */; };
		A3B57B7D228720090078F7A4 /* StorageHelper+Paths.swift in Sources */ = {isa = PBXBuildFile; fileRef = A3B57B7C228720090078F7A4 /* StorageHelper+Paths.swift */; };
		A3B57B81228720410078F7A4 /* StorageHelper+Errors.swift in Sources */ = {isa = PBXBuildFile; fileRef = A3B57B80228720410078F7A4 /* StorageHelper+Errors.swift */; };
		A3B57B83228750CF0078F7A4 /* FileManager.swift in Sources */ = {isa = PBXBuildFile; fileRef = A3B57B82228750CF0078F7A4 /* FileManager.swift */; };
		A3B83721215FD14A00DA239F /* SnapshotHelper.swift in Sources */ = {isa = PBXBuildFile; fileRef = A3B83720215FD14A00DA239F /* SnapshotHelper.swift */; };
		A3B83864218CA7640093C374 /* TableSection.swift in Sources */ = {isa = PBXBuildFile; fileRef = A3B83863218CA7640093C374 /* TableSection.swift */; };
		A3BCC976217F84DB00C3775E /* PDFArchiverTests.swift in Sources */ = {isa = PBXBuildFile; fileRef = A3BCC975217F84DB00C3775E /* PDFArchiverTests.swift */; };
		A3BE7B3122B16EC2004A1ADE /* TagTab.storyboard in Resources */ = {isa = PBXBuildFile; fileRef = A3400DD822688C2100097A3F /* TagTab.storyboard */; };
		A3BE7B3622B29AB8004A1ADE /* UIFont.swift in Sources */ = {isa = PBXBuildFile; fileRef = A3BE7B3522B29AB8004A1ADE /* UIFont.swift */; };
		A3BE7B3A22B3DE05004A1ADE /* Document.swift in Sources */ = {isa = PBXBuildFile; fileRef = A3BE7B3922B3DE05004A1ADE /* Document.swift */; };
		A3CF79BE22C3FA0A008711E4 /* PDFProcessing.swift in Sources */ = {isa = PBXBuildFile; fileRef = A3CF79BD22C3FA0A008711E4 /* PDFProcessing.swift */; };
		A3D0999822BD15F0003D16E5 /* MoreTableViewController.swift in Sources */ = {isa = PBXBuildFile; fileRef = A3D0999722BD15F0003D16E5 /* MoreTableViewController.swift */; };
		A3DBC695224974380048E681 /* IAPService.swift in Sources */ = {isa = PBXBuildFile; fileRef = A3DBC690224974380048E681 /* IAPService.swift */; };
		A3DC071D22C6C6D10073A877 /* UIImage.swift in Sources */ = {isa = PBXBuildFile; fileRef = A3DC071C22C6C6D10073A877 /* UIImage.swift */; };
		A3DFA7272278D9CF00E0F362 /* WSTagsField.swift in Sources */ = {isa = PBXBuildFile; fileRef = A3DFA7262278D9CF00E0F362 /* WSTagsField.swift */; };
		A3EBFE9C21650F58008C34CC /* Localizable.strings in Resources */ = {isa = PBXBuildFile; fileRef = A3EBFE9E21650F58008C34CC /* Localizable.strings */; };
		A3ECBC9622496BA000A626AE /* IAP.swift in Sources */ = {isa = PBXBuildFile; fileRef = A3ECBC9522496BA000A626AE /* IAP.swift */; };
		A3F1C21D2163DCD9002B0141 /* AppStoreReviewRequest.swift in Sources */ = {isa = PBXBuildFile; fileRef = A3F1C21C2163DCD9002B0141 /* AppStoreReviewRequest.swift */; };
		A3F30D8E221C968E0063D173 /* SplitViewController.swift in Sources */ = {isa = PBXBuildFile; fileRef = A3F30D8D221C968E0063D173 /* SplitViewController.swift */; };
		A3F87E6D22D52EFB00A47710 /* AboutMeViewController.swift in Sources */ = {isa = PBXBuildFile; fileRef = A3F87E6B22D52EFB00A47710 /* AboutMeViewController.swift */; };
		A3FDD33B229457260054FFFC /* PDFViewController.swift in Sources */ = {isa = PBXBuildFile; fileRef = A3FDD339229457260054FFFC /* PDFViewController.swift */; };
		A3FDD3432294578D0054FFFC /* DateDescriptionViewController.swift in Sources */ = {isa = PBXBuildFile; fileRef = A3FDD3412294578D0054FFFC /* DateDescriptionViewController.swift */; };
		A3FDD345229459B10054FFFC /* PDFViewController.xib in Resources */ = {isa = PBXBuildFile; fileRef = A3FDD347229459B10054FFFC /* PDFViewController.xib */; };
		A3FDD34A229459BD0054FFFC /* DateDescriptionViewController.xib in Resources */ = {isa = PBXBuildFile; fileRef = A3FDD34C229459BD0054FFFC /* DateDescriptionViewController.xib */; };
		A3FDD34F229459C40054FFFC /* TaggingViewController.xib in Resources */ = {isa = PBXBuildFile; fileRef = A3FDD351229459C40054FFFC /* TaggingViewController.xib */; };
		A3FDD355229467590054FFFC /* DocumentHandleViewController.swift in Sources */ = {isa = PBXBuildFile; fileRef = A3FDD354229467590054FFFC /* DocumentHandleViewController.swift */; };
		A3FDD3572294678A0054FFFC /* DocumentViewController.swift in Sources */ = {isa = PBXBuildFile; fileRef = A3FDD3562294678A0054FFFC /* DocumentViewController.swift */; };
		A3FF63A022478FC10089E66A /* UIColor.swift in Sources */ = {isa = PBXBuildFile; fileRef = A3FF639F22478FC10089E66A /* UIColor.swift */; };
		A3FF63AA2247A39E0089E66A /* StoreKit.framework in Frameworks */ = {isa = PBXBuildFile; fileRef = A3FF63A92247A39E0089E66A /* StoreKit.framework */; };
		A3FF63D02247AF570089E66A /* SubscriptionViewController.swift in Sources */ = {isa = PBXBuildFile; fileRef = A3FF63CF2247AF570089E66A /* SubscriptionViewController.swift */; };
/* End PBXBuildFile section */

/* Begin PBXContainerItemProxy section */
		A3B8371B215FCEFA00DA239F /* PBXContainerItemProxy */ = {
			isa = PBXContainerItemProxy;
			containerPortal = 171E0C721B8E5B84001E6242 /* Project object */;
			proxyType = 1;
			remoteGlobalIDString = 171E0C791B8E5B84001E6242;
			remoteInfo = PDFArchiver;
		};
		A3BCC978217F84DB00C3775E /* PBXContainerItemProxy */ = {
			isa = PBXContainerItemProxy;
			containerPortal = 171E0C721B8E5B84001E6242 /* Project object */;
			proxyType = 1;
			remoteGlobalIDString = 171E0C791B8E5B84001E6242;
			remoteInfo = PDFArchiver;
		};
/* End PBXContainerItemProxy section */

/* Begin PBXCopyFilesBuildPhase section */
		A363E85A225D30D3007BE48B /* Embed Frameworks */ = {
			isa = PBXCopyFilesBuildPhase;
			buildActionMask = 2147483647;
			dstPath = "";
			dstSubfolderSpec = 10;
			files = (
			);
			name = "Embed Frameworks";
			runOnlyForDeploymentPostprocessing = 0;
		};
/* End PBXCopyFilesBuildPhase section */

/* Begin PBXFileReference section */
		171E0C7A1B8E5B84001E6242 /* PDFArchiver.app */ = {isa = PBXFileReference; explicitFileType = wrapper.application; includeInIndex = 0; path = PDFArchiver.app; sourceTree = BUILT_PRODUCTS_DIR; };
		171E0C7D1B8E5B84001E6242 /* AppDelegate.swift */ = {isa = PBXFileReference; lastKnownFileType = sourcecode.swift; path = AppDelegate.swift; sourceTree = "<group>"; };
		171E0C7F1B8E5B84001E6242 /* ArchiveViewController.swift */ = {isa = PBXFileReference; lastKnownFileType = sourcecode.swift; path = ArchiveViewController.swift; sourceTree = "<group>"; };
		171E0C811B8E5B84001E6242 /* DetailViewController.swift */ = {isa = PBXFileReference; lastKnownFileType = sourcecode.swift; path = DetailViewController.swift; sourceTree = "<group>"; };
		171E0C841B8E5B84001E6242 /* Base */ = {isa = PBXFileReference; lastKnownFileType = file.storyboard; name = Base; path = Base.lproj/Main.storyboard; sourceTree = "<group>"; };
		171E0C891B8E5B84001E6242 /* Base */ = {isa = PBXFileReference; lastKnownFileType = file.storyboard; name = Base; path = Base.lproj/LaunchScreen.storyboard; sourceTree = "<group>"; };
		171E0C8B1B8E5B84001E6242 /* Info.plist */ = {isa = PBXFileReference; lastKnownFileType = text.plist.xml; path = Info.plist; sourceTree = "<group>"; };
		A301A75421496992003EA382 /* DocumentTableViewCell.swift */ = {isa = PBXFileReference; lastKnownFileType = sourcecode.swift; path = DocumentTableViewCell.swift; sourceTree = "<group>"; };
		A301A75521496992003EA382 /* DocumentTableViewCell.xib */ = {isa = PBXFileReference; lastKnownFileType = file.xib; path = DocumentTableViewCell.xib; sourceTree = "<group>"; };
		A30D767622BF914B00862224 /* MainTabBarController.swift */ = {isa = PBXFileReference; lastKnownFileType = sourcecode.swift; path = MainTabBarController.swift; sourceTree = "<group>"; };
		A31263E3217B75DC00ACAFA4 /* Base */ = {isa = PBXFileReference; lastKnownFileType = file.xib; name = Base; path = Base.lproj/LoadingBackgroundView.xib; sourceTree = "<group>"; };
		A31263E6217B75E200ACAFA4 /* de */ = {isa = PBXFileReference; lastKnownFileType = text.plist.strings; name = de; path = de.lproj/LoadingBackgroundView.strings; sourceTree = "<group>"; };
		A314A29A225542360099681D /* CustomButton.swift */ = {isa = PBXFileReference; lastKnownFileType = sourcecode.swift; path = CustomButton.swift; sourceTree = "<group>"; };
		A316F36522946ED70099BA26 /* UIViewController.swift */ = {isa = PBXFileReference; lastKnownFileType = sourcecode.swift; path = UIViewController.swift; sourceTree = "<group>"; };
		A32777E321FDD76D0076F68C /* 2017-01-17--tom-tailor-jeans__kleidung_rechnung.pdf */ = {isa = PBXFileReference; lastKnownFileType = image.pdf; path = "2017-01-17--tom-tailor-jeans__kleidung_rechnung.pdf"; sourceTree = "<group>"; };
		A32997CF224826AB000B78D0 /* IAPService_iOS.framework */ = {isa = PBXFileReference; explicitFileType = wrapper.framework; path = IAPService_iOS.framework; sourceTree = BUILT_PRODUCTS_DIR; };
		A335D4BA223D0B3400443A53 /* ArchiveLib.framework */ = {isa = PBXFileReference; explicitFileType = wrapper.framework; path = ArchiveLib.framework; sourceTree = BUILT_PRODUCTS_DIR; };
		A3400DD722688C2100097A3F /* Base */ = {isa = PBXFileReference; lastKnownFileType = file.storyboard; name = Base; path = Base.lproj/TagTab.storyboard; sourceTree = "<group>"; };
		A3400DDC22688C4300097A3F /* Base */ = {isa = PBXFileReference; lastKnownFileType = file.storyboard; name = Base; path = Base.lproj/Archive.storyboard; sourceTree = "<group>"; };
		A3400DDF22688C4A00097A3F /* de */ = {isa = PBXFileReference; lastKnownFileType = text.plist.strings; name = de; path = de.lproj/Archive.strings; sourceTree = "<group>"; };
		A3400DE02268902200097A3F /* BartyCrouch.swift */ = {isa = PBXFileReference; lastKnownFileType = sourcecode.swift; path = BartyCrouch.swift; sourceTree = "<group>"; };
		A34A84F62130A35A0093FAE5 /* DocumentsQuery.swift */ = {isa = PBXFileReference; fileEncoding = 4; lastKnownFileType = sourcecode.swift; path = DocumentsQuery.swift; sourceTree = "<group>"; };
		A34A84F82130A35A0093FAE5 /* ArchiveExtension.swift */ = {isa = PBXFileReference; fileEncoding = 4; lastKnownFileType = sourcecode.swift; path = ArchiveExtension.swift; sourceTree = "<group>"; };
		A34A85012130A3870093FAE5 /* Assets.xcassets */ = {isa = PBXFileReference; lastKnownFileType = folder.assetcatalog; path = Assets.xcassets; sourceTree = "<group>"; };
		A34D8D7A2130A1E200867B65 /* PDFArchiver.entitlements */ = {isa = PBXFileReference; lastKnownFileType = text.plist.entitlements; path = PDFArchiver.entitlements; sourceTree = "<group>"; };
		A34DEF912267699700E12EE5 /* Settings.bundle */ = {isa = PBXFileReference; lastKnownFileType = "wrapper.plug-in"; path = Settings.bundle; sourceTree = "<group>"; };
		A356115E22DE517B00A9092F /* Atomic.swift */ = {isa = PBXFileReference; lastKnownFileType = sourcecode.swift; path = Atomic.swift; sourceTree = "<group>"; };
		A35B7D08235C7239002F7716 /* Config.xcconfig */ = {isa = PBXFileReference; lastKnownFileType = text.xcconfig; path = Config.xcconfig; sourceTree = "<group>"; };
		A361F3C4230B137C00C52F40 /* HairlineConstraint.swift */ = {isa = PBXFileReference; lastKnownFileType = sourcecode.swift; path = HairlineConstraint.swift; sourceTree = "<group>"; };
		A36611BD233FDB460092DB19 /* Log.swift */ = {isa = PBXFileReference; lastKnownFileType = sourcecode.swift; path = Log.swift; sourceTree = "<group>"; };
		A3689777235C754300F429AC /* Configuration.swift */ = {isa = PBXFileReference; lastKnownFileType = sourcecode.swift; path = Configuration.swift; sourceTree = "<group>"; };
		A36AE3A722A70149001D534E /* PlaceholderViewController.swift */ = {isa = PBXFileReference; lastKnownFileType = sourcecode.swift; path = PlaceholderViewController.swift; sourceTree = "<group>"; };
		A378C432221B3929007D1419 /* DocumentService.swift */ = {isa = PBXFileReference; lastKnownFileType = sourcecode.swift; path = DocumentService.swift; sourceTree = "<group>"; };
		A381CF20222F0B5D00FAFA7C /* ImageConverter.swift */ = {isa = PBXFileReference; lastKnownFileType = sourcecode.swift; path = ImageConverter.swift; sourceTree = "<group>"; };
		A388C8262235330F000D52CB /* test-ocr-data.png */ = {isa = PBXFileReference; lastKnownFileType = image.png; path = "test-ocr-data.png"; sourceTree = "<group>"; };
		A389789A2274FD4600DC13B9 /* CustomInputView.swift */ = {isa = PBXFileReference; lastKnownFileType = sourcecode.swift; path = CustomInputView.swift; sourceTree = "<group>"; };
		A38BDC2C2346340D003668C3 /* Base */ = {isa = PBXFileReference; lastKnownFileType = file.xib; name = Base; path = Base.lproj/AboutMeViewController.xib; sourceTree = "<group>"; };
		A38BDC2E2346340D003668C3 /* Base */ = {isa = PBXFileReference; lastKnownFileType = file.storyboard; name = Base; path = Base.lproj/MoreViewController.storyboard; sourceTree = "<group>"; };
		A38BDC3523463BD4003668C3 /* de */ = {isa = PBXFileReference; lastKnownFileType = file.storyboard; name = de; path = de.lproj/MoreViewController.storyboard; sourceTree = "<group>"; };
		A38BDC3623463BE4003668C3 /* de */ = {isa = PBXFileReference; lastKnownFileType = file.xib; name = de; path = de.lproj/AboutMeViewController.xib; sourceTree = "<group>"; };
		A3932823221EF7DC00858461 /* ScanViewController.swift */ = {isa = PBXFileReference; lastKnownFileType = sourcecode.swift; path = ScanViewController.swift; sourceTree = "<group>"; };
		A393A28222A8486000D6DAF9 /* UIAlertController.swift */ = {isa = PBXFileReference; lastKnownFileType = sourcecode.swift; path = UIAlertController.swift; sourceTree = "<group>"; };
		A39942B9228B3ACE00FFC16B /* Constants.swift */ = {isa = PBXFileReference; lastKnownFileType = sourcecode.swift; path = Constants.swift; sourceTree = "<group>"; };
		A39942BD228B422E00FFC16B /* IntroViewController.swift */ = {isa = PBXFileReference; fileEncoding = 4; lastKnownFileType = sourcecode.swift; path = IntroViewController.swift; sourceTree = "<group>"; };
		A39A807721FDEC540099C503 /* 2017-01-17--tom-tailor-jeans__bill_clothes_shopping.pdf */ = {isa = PBXFileReference; lastKnownFileType = image.pdf; path = "2017-01-17--tom-tailor-jeans__bill_clothes_shopping.pdf"; sourceTree = "<group>"; };
		A3A071672253ED660093E7A4 /* TaggingViewController.swift */ = {isa = PBXFileReference; lastKnownFileType = sourcecode.swift; path = TaggingViewController.swift; sourceTree = "<group>"; };
		A3A2A71D22FF4B2400747DDB /* PDFQualityViewController.swift */ = {isa = PBXFileReference; lastKnownFileType = sourcecode.swift; path = PDFQualityViewController.swift; sourceTree = "<group>"; };
		A3A2A72122FF51BF00747DDB /* UserDefaults.swift */ = {isa = PBXFileReference; lastKnownFileType = sourcecode.swift; path = UserDefaults.swift; sourceTree = "<group>"; };
		A3B13782223516B200C91BB1 /* CoreImage.framework */ = {isa = PBXFileReference; lastKnownFileType = wrapper.framework; name = CoreImage.framework; path = System/Library/Frameworks/CoreImage.framework; sourceTree = SDKROOT; };
		A3B57B7A22871F170078F7A4 /* StorageHelper.swift */ = {isa = PBXFileReference; lastKnownFileType = sourcecode.swift; path = StorageHelper.swift; sourceTree = "<group>"; };
		A3B57B7C228720090078F7A4 /* StorageHelper+Paths.swift */ = {isa = PBXFileReference; lastKnownFileType = sourcecode.swift; path = "StorageHelper+Paths.swift"; sourceTree = "<group>"; };
		A3B57B80228720410078F7A4 /* StorageHelper+Errors.swift */ = {isa = PBXFileReference; lastKnownFileType = sourcecode.swift; path = "StorageHelper+Errors.swift"; sourceTree = "<group>"; };
		A3B57B82228750CF0078F7A4 /* FileManager.swift */ = {isa = PBXFileReference; lastKnownFileType = sourcecode.swift; path = FileManager.swift; sourceTree = "<group>"; };
		A3B83716215FCEFA00DA239F /* PDFArchiverUITests.xctest */ = {isa = PBXFileReference; explicitFileType = wrapper.cfbundle; includeInIndex = 0; path = PDFArchiverUITests.xctest; sourceTree = BUILT_PRODUCTS_DIR; };
		A3B83718215FCEFA00DA239F /* PDFArchiverUITests.swift */ = {isa = PBXFileReference; lastKnownFileType = sourcecode.swift; path = PDFArchiverUITests.swift; sourceTree = "<group>"; };
		A3B8371A215FCEFA00DA239F /* Info.plist */ = {isa = PBXFileReference; lastKnownFileType = text.plist.xml; path = Info.plist; sourceTree = "<group>"; };
		A3B83720215FD14A00DA239F /* SnapshotHelper.swift */ = {isa = PBXFileReference; lastKnownFileType = sourcecode.swift; path = SnapshotHelper.swift; sourceTree = "<group>"; };
		A3B83863218CA7640093C374 /* TableSection.swift */ = {isa = PBXFileReference; lastKnownFileType = sourcecode.swift; path = TableSection.swift; sourceTree = "<group>"; };
		A3BCC973217F84DB00C3775E /* PDFArchiverTests.xctest */ = {isa = PBXFileReference; explicitFileType = wrapper.cfbundle; includeInIndex = 0; path = PDFArchiverTests.xctest; sourceTree = BUILT_PRODUCTS_DIR; };
		A3BCC975217F84DB00C3775E /* PDFArchiverTests.swift */ = {isa = PBXFileReference; lastKnownFileType = sourcecode.swift; path = PDFArchiverTests.swift; sourceTree = "<group>"; };
		A3BCC977217F84DB00C3775E /* Info.plist */ = {isa = PBXFileReference; lastKnownFileType = text.plist.xml; path = Info.plist; sourceTree = "<group>"; };
		A3BE7B3222B17651004A1ADE /* de */ = {isa = PBXFileReference; lastKnownFileType = text.plist.strings; name = de; path = de.lproj/TagTab.strings; sourceTree = "<group>"; };
		A3BE7B3522B29AB8004A1ADE /* UIFont.swift */ = {isa = PBXFileReference; lastKnownFileType = sourcecode.swift; path = UIFont.swift; sourceTree = "<group>"; };
		A3BE7B3922B3DE05004A1ADE /* Document.swift */ = {isa = PBXFileReference; lastKnownFileType = sourcecode.swift; path = Document.swift; sourceTree = "<group>"; };
		A3CF79BD22C3FA0A008711E4 /* PDFProcessing.swift */ = {isa = PBXFileReference; lastKnownFileType = sourcecode.swift; path = PDFProcessing.swift; sourceTree = "<group>"; };
		A3D0999722BD15F0003D16E5 /* MoreTableViewController.swift */ = {isa = PBXFileReference; lastKnownFileType = sourcecode.swift; path = MoreTableViewController.swift; sourceTree = "<group>"; };
		A3DBC690224974380048E681 /* IAPService.swift */ = {isa = PBXFileReference; fileEncoding = 4; lastKnownFileType = sourcecode.swift; path = IAPService.swift; sourceTree = "<group>"; };
		A3DC071C22C6C6D10073A877 /* UIImage.swift */ = {isa = PBXFileReference; lastKnownFileType = sourcecode.swift; path = UIImage.swift; sourceTree = "<group>"; };
		A3DFA7262278D9CF00E0F362 /* WSTagsField.swift */ = {isa = PBXFileReference; lastKnownFileType = sourcecode.swift; path = WSTagsField.swift; sourceTree = "<group>"; };
		A3EBFE9721650C65008C34CC /* de */ = {isa = PBXFileReference; lastKnownFileType = text.plist.strings; name = de; path = de.lproj/Main.strings; sourceTree = "<group>"; };
		A3EBFE9D21650F58008C34CC /* de */ = {isa = PBXFileReference; lastKnownFileType = text.plist.strings; name = de; path = de.lproj/Localizable.strings; sourceTree = "<group>"; };
		A3EBFE9F21650F70008C34CC /* en */ = {isa = PBXFileReference; lastKnownFileType = text.plist.strings; name = en; path = en.lproj/Localizable.strings; sourceTree = "<group>"; };
		A3ECBC9522496BA000A626AE /* IAP.swift */ = {isa = PBXFileReference; lastKnownFileType = sourcecode.swift; path = IAP.swift; sourceTree = "<group>"; };
		A3F1C21C2163DCD9002B0141 /* AppStoreReviewRequest.swift */ = {isa = PBXFileReference; lastKnownFileType = sourcecode.swift; path = AppStoreReviewRequest.swift; sourceTree = "<group>"; };
		A3F30D8D221C968E0063D173 /* SplitViewController.swift */ = {isa = PBXFileReference; lastKnownFileType = sourcecode.swift; path = SplitViewController.swift; sourceTree = "<group>"; };
		A3F87E6B22D52EFB00A47710 /* AboutMeViewController.swift */ = {isa = PBXFileReference; lastKnownFileType = sourcecode.swift; path = AboutMeViewController.swift; sourceTree = "<group>"; };
		A3FDD339229457260054FFFC /* PDFViewController.swift */ = {isa = PBXFileReference; lastKnownFileType = sourcecode.swift; path = PDFViewController.swift; sourceTree = "<group>"; };
		A3FDD3412294578D0054FFFC /* DateDescriptionViewController.swift */ = {isa = PBXFileReference; lastKnownFileType = sourcecode.swift; path = DateDescriptionViewController.swift; sourceTree = "<group>"; };
		A3FDD346229459B10054FFFC /* Base */ = {isa = PBXFileReference; lastKnownFileType = file.xib; name = Base; path = Base.lproj/PDFViewController.xib; sourceTree = "<group>"; };
		A3FDD349229459B70054FFFC /* de */ = {isa = PBXFileReference; lastKnownFileType = text.plist.strings; name = de; path = de.lproj/PDFViewController.strings; sourceTree = "<group>"; };
		A3FDD34B229459BD0054FFFC /* Base */ = {isa = PBXFileReference; lastKnownFileType = file.xib; name = Base; path = Base.lproj/DateDescriptionViewController.xib; sourceTree = "<group>"; };
		A3FDD34E229459C00054FFFC /* de */ = {isa = PBXFileReference; lastKnownFileType = text.plist.strings; name = de; path = de.lproj/DateDescriptionViewController.strings; sourceTree = "<group>"; };
		A3FDD350229459C40054FFFC /* Base */ = {isa = PBXFileReference; lastKnownFileType = file.xib; name = Base; path = Base.lproj/TaggingViewController.xib; sourceTree = "<group>"; };
		A3FDD353229459C80054FFFC /* de */ = {isa = PBXFileReference; lastKnownFileType = text.plist.strings; name = de; path = de.lproj/TaggingViewController.strings; sourceTree = "<group>"; };
		A3FDD354229467590054FFFC /* DocumentHandleViewController.swift */ = {isa = PBXFileReference; lastKnownFileType = sourcecode.swift; path = DocumentHandleViewController.swift; sourceTree = "<group>"; };
		A3FDD3562294678A0054FFFC /* DocumentViewController.swift */ = {isa = PBXFileReference; lastKnownFileType = sourcecode.swift; path = DocumentViewController.swift; sourceTree = "<group>"; };
		A3FF639F22478FC10089E66A /* UIColor.swift */ = {isa = PBXFileReference; lastKnownFileType = sourcecode.swift; path = UIColor.swift; sourceTree = "<group>"; };
		A3FF63A92247A39E0089E66A /* StoreKit.framework */ = {isa = PBXFileReference; lastKnownFileType = wrapper.framework; name = StoreKit.framework; path = System/Library/Frameworks/StoreKit.framework; sourceTree = SDKROOT; };
		A3FF63CF2247AF570089E66A /* SubscriptionViewController.swift */ = {isa = PBXFileReference; fileEncoding = 4; lastKnownFileType = sourcecode.swift; path = SubscriptionViewController.swift; sourceTree = "<group>"; };
/* End PBXFileReference section */

/* Begin PBXFrameworksBuildPhase section */
		171E0C771B8E5B84001E6242 /* Frameworks */ = {
			isa = PBXFrameworksBuildPhase;
			buildActionMask = 2147483647;
			files = (
				A3811C0D2346156F00AF6CFA /* WSTagsField in Frameworks */,
				A36611C4233FDDB40092DB19 /* LoggingKit in Frameworks */,
				A35B7D07235C71C8002F7716 /* PaperOnboarding in Frameworks */,
				A3811C0A2346150B00AF6CFA /* SwiftyStoreKit in Frameworks */,
				A35B7D04235C718A002F7716 /* Sentry in Frameworks */,
				A38BDC2323462E34003668C3 /* SkyFloatingLabelTextField in Frameworks */,
				A38BDC26234632F6003668C3 /* ArchiveLib in Frameworks */,
				A3FF63AA2247A39E0089E66A /* StoreKit.framework in Frameworks */,
			);
			runOnlyForDeploymentPostprocessing = 0;
		};
		A3B83713215FCEFA00DA239F /* Frameworks */ = {
			isa = PBXFrameworksBuildPhase;
			buildActionMask = 2147483647;
			files = (
			);
			runOnlyForDeploymentPostprocessing = 0;
		};
		A3BCC970217F84DB00C3775E /* Frameworks */ = {
			isa = PBXFrameworksBuildPhase;
			buildActionMask = 2147483647;
			files = (
			);
			runOnlyForDeploymentPostprocessing = 0;
		};
/* End PBXFrameworksBuildPhase section */

/* Begin PBXGroup section */
		171E0C711B8E5B84001E6242 = {
			isa = PBXGroup;
			children = (
				2C90F6DAB110A4A6FF569E3A /* Frameworks */,
				171E0C7C1B8E5B84001E6242 /* PDFArchiver */,
				A3BCC974217F84DB00C3775E /* PDFArchiverTests */,
				A3B83717215FCEFA00DA239F /* PDFArchiverUITests */,
				171E0C7B1B8E5B84001E6242 /* Products */,
			);
			sourceTree = "<group>";
		};
		171E0C7B1B8E5B84001E6242 /* Products */ = {
			isa = PBXGroup;
			children = (
				171E0C7A1B8E5B84001E6242 /* PDFArchiver.app */,
				A3B83716215FCEFA00DA239F /* PDFArchiverUITests.xctest */,
				A3BCC973217F84DB00C3775E /* PDFArchiverTests.xctest */,
			);
			name = Products;
			sourceTree = "<group>";
		};
		171E0C7C1B8E5B84001E6242 /* PDFArchiver */ = {
			isa = PBXGroup;
			children = (
				171E0C7D1B8E5B84001E6242 /* AppDelegate.swift */,
				A30D767622BF914B00862224 /* MainTabBarController.swift */,
				A3F30D91221C9A030063D173 /* ArchiveTab */,
				A34A84F32130A2A70093FAE5 /* Helpers */,
				A3EBFE9E21650F58008C34CC /* Localizable.strings */,
				171E0C831B8E5B84001E6242 /* Main.storyboard */,
				A3D0999622BD15C7003D16E5 /* MoreTab */,
				A3FECF952130A0220053F2E4 /* Resources */,
				A3F30D90221C99F80063D173 /* ScanTab */,
				A34A84F12130A28A0093FAE5 /* Services */,
				A3FF63A22247A1A60089E66A /* Subscription */,
				A3F30D8F221C99ED0063D173 /* TagTab */,
			);
			path = PDFArchiver;
			sourceTree = "<group>";
		};
		2C90F6DAB110A4A6FF569E3A /* Frameworks */ = {
			isa = PBXGroup;
			children = (
				A32997CF224826AB000B78D0 /* IAPService_iOS.framework */,
				A3FF63A92247A39E0089E66A /* StoreKit.framework */,
				A335D4BA223D0B3400443A53 /* ArchiveLib.framework */,
				A3B13782223516B200C91BB1 /* CoreImage.framework */,
			);
			name = Frameworks;
			sourceTree = "<group>";
		};
		A34A84F12130A28A0093FAE5 /* Services */ = {
			isa = PBXGroup;
			children = (
				A3CF79BC22C3F9F3008711E4 /* PDFRendering */,
				A34A84F82130A35A0093FAE5 /* ArchiveExtension.swift */,
				A34A84F62130A35A0093FAE5 /* DocumentsQuery.swift */,
				A378C432221B3929007D1419 /* DocumentService.swift */,
				A3ECBC9522496BA000A626AE /* IAP.swift */,
			);
			path = Services;
			sourceTree = "<group>";
		};
		A34A84F22130A2900093FAE5 /* Views */ = {
			isa = PBXGroup;
			children = (
				A301A75421496992003EA382 /* DocumentTableViewCell.swift */,
				A301A75521496992003EA382 /* DocumentTableViewCell.xib */,
				A31263E4217B75DC00ACAFA4 /* LoadingBackgroundView.xib */,
			);
			path = Views;
			sourceTree = "<group>";
		};
		A34A84F32130A2A70093FAE5 /* Helpers */ = {
			isa = PBXGroup;
			children = (
				A3F1C21C2163DCD9002B0141 /* AppStoreReviewRequest.swift */,
				A356115E22DE517B00A9092F /* Atomic.swift */,
				A39942B9228B3ACE00FFC16B /* Constants.swift */,
				A314A29A225542360099681D /* CustomButton.swift */,
				A389789A2274FD4600DC13B9 /* CustomInputView.swift */,
				A3BE7B3922B3DE05004A1ADE /* Document.swift */,
				A3B57B82228750CF0078F7A4 /* FileManager.swift */,
				A361F3C4230B137C00C52F40 /* HairlineConstraint.swift */,
				A381CF20222F0B5D00FAFA7C /* ImageConverter.swift */,
				A39942BD228B422E00FFC16B /* IntroViewController.swift */,
				A36611BD233FDB460092DB19 /* Log.swift */,
				A36AE3A722A70149001D534E /* PlaceholderViewController.swift */,
				A3B83863218CA7640093C374 /* TableSection.swift */,
				A393A28222A8486000D6DAF9 /* UIAlertController.swift */,
				A3FF639F22478FC10089E66A /* UIColor.swift */,
				A3BE7B3522B29AB8004A1ADE /* UIFont.swift */,
				A3DC071C22C6C6D10073A877 /* UIImage.swift */,
				A316F36522946ED70099BA26 /* UIViewController.swift */,
				A3A2A72122FF51BF00747DDB /* UserDefaults.swift */,
				A3DFA7262278D9CF00E0F362 /* WSTagsField.swift */,
				A3B57B7E228720240078F7A4 /* Storage */,
				A3689777235C754300F429AC /* Configuration.swift */,
			);
			path = Helpers;
			sourceTree = "<group>";
		};
		A34A84F42130A2CC0093FAE5 /* Controllers */ = {
			isa = PBXGroup;
			children = (
				A3F30D8D221C968E0063D173 /* SplitViewController.swift */,
				171E0C7F1B8E5B84001E6242 /* ArchiveViewController.swift */,
				171E0C811B8E5B84001E6242 /* DetailViewController.swift */,
			);
			path = Controllers;
			sourceTree = "<group>";
		};
		A3B57B7E228720240078F7A4 /* Storage */ = {
			isa = PBXGroup;
			children = (
				A3B57B7A22871F170078F7A4 /* StorageHelper.swift */,
				A3B57B80228720410078F7A4 /* StorageHelper+Errors.swift */,
				A3B57B7C228720090078F7A4 /* StorageHelper+Paths.swift */,
			);
			path = Storage;
			sourceTree = "<group>";
		};
		A3B83717215FCEFA00DA239F /* PDFArchiverUITests */ = {
			isa = PBXGroup;
			children = (
				A3B83718215FCEFA00DA239F /* PDFArchiverUITests.swift */,
				A3B8371A215FCEFA00DA239F /* Info.plist */,
				A3B83720215FD14A00DA239F /* SnapshotHelper.swift */,
			);
			path = PDFArchiverUITests;
			sourceTree = "<group>";
		};
		A3BCC974217F84DB00C3775E /* PDFArchiverTests */ = {
			isa = PBXGroup;
			children = (
				A32777E321FDD76D0076F68C /* 2017-01-17--tom-tailor-jeans__kleidung_rechnung.pdf */,
				A39A807721FDEC540099C503 /* 2017-01-17--tom-tailor-jeans__bill_clothes_shopping.pdf */,
				A388C8262235330F000D52CB /* test-ocr-data.png */,
				A3BCC975217F84DB00C3775E /* PDFArchiverTests.swift */,
				A3BCC977217F84DB00C3775E /* Info.plist */,
			);
			path = PDFArchiverTests;
			sourceTree = "<group>";
		};
		A3CF79BC22C3F9F3008711E4 /* PDFRendering */ = {
			isa = PBXGroup;
			children = (
				A3CF79BD22C3FA0A008711E4 /* PDFProcessing.swift */,
			);
			path = PDFRendering;
			sourceTree = "<group>";
		};
		A3D0999622BD15C7003D16E5 /* MoreTab */ = {
			isa = PBXGroup;
			children = (
				A3F87E6B22D52EFB00A47710 /* AboutMeViewController.swift */,
				A3D0999722BD15F0003D16E5 /* MoreTableViewController.swift */,
				A3A2A71D22FF4B2400747DDB /* PDFQualityViewController.swift */,
				A38BDC2B2346340D003668C3 /* AboutMeViewController.xib */,
				A38BDC2D2346340D003668C3 /* MoreViewController.storyboard */,
			);
			path = MoreTab;
			sourceTree = "<group>";
		};
		A3EF865922982CE400288B8C /* Views */ = {
			isa = PBXGroup;
			children = (
				A3FDD339229457260054FFFC /* PDFViewController.swift */,
				A3FDD347229459B10054FFFC /* PDFViewController.xib */,
				A3FDD3412294578D0054FFFC /* DateDescriptionViewController.swift */,
				A3FDD34C229459BD0054FFFC /* DateDescriptionViewController.xib */,
				A3A071672253ED660093E7A4 /* TaggingViewController.swift */,
				A3FDD351229459C40054FFFC /* TaggingViewController.xib */,
			);
			path = Views;
			sourceTree = "<group>";
		};
		A3F30D8F221C99ED0063D173 /* TagTab */ = {
			isa = PBXGroup;
			children = (
				A3400DD822688C2100097A3F /* TagTab.storyboard */,
				A3FDD354229467590054FFFC /* DocumentHandleViewController.swift */,
				A3FDD3562294678A0054FFFC /* DocumentViewController.swift */,
				A3EF865922982CE400288B8C /* Views */,
			);
			path = TagTab;
			sourceTree = "<group>";
		};
		A3F30D90221C99F80063D173 /* ScanTab */ = {
			isa = PBXGroup;
			children = (
				A3932823221EF7DC00858461 /* ScanViewController.swift */,
			);
			path = ScanTab;
			sourceTree = "<group>";
		};
		A3F30D91221C9A030063D173 /* ArchiveTab */ = {
			isa = PBXGroup;
			children = (
				A3400DDD22688C4300097A3F /* Archive.storyboard */,
				A34A84F22130A2900093FAE5 /* Views */,
				A34A84F42130A2CC0093FAE5 /* Controllers */,
			);
			path = ArchiveTab;
			sourceTree = "<group>";
		};
		A3FECF952130A0220053F2E4 /* Resources */ = {
			isa = PBXGroup;
			children = (
				A34D8D7A2130A1E200867B65 /* PDFArchiver.entitlements */,
				171E0C8B1B8E5B84001E6242 /* Info.plist */,
				171E0C881B8E5B84001E6242 /* LaunchScreen.storyboard */,
				A34A85012130A3870093FAE5 /* Assets.xcassets */,
				A34DEF912267699700E12EE5 /* Settings.bundle */,
				A3400DE02268902200097A3F /* BartyCrouch.swift */,
				A35B7D08235C7239002F7716 /* Config.xcconfig */,
			);
			path = Resources;
			sourceTree = "<group>";
		};
		A3FF63A22247A1A60089E66A /* Subscription */ = {
			isa = PBXGroup;
			children = (
				A3DBC690224974380048E681 /* IAPService.swift */,
				A3FF63CF2247AF570089E66A /* SubscriptionViewController.swift */,
			);
			path = Subscription;
			sourceTree = "<group>";
		};
/* End PBXGroup section */

/* Begin PBXNativeTarget section */
		171E0C791B8E5B84001E6242 /* PDFArchiver */ = {
			isa = PBXNativeTarget;
			buildConfigurationList = 171E0CA41B8E5B84001E6242 /* Build configuration list for PBXNativeTarget "PDFArchiver" */;
			buildPhases = (
				A3B57CD32130C55C000BA17B /* SwiftLint */,
				A3EBFE9921650CB1008C34CC /* BartyCrouch */,
				171E0C761B8E5B84001E6242 /* Sources */,
				171E0C771B8E5B84001E6242 /* Frameworks */,
				171E0C781B8E5B84001E6242 /* Resources */,
				A34DEF932267B25800E12EE5 /* SettingsVersion */,
				A363E85A225D30D3007BE48B /* Embed Frameworks */,
			);
			buildRules = (
			);
			dependencies = (
			);
			name = PDFArchiver;
			packageProductDependencies = (
				A36611C3233FDDB40092DB19 /* LoggingKit */,
				A3811C092346150B00AF6CFA /* SwiftyStoreKit */,
				A3811C0C2346156F00AF6CFA /* WSTagsField */,
				A38BDC2223462E34003668C3 /* SkyFloatingLabelTextField */,
				A38BDC25234632F6003668C3 /* ArchiveLib */,
				A35B7D03235C718A002F7716 /* Sentry */,
				A35B7D06235C71C8002F7716 /* PaperOnboarding */,
			);
			productName = CandySearch;
			productReference = 171E0C7A1B8E5B84001E6242 /* PDFArchiver.app */;
			productType = "com.apple.product-type.application";
		};
		A3B83715215FCEFA00DA239F /* PDFArchiverUITests */ = {
			isa = PBXNativeTarget;
			buildConfigurationList = A3B8371D215FCEFA00DA239F /* Build configuration list for PBXNativeTarget "PDFArchiverUITests" */;
			buildPhases = (
				A3B83712215FCEFA00DA239F /* Sources */,
				A3B83713215FCEFA00DA239F /* Frameworks */,
				A3B83714215FCEFA00DA239F /* Resources */,
			);
			buildRules = (
			);
			dependencies = (
				A3B8371C215FCEFA00DA239F /* PBXTargetDependency */,
			);
			name = PDFArchiverUITests;
			productName = PDFArchiverUITests;
			productReference = A3B83716215FCEFA00DA239F /* PDFArchiverUITests.xctest */;
			productType = "com.apple.product-type.bundle.ui-testing";
		};
		A3BCC972217F84DB00C3775E /* PDFArchiverTests */ = {
			isa = PBXNativeTarget;
			buildConfigurationList = A3BCC97C217F84DB00C3775E /* Build configuration list for PBXNativeTarget "PDFArchiverTests" */;
			buildPhases = (
				A3BCC96F217F84DB00C3775E /* Sources */,
				A3BCC970217F84DB00C3775E /* Frameworks */,
				A3BCC971217F84DB00C3775E /* Resources */,
			);
			buildRules = (
			);
			dependencies = (
				A3BCC979217F84DB00C3775E /* PBXTargetDependency */,
			);
			name = PDFArchiverTests;
			productName = PDFArchiverTests;
			productReference = A3BCC973217F84DB00C3775E /* PDFArchiverTests.xctest */;
			productType = "com.apple.product-type.bundle.unit-test";
		};
/* End PBXNativeTarget section */

/* Begin PBXProject section */
		171E0C721B8E5B84001E6242 /* Project object */ = {
			isa = PBXProject;
			attributes = {
				LastSwiftUpdateCheck = 1000;
				LastUpgradeCheck = 0940;
				ORGANIZATIONNAME = "Julian Kahnert";
				TargetAttributes = {
					171E0C791B8E5B84001E6242 = {
						CreatedOnToolsVersion = 7.0;
						DevelopmentTeam = 87KNVHZ8C7;
						LastSwiftMigration = 1020;
						ProvisioningStyle = Automatic;
						SystemCapabilities = {
							com.apple.InAppPurchase = {
								enabled = 1;
							};
							com.apple.iCloud = {
								enabled = 1;
							};
						};
					};
					A3B83715215FCEFA00DA239F = {
						CreatedOnToolsVersion = 10.0;
						DevelopmentTeam = 87KNVHZ8C7;
						LastSwiftMigration = 1020;
						ProvisioningStyle = Automatic;
						TestTargetID = 171E0C791B8E5B84001E6242;
					};
					A3BCC972217F84DB00C3775E = {
						CreatedOnToolsVersion = 10.0;
						DevelopmentTeam = 87KNVHZ8C7;
						LastSwiftMigration = 1020;
						ProvisioningStyle = Automatic;
						TestTargetID = 171E0C791B8E5B84001E6242;
					};
				};
			};
			buildConfigurationList = 171E0C751B8E5B84001E6242 /* Build configuration list for PBXProject "PDFArchiver" */;
			compatibilityVersion = "Xcode 3.2";
			developmentRegion = en;
			hasScannedForEncodings = 0;
			knownRegions = (
				en,
				Base,
				de,
			);
			mainGroup = 171E0C711B8E5B84001E6242;
			packageReferences = (
				A36611C2233FDDB40092DB19 /* XCRemoteSwiftPackageReference "LoggingKit" */,
				A3811C082346150B00AF6CFA /* XCRemoteSwiftPackageReference "SwiftyStoreKit" */,
				A3811C0B2346156F00AF6CFA /* XCRemoteSwiftPackageReference "WSTagsField" */,
				A38BDC2123462E34003668C3 /* XCRemoteSwiftPackageReference "SkyFloatingLabelTextField" */,
				A38BDC24234632F6003668C3 /* XCRemoteSwiftPackageReference "ArchiveLib" */,
				A35B7D02235C718A002F7716 /* XCRemoteSwiftPackageReference "sentry-cocoa" */,
				A35B7D05235C71C8002F7716 /* XCRemoteSwiftPackageReference "paper-onboarding" */,
			);
			productRefGroup = 171E0C7B1B8E5B84001E6242 /* Products */;
			projectDirPath = "";
			projectRoot = "";
			targets = (
				171E0C791B8E5B84001E6242 /* PDFArchiver */,
				A3B83715215FCEFA00DA239F /* PDFArchiverUITests */,
				A3BCC972217F84DB00C3775E /* PDFArchiverTests */,
			);
		};
/* End PBXProject section */

/* Begin PBXResourcesBuildPhase section */
		171E0C781B8E5B84001E6242 /* Resources */ = {
			isa = PBXResourcesBuildPhase;
			buildActionMask = 2147483647;
			files = (
				A3FDD34A229459BD0054FFFC /* DateDescriptionViewController.xib in Resources */,
				A35B7D09235C723F002F7716 /* Config.xcconfig in Resources */,
				A38BDC2F2346340D003668C3 /* AboutMeViewController.xib in Resources */,
				A301A75721496992003EA382 /* DocumentTableViewCell.xib in Resources */,
				A3EBFE9C21650F58008C34CC /* Localizable.strings in Resources */,
				171E0C8A1B8E5B84001E6242 /* LaunchScreen.storyboard in Resources */,
				A34DEF922267699700E12EE5 /* Settings.bundle in Resources */,
				A34A85022130A3870093FAE5 /* Assets.xcassets in Resources */,
				A3400DDB22688C4300097A3F /* Archive.storyboard in Resources */,
				A3FDD34F229459C40054FFFC /* TaggingViewController.xib in Resources */,
				A3BE7B3122B16EC2004A1ADE /* TagTab.storyboard in Resources */,
				A38BDC302346340D003668C3 /* MoreViewController.storyboard in Resources */,
				A3FDD345229459B10054FFFC /* PDFViewController.xib in Resources */,
				A31263E2217B75DC00ACAFA4 /* LoadingBackgroundView.xib in Resources */,
				171E0C851B8E5B84001E6242 /* Main.storyboard in Resources */,
			);
			runOnlyForDeploymentPostprocessing = 0;
		};
		A3B83714215FCEFA00DA239F /* Resources */ = {
			isa = PBXResourcesBuildPhase;
			buildActionMask = 2147483647;
			files = (
			);
			runOnlyForDeploymentPostprocessing = 0;
		};
		A3BCC971217F84DB00C3775E /* Resources */ = {
			isa = PBXResourcesBuildPhase;
			buildActionMask = 2147483647;
			files = (
				A32777E521FDD76D0076F68C /* 2017-01-17--tom-tailor-jeans__kleidung_rechnung.pdf in Resources */,
				A3645422230C443D002042AC /* test-ocr-data.png in Resources */,
				A39A807A21FDEC540099C503 /* 2017-01-17--tom-tailor-jeans__bill_clothes_shopping.pdf in Resources */,
			);
			runOnlyForDeploymentPostprocessing = 0;
		};
/* End PBXResourcesBuildPhase section */

/* Begin PBXShellScriptBuildPhase section */
		A34DEF932267B25800E12EE5 /* SettingsVersion */ = {
			isa = PBXShellScriptBuildPhase;
			buildActionMask = 2147483647;
			files = (
			);
			inputFileListPaths = (
			);
			inputPaths = (
			);
			name = SettingsVersion;
			outputFileListPaths = (
			);
			outputPaths = (
			);
			runOnlyForDeploymentPostprocessing = 0;
			shellPath = /bin/sh;
			shellScript = "# Source: https://stackoverflow.com/a/39030153\ncd \"${BUILT_PRODUCTS_DIR}\"\nversion=$(/usr/libexec/PlistBuddy -c \"Print CFBundleShortVersionString\" \"${INFOPLIST_PATH}\")\nbuild=$(/usr/libexec/PlistBuddy -c \"Print CFBundleVersion\" \"${INFOPLIST_PATH}\")\n/usr/libexec/PlistBuddy -c \"Set PreferenceSpecifiers:0:DefaultValue $version ($build)\" \"${WRAPPER_NAME}/Settings.bundle/Root.plist\"\n";
		};
		A3B57CD32130C55C000BA17B /* SwiftLint */ = {
			isa = PBXShellScriptBuildPhase;
			buildActionMask = 2147483647;
			files = (
			);
			inputPaths = (
			);
			name = SwiftLint;
			outputPaths = (
			);
			runOnlyForDeploymentPostprocessing = 0;
			shellPath = /bin/sh;
			shellScript = "if which swiftlint >/dev/null; then\n#swiftlint autocorrect\n    swiftlint\nelse\n    echo \"warning: SwiftLint not installed, download from https://github.com/realm/SwiftLint\"\nfi\n";
		};
		A3EBFE9921650CB1008C34CC /* BartyCrouch */ = {
			isa = PBXShellScriptBuildPhase;
			buildActionMask = 2147483647;
			files = (
			);
			inputFileListPaths = (
			);
			inputPaths = (
			);
			name = BartyCrouch;
			outputFileListPaths = (
			);
			outputPaths = (
			);
			runOnlyForDeploymentPostprocessing = 0;
			shellPath = /bin/sh;
			shellScript = "if which bartycrouch > /dev/null; then\n    bartycrouch update -x\n    bartycrouch lint -x\nelse\n    echo \"warning: BartyCrouch not installed, download it from https://github.com/Flinesoft/BartyCrouch\"\nfi\n";
		};
/* End PBXShellScriptBuildPhase section */

/* Begin PBXSourcesBuildPhase section */
		171E0C761B8E5B84001E6242 /* Sources */ = {
			isa = PBXSourcesBuildPhase;
			buildActionMask = 2147483647;
			files = (
				A3FDD355229467590054FFFC /* DocumentHandleViewController.swift in Sources */,
				A3B83864218CA7640093C374 /* TableSection.swift in Sources */,
				A30D767722BF914B00862224 /* MainTabBarController.swift in Sources */,
				A34A84FC2130A35A0093FAE5 /* ArchiveExtension.swift in Sources */,
				A361F3C5230B137C00C52F40 /* HairlineConstraint.swift in Sources */,
				A3400DE12268902200097A3F /* BartyCrouch.swift in Sources */,
				A3ECBC9622496BA000A626AE /* IAP.swift in Sources */,
				A301A75621496992003EA382 /* DocumentTableViewCell.swift in Sources */,
				A39942BA228B3ACE00FFC16B /* Constants.swift in Sources */,
				171E0C821B8E5B84001E6242 /* DetailViewController.swift in Sources */,
				A3DBC695224974380048E681 /* IAPService.swift in Sources */,
				A3F87E6D22D52EFB00A47710 /* AboutMeViewController.swift in Sources */,
				A3BE7B3622B29AB8004A1ADE /* UIFont.swift in Sources */,
				A3A071682253ED660093E7A4 /* TaggingViewController.swift in Sources */,
				A3932824221EF7DC00858461 /* ScanViewController.swift in Sources */,
				A393A28322A8486000D6DAF9 /* UIAlertController.swift in Sources */,
				A3FDD3432294578D0054FFFC /* DateDescriptionViewController.swift in Sources */,
				A316F36622946ED70099BA26 /* UIViewController.swift in Sources */,
				A3CF79BE22C3FA0A008711E4 /* PDFProcessing.swift in Sources */,
				A3FDD33B229457260054FFFC /* PDFViewController.swift in Sources */,
				171E0C801B8E5B84001E6242 /* ArchiveViewController.swift in Sources */,
				A356115F22DE517B00A9092F /* Atomic.swift in Sources */,
				A3B57B83228750CF0078F7A4 /* FileManager.swift in Sources */,
				A3A2A72222FF51BF00747DDB /* UserDefaults.swift in Sources */,
				A36611BE233FDB460092DB19 /* Log.swift in Sources */,
				A3FF63A022478FC10089E66A /* UIColor.swift in Sources */,
				A3B57B7D228720090078F7A4 /* StorageHelper+Paths.swift in Sources */,
				A3B57B81228720410078F7A4 /* StorageHelper+Errors.swift in Sources */,
				A381CF21222F0B5D00FAFA7C /* ImageConverter.swift in Sources */,
				A3FF63D02247AF570089E66A /* SubscriptionViewController.swift in Sources */,
				A378C433221B3929007D1419 /* DocumentService.swift in Sources */,
				A39942BE228B422E00FFC16B /* IntroViewController.swift in Sources */,
				A389789B2274FD4600DC13B9 /* CustomInputView.swift in Sources */,
				171E0C7E1B8E5B84001E6242 /* AppDelegate.swift in Sources */,
				A3689778235C754300F429AC /* Configuration.swift in Sources */,
				A36AE3A822A70149001D534E /* PlaceholderViewController.swift in Sources */,
				A3DC071D22C6C6D10073A877 /* UIImage.swift in Sources */,
				A3B57B7B22871F170078F7A4 /* StorageHelper.swift in Sources */,
				A3A2A71F22FF4B2400747DDB /* PDFQualityViewController.swift in Sources */,
				A34A84FA2130A35A0093FAE5 /* DocumentsQuery.swift in Sources */,
				A3DFA7272278D9CF00E0F362 /* WSTagsField.swift in Sources */,
				A3D0999822BD15F0003D16E5 /* MoreTableViewController.swift in Sources */,
				A314A29B225542360099681D /* CustomButton.swift in Sources */,
				A3BE7B3A22B3DE05004A1ADE /* Document.swift in Sources */,
				A3F1C21D2163DCD9002B0141 /* AppStoreReviewRequest.swift in Sources */,
				A3FDD3572294678A0054FFFC /* DocumentViewController.swift in Sources */,
				A3F30D8E221C968E0063D173 /* SplitViewController.swift in Sources */,
			);
			runOnlyForDeploymentPostprocessing = 0;
		};
		A3B83712215FCEFA00DA239F /* Sources */ = {
			isa = PBXSourcesBuildPhase;
			buildActionMask = 2147483647;
			files = (
				A3490B9B22B5486D00C4BFB3 /* PDFArchiverUITests.swift in Sources */,
				A3B83721215FD14A00DA239F /* SnapshotHelper.swift in Sources */,
			);
			runOnlyForDeploymentPostprocessing = 0;
		};
		A3BCC96F217F84DB00C3775E /* Sources */ = {
			isa = PBXSourcesBuildPhase;
			buildActionMask = 2147483647;
			files = (
				A3BCC976217F84DB00C3775E /* PDFArchiverTests.swift in Sources */,
			);
			runOnlyForDeploymentPostprocessing = 0;
		};
/* End PBXSourcesBuildPhase section */

/* Begin PBXTargetDependency section */
		A3B8371C215FCEFA00DA239F /* PBXTargetDependency */ = {
			isa = PBXTargetDependency;
			target = 171E0C791B8E5B84001E6242 /* PDFArchiver */;
			targetProxy = A3B8371B215FCEFA00DA239F /* PBXContainerItemProxy */;
		};
		A3BCC979217F84DB00C3775E /* PBXTargetDependency */ = {
			isa = PBXTargetDependency;
			target = 171E0C791B8E5B84001E6242 /* PDFArchiver */;
			targetProxy = A3BCC978217F84DB00C3775E /* PBXContainerItemProxy */;
		};
/* End PBXTargetDependency section */

/* Begin PBXVariantGroup section */
		171E0C831B8E5B84001E6242 /* Main.storyboard */ = {
			isa = PBXVariantGroup;
			children = (
				171E0C841B8E5B84001E6242 /* Base */,
				A3EBFE9721650C65008C34CC /* de */,
			);
			name = Main.storyboard;
			sourceTree = "<group>";
		};
		171E0C881B8E5B84001E6242 /* LaunchScreen.storyboard */ = {
			isa = PBXVariantGroup;
			children = (
				171E0C891B8E5B84001E6242 /* Base */,
			);
			name = LaunchScreen.storyboard;
			sourceTree = "<group>";
		};
		A31263E4217B75DC00ACAFA4 /* LoadingBackgroundView.xib */ = {
			isa = PBXVariantGroup;
			children = (
				A31263E3217B75DC00ACAFA4 /* Base */,
				A31263E6217B75E200ACAFA4 /* de */,
			);
			name = LoadingBackgroundView.xib;
			sourceTree = "<group>";
		};
		A3400DD822688C2100097A3F /* TagTab.storyboard */ = {
			isa = PBXVariantGroup;
			children = (
				A3400DD722688C2100097A3F /* Base */,
				A3BE7B3222B17651004A1ADE /* de */,
			);
			name = TagTab.storyboard;
			sourceTree = "<group>";
		};
		A3400DDD22688C4300097A3F /* Archive.storyboard */ = {
			isa = PBXVariantGroup;
			children = (
				A3400DDC22688C4300097A3F /* Base */,
				A3400DDF22688C4A00097A3F /* de */,
			);
			name = Archive.storyboard;
			sourceTree = "<group>";
		};
		A38BDC2B2346340D003668C3 /* AboutMeViewController.xib */ = {
			isa = PBXVariantGroup;
			children = (
				A38BDC2C2346340D003668C3 /* Base */,
				A38BDC3623463BE4003668C3 /* de */,
			);
			name = AboutMeViewController.xib;
			sourceTree = "<group>";
		};
		A38BDC2D2346340D003668C3 /* MoreViewController.storyboard */ = {
			isa = PBXVariantGroup;
			children = (
				A38BDC2E2346340D003668C3 /* Base */,
				A38BDC3523463BD4003668C3 /* de */,
			);
			name = MoreViewController.storyboard;
			sourceTree = "<group>";
		};
		A3EBFE9E21650F58008C34CC /* Localizable.strings */ = {
			isa = PBXVariantGroup;
			children = (
				A3EBFE9D21650F58008C34CC /* de */,
				A3EBFE9F21650F70008C34CC /* en */,
			);
			name = Localizable.strings;
			sourceTree = "<group>";
		};
		A3FDD347229459B10054FFFC /* PDFViewController.xib */ = {
			isa = PBXVariantGroup;
			children = (
				A3FDD346229459B10054FFFC /* Base */,
				A3FDD349229459B70054FFFC /* de */,
			);
			name = PDFViewController.xib;
			sourceTree = "<group>";
		};
		A3FDD34C229459BD0054FFFC /* DateDescriptionViewController.xib */ = {
			isa = PBXVariantGroup;
			children = (
				A3FDD34B229459BD0054FFFC /* Base */,
				A3FDD34E229459C00054FFFC /* de */,
			);
			name = DateDescriptionViewController.xib;
			sourceTree = "<group>";
		};
		A3FDD351229459C40054FFFC /* TaggingViewController.xib */ = {
			isa = PBXVariantGroup;
			children = (
				A3FDD350229459C40054FFFC /* Base */,
				A3FDD353229459C80054FFFC /* de */,
			);
			name = TaggingViewController.xib;
			sourceTree = "<group>";
		};
/* End PBXVariantGroup section */

/* Begin XCBuildConfiguration section */
		171E0CA21B8E5B84001E6242 /* Debug */ = {
			isa = XCBuildConfiguration;
			baseConfigurationReference = A35B7D08235C7239002F7716 /* Config.xcconfig */;
			buildSettings = {
				ALWAYS_SEARCH_USER_PATHS = NO;
				CLANG_ANALYZER_LOCALIZABILITY_NONLOCALIZED = YES;
				CLANG_CXX_LANGUAGE_STANDARD = "gnu++0x";
				CLANG_CXX_LIBRARY = "libc++";
				CLANG_ENABLE_MODULES = YES;
				CLANG_ENABLE_OBJC_ARC = YES;
				CLANG_WARN_BLOCK_CAPTURE_AUTORELEASING = YES;
				CLANG_WARN_BOOL_CONVERSION = YES;
				CLANG_WARN_COMMA = YES;
				CLANG_WARN_CONSTANT_CONVERSION = YES;
				CLANG_WARN_DEPRECATED_OBJC_IMPLEMENTATIONS = YES;
				CLANG_WARN_DIRECT_OBJC_ISA_USAGE = YES_ERROR;
				CLANG_WARN_EMPTY_BODY = YES;
				CLANG_WARN_ENUM_CONVERSION = YES;
				CLANG_WARN_INFINITE_RECURSION = YES;
				CLANG_WARN_INT_CONVERSION = YES;
				CLANG_WARN_NON_LITERAL_NULL_CONVERSION = YES;
				CLANG_WARN_OBJC_IMPLICIT_RETAIN_SELF = YES;
				CLANG_WARN_OBJC_LITERAL_CONVERSION = YES;
				CLANG_WARN_OBJC_ROOT_CLASS = YES_ERROR;
				CLANG_WARN_RANGE_LOOP_ANALYSIS = YES;
				CLANG_WARN_STRICT_PROTOTYPES = YES;
				CLANG_WARN_SUSPICIOUS_MOVE = YES;
				CLANG_WARN_UNREACHABLE_CODE = YES;
				CLANG_WARN__DUPLICATE_METHOD_MATCH = YES;
				"CODE_SIGN_IDENTITY[sdk=iphoneos*]" = "iPhone Developer";
				COPY_PHASE_STRIP = NO;
				DEBUG_INFORMATION_FORMAT = dwarf;
				ENABLE_STRICT_OBJC_MSGSEND = YES;
				ENABLE_TESTABILITY = YES;
				GCC_C_LANGUAGE_STANDARD = gnu99;
				GCC_DYNAMIC_NO_PIC = NO;
				GCC_NO_COMMON_BLOCKS = YES;
				GCC_OPTIMIZATION_LEVEL = 0;
				GCC_PREPROCESSOR_DEFINITIONS = (
					"DEBUG=1",
					"$(inherited)",
				);
				GCC_WARN_64_TO_32_BIT_CONVERSION = YES;
				GCC_WARN_ABOUT_RETURN_TYPE = YES_ERROR;
				GCC_WARN_UNDECLARED_SELECTOR = YES;
				GCC_WARN_UNINITIALIZED_AUTOS = YES_AGGRESSIVE;
				GCC_WARN_UNUSED_FUNCTION = YES;
				GCC_WARN_UNUSED_VARIABLE = YES;
				IPHONEOS_DEPLOYMENT_TARGET = 11.4;
				MTL_ENABLE_DEBUG_INFO = YES;
				ONLY_ACTIVE_ARCH = YES;
				SDKROOT = iphoneos;
				SWIFT_OPTIMIZATION_LEVEL = "-Onone";
				SWIFT_SWIFT3_OBJC_INFERENCE = Off;
				TARGETED_DEVICE_FAMILY = "1,2";
			};
			name = Debug;
		};
		171E0CA31B8E5B84001E6242 /* Release */ = {
			isa = XCBuildConfiguration;
			baseConfigurationReference = A35B7D08235C7239002F7716 /* Config.xcconfig */;
			buildSettings = {
				ALWAYS_SEARCH_USER_PATHS = NO;
				CLANG_ANALYZER_LOCALIZABILITY_NONLOCALIZED = YES;
				CLANG_CXX_LANGUAGE_STANDARD = "gnu++0x";
				CLANG_CXX_LIBRARY = "libc++";
				CLANG_ENABLE_MODULES = YES;
				CLANG_ENABLE_OBJC_ARC = YES;
				CLANG_WARN_BLOCK_CAPTURE_AUTORELEASING = YES;
				CLANG_WARN_BOOL_CONVERSION = YES;
				CLANG_WARN_COMMA = YES;
				CLANG_WARN_CONSTANT_CONVERSION = YES;
				CLANG_WARN_DEPRECATED_OBJC_IMPLEMENTATIONS = YES;
				CLANG_WARN_DIRECT_OBJC_ISA_USAGE = YES_ERROR;
				CLANG_WARN_EMPTY_BODY = YES;
				CLANG_WARN_ENUM_CONVERSION = YES;
				CLANG_WARN_INFINITE_RECURSION = YES;
				CLANG_WARN_INT_CONVERSION = YES;
				CLANG_WARN_NON_LITERAL_NULL_CONVERSION = YES;
				CLANG_WARN_OBJC_IMPLICIT_RETAIN_SELF = YES;
				CLANG_WARN_OBJC_LITERAL_CONVERSION = YES;
				CLANG_WARN_OBJC_ROOT_CLASS = YES_ERROR;
				CLANG_WARN_RANGE_LOOP_ANALYSIS = YES;
				CLANG_WARN_STRICT_PROTOTYPES = YES;
				CLANG_WARN_SUSPICIOUS_MOVE = YES;
				CLANG_WARN_UNREACHABLE_CODE = YES;
				CLANG_WARN__DUPLICATE_METHOD_MATCH = YES;
				"CODE_SIGN_IDENTITY[sdk=iphoneos*]" = "iPhone Developer";
				COPY_PHASE_STRIP = NO;
				DEBUG_INFORMATION_FORMAT = "dwarf-with-dsym";
				ENABLE_NS_ASSERTIONS = NO;
				ENABLE_STRICT_OBJC_MSGSEND = YES;
				GCC_C_LANGUAGE_STANDARD = gnu99;
				GCC_NO_COMMON_BLOCKS = YES;
				GCC_WARN_64_TO_32_BIT_CONVERSION = YES;
				GCC_WARN_ABOUT_RETURN_TYPE = YES_ERROR;
				GCC_WARN_UNDECLARED_SELECTOR = YES;
				GCC_WARN_UNINITIALIZED_AUTOS = YES_AGGRESSIVE;
				GCC_WARN_UNUSED_FUNCTION = YES;
				GCC_WARN_UNUSED_VARIABLE = YES;
				IPHONEOS_DEPLOYMENT_TARGET = 11.4;
				MTL_ENABLE_DEBUG_INFO = NO;
				SDKROOT = iphoneos;
				SWIFT_COMPILATION_MODE = wholemodule;
				SWIFT_OPTIMIZATION_LEVEL = "-O";
				SWIFT_SWIFT3_OBJC_INFERENCE = Off;
				TARGETED_DEVICE_FAMILY = "1,2";
				VALIDATE_PRODUCT = YES;
			};
			name = Release;
		};
		171E0CA51B8E5B84001E6242 /* Debug */ = {
			isa = XCBuildConfiguration;
			buildSettings = {
				ASSETCATALOG_COMPILER_APPICON_NAME = AppIcon;
				CLANG_ENABLE_MODULES = YES;
				CODE_SIGN_ENTITLEMENTS = "$(SRCROOT)/PDFArchiver/Resources/PDFArchiver.entitlements";
				CODE_SIGN_IDENTITY = "iPhone Developer";
				CODE_SIGN_STYLE = Automatic;
				CURRENT_PROJECT_VERSION = 1;
				DEBUG_INFORMATION_FORMAT = "dwarf-with-dsym";
				DEVELOPMENT_TEAM = 87KNVHZ8C7;
				ENABLE_BITCODE = YES;
				FRAMEWORK_SEARCH_PATHS = (
					"$(inherited)",
					"$(PROJECT_DIR)",
				);
				INFOPLIST_FILE = "$(SRCROOT)/PDFArchiver/Resources/Info.plist";
				IPHONEOS_DEPLOYMENT_TARGET = 13.0;
				LD_RUNPATH_SEARCH_PATHS = (
					"$(inherited)",
					"@executable_path/Frameworks",
				);
				LIBRARY_SEARCH_PATHS = "$(inherited)";
				MARKETING_VERSION = 2.1.4;
				OTHER_CFLAGS = "";
				OTHER_LDFLAGS = (
					"$(inherited)",
					"-l\"c++\"",
					"-l\"z\"",
					"-framework",
					"\"Foundation\"",
				);
				OTHER_SWIFT_FLAGS = "$(inherited) -D COCOAPODS -DDEBUG";
				PRODUCT_BUNDLE_IDENTIFIER = de.JulianKahnert.PDFArchiveViewer;
				PRODUCT_NAME = "$(TARGET_NAME)";
				PROVISIONING_PROFILE_SPECIFIER = "";
				SWIFT_OBJC_BRIDGING_HEADER = "";
				SWIFT_OPTIMIZATION_LEVEL = "-Onone";
				SWIFT_VERSION = 5.0;
				TARGETED_DEVICE_FAMILY = "1,2";
			};
			name = Debug;
		};
		171E0CA61B8E5B84001E6242 /* Release */ = {
			isa = XCBuildConfiguration;
			buildSettings = {
				ASSETCATALOG_COMPILER_APPICON_NAME = AppIcon;
				CLANG_ENABLE_MODULES = YES;
				CODE_SIGN_ENTITLEMENTS = "$(SRCROOT)/PDFArchiver/Resources/PDFArchiver.entitlements";
				CODE_SIGN_IDENTITY = "iPhone Developer";
				CODE_SIGN_STYLE = Automatic;
				CURRENT_PROJECT_VERSION = 1;
				DEVELOPMENT_TEAM = 87KNVHZ8C7;
				ENABLE_BITCODE = YES;
				FRAMEWORK_SEARCH_PATHS = (
					"$(inherited)",
					"$(PROJECT_DIR)",
				);
				INFOPLIST_FILE = "$(SRCROOT)/PDFArchiver/Resources/Info.plist";
				IPHONEOS_DEPLOYMENT_TARGET = 13.0;
				LD_RUNPATH_SEARCH_PATHS = (
					"$(inherited)",
					"@executable_path/Frameworks",
				);
				LIBRARY_SEARCH_PATHS = "$(inherited)";
				MARKETING_VERSION = 2.1.4;
				OTHER_CFLAGS = "";
				OTHER_LDFLAGS = (
					"$(inherited)",
					"-l\"c++\"",
					"-l\"z\"",
					"-framework",
					"\"Foundation\"",
				);
				OTHER_SWIFT_FLAGS = "$(inherited) -D COCOAPODS -DRELEASE";
				PRODUCT_BUNDLE_IDENTIFIER = de.JulianKahnert.PDFArchiveViewer;
				PRODUCT_NAME = "$(TARGET_NAME)";
				PROVISIONING_PROFILE_SPECIFIER = "";
				SWIFT_OBJC_BRIDGING_HEADER = "";
				SWIFT_VERSION = 5.0;
				TARGETED_DEVICE_FAMILY = "1,2";
			};
			name = Release;
		};
		A3B8371E215FCEFA00DA239F /* Debug */ = {
			isa = XCBuildConfiguration;
			buildSettings = {
				CLANG_ANALYZER_NONNULL = YES;
				CLANG_ANALYZER_NUMBER_OBJECT_CONVERSION = YES_AGGRESSIVE;
				CLANG_CXX_LANGUAGE_STANDARD = "gnu++14";
				CLANG_ENABLE_MODULES = YES;
				CLANG_ENABLE_OBJC_WEAK = YES;
				CLANG_WARN_DOCUMENTATION_COMMENTS = YES;
				CLANG_WARN_UNGUARDED_AVAILABILITY = YES_AGGRESSIVE;
				CODE_SIGN_IDENTITY = "iPhone Developer";
				CODE_SIGN_STYLE = Automatic;
				DEVELOPMENT_TEAM = 87KNVHZ8C7;
				ENABLE_BITCODE = YES;
				FRAMEWORK_SEARCH_PATHS = (
					"$(inherited)",
					"$(PROJECT_DIR)",
				);
				GCC_C_LANGUAGE_STANDARD = gnu11;
				INFOPLIST_FILE = PDFArchiverUITests/Info.plist;
				IPHONEOS_DEPLOYMENT_TARGET = 12.0;
				LD_RUNPATH_SEARCH_PATHS = (
					"$(inherited)",
					"@executable_path/Frameworks",
					"@loader_path/Frameworks",
				);
				MTL_ENABLE_DEBUG_INFO = INCLUDE_SOURCE;
				MTL_FAST_MATH = YES;
				PRODUCT_BUNDLE_IDENTIFIER = de.juliankahnert.PDFArchiverUITests;
				PRODUCT_NAME = "$(TARGET_NAME)";
				SWIFT_ACTIVE_COMPILATION_CONDITIONS = DEBUG;
				SWIFT_OBJC_BRIDGING_HEADER = "";
				SWIFT_OPTIMIZATION_LEVEL = "-Onone";
				SWIFT_VERSION = 5.0;
				TARGETED_DEVICE_FAMILY = "1,2";
				TEST_TARGET_NAME = PDFArchiver;
			};
			name = Debug;
		};
		A3B8371F215FCEFA00DA239F /* Release */ = {
			isa = XCBuildConfiguration;
			buildSettings = {
				CLANG_ANALYZER_NONNULL = YES;
				CLANG_ANALYZER_NUMBER_OBJECT_CONVERSION = YES_AGGRESSIVE;
				CLANG_CXX_LANGUAGE_STANDARD = "gnu++14";
				CLANG_ENABLE_MODULES = YES;
				CLANG_ENABLE_OBJC_WEAK = YES;
				CLANG_WARN_DOCUMENTATION_COMMENTS = YES;
				CLANG_WARN_UNGUARDED_AVAILABILITY = YES_AGGRESSIVE;
				CODE_SIGN_IDENTITY = "iPhone Developer";
				CODE_SIGN_STYLE = Automatic;
				DEVELOPMENT_TEAM = 87KNVHZ8C7;
				ENABLE_BITCODE = YES;
				FRAMEWORK_SEARCH_PATHS = (
					"$(inherited)",
					"$(PROJECT_DIR)",
				);
				GCC_C_LANGUAGE_STANDARD = gnu11;
				INFOPLIST_FILE = PDFArchiverUITests/Info.plist;
				IPHONEOS_DEPLOYMENT_TARGET = 12.0;
				LD_RUNPATH_SEARCH_PATHS = (
					"$(inherited)",
					"@executable_path/Frameworks",
					"@loader_path/Frameworks",
				);
				MTL_FAST_MATH = YES;
				PRODUCT_BUNDLE_IDENTIFIER = de.juliankahnert.PDFArchiverUITests;
				PRODUCT_NAME = "$(TARGET_NAME)";
				SWIFT_OBJC_BRIDGING_HEADER = "";
				SWIFT_VERSION = 5.0;
				TARGETED_DEVICE_FAMILY = "1,2";
				TEST_TARGET_NAME = PDFArchiver;
			};
			name = Release;
		};
		A3BCC97A217F84DB00C3775E /* Debug */ = {
			isa = XCBuildConfiguration;
			buildSettings = {
				BUNDLE_LOADER = "$(TEST_HOST)";
				CLANG_ANALYZER_NONNULL = YES;
				CLANG_ANALYZER_NUMBER_OBJECT_CONVERSION = YES_AGGRESSIVE;
				CLANG_CXX_LANGUAGE_STANDARD = "gnu++14";
				CLANG_ENABLE_MODULES = YES;
				CLANG_ENABLE_OBJC_WEAK = YES;
				CLANG_WARN_DOCUMENTATION_COMMENTS = YES;
				CLANG_WARN_UNGUARDED_AVAILABILITY = YES_AGGRESSIVE;
				CODE_SIGN_IDENTITY = "iPhone Developer";
				CODE_SIGN_STYLE = Automatic;
				DEVELOPMENT_TEAM = 87KNVHZ8C7;
				ENABLE_BITCODE = YES;
				FRAMEWORK_SEARCH_PATHS = (
					"$(inherited)",
					"$(PROJECT_DIR)",
				);
				GCC_C_LANGUAGE_STANDARD = gnu11;
				INFOPLIST_FILE = PDFArchiverTests/Info.plist;
				IPHONEOS_DEPLOYMENT_TARGET = 12.0;
				LD_RUNPATH_SEARCH_PATHS = (
					"$(inherited)",
					"@executable_path/Frameworks",
					"@loader_path/Frameworks",
				);
				MTL_ENABLE_DEBUG_INFO = INCLUDE_SOURCE;
				MTL_FAST_MATH = YES;
				PRODUCT_BUNDLE_IDENTIFIER = de.juliankahnert.PDFArchiverTests;
				PRODUCT_NAME = "$(TARGET_NAME)";
				SWIFT_ACTIVE_COMPILATION_CONDITIONS = DEBUG;
				SWIFT_OBJC_BRIDGING_HEADER = "";
				SWIFT_OPTIMIZATION_LEVEL = "-Onone";
				SWIFT_VERSION = 5.0;
				TARGETED_DEVICE_FAMILY = "1,2";
				TEST_HOST = "$(BUILT_PRODUCTS_DIR)/PDFArchiver.app/PDFArchiver";
			};
			name = Debug;
		};
		A3BCC97B217F84DB00C3775E /* Release */ = {
			isa = XCBuildConfiguration;
			buildSettings = {
				BUNDLE_LOADER = "$(TEST_HOST)";
				CLANG_ANALYZER_NONNULL = YES;
				CLANG_ANALYZER_NUMBER_OBJECT_CONVERSION = YES_AGGRESSIVE;
				CLANG_CXX_LANGUAGE_STANDARD = "gnu++14";
				CLANG_ENABLE_MODULES = YES;
				CLANG_ENABLE_OBJC_WEAK = YES;
				CLANG_WARN_DOCUMENTATION_COMMENTS = YES;
				CLANG_WARN_UNGUARDED_AVAILABILITY = YES_AGGRESSIVE;
				CODE_SIGN_IDENTITY = "iPhone Developer";
				CODE_SIGN_STYLE = Automatic;
				DEVELOPMENT_TEAM = 87KNVHZ8C7;
				ENABLE_BITCODE = YES;
				FRAMEWORK_SEARCH_PATHS = (
					"$(inherited)",
					"$(PROJECT_DIR)",
				);
				GCC_C_LANGUAGE_STANDARD = gnu11;
				INFOPLIST_FILE = PDFArchiverTests/Info.plist;
				IPHONEOS_DEPLOYMENT_TARGET = 12.0;
				LD_RUNPATH_SEARCH_PATHS = (
					"$(inherited)",
					"@executable_path/Frameworks",
					"@loader_path/Frameworks",
				);
				MTL_FAST_MATH = YES;
				PRODUCT_BUNDLE_IDENTIFIER = de.juliankahnert.PDFArchiverTests;
				PRODUCT_NAME = "$(TARGET_NAME)";
				SWIFT_OBJC_BRIDGING_HEADER = "";
				SWIFT_VERSION = 5.0;
				TARGETED_DEVICE_FAMILY = "1,2";
				TEST_HOST = "$(BUILT_PRODUCTS_DIR)/PDFArchiver.app/PDFArchiver";
			};
			name = Release;
		};
/* End XCBuildConfiguration section */

/* Begin XCConfigurationList section */
		171E0C751B8E5B84001E6242 /* Build configuration list for PBXProject "PDFArchiver" */ = {
			isa = XCConfigurationList;
			buildConfigurations = (
				171E0CA21B8E5B84001E6242 /* Debug */,
				171E0CA31B8E5B84001E6242 /* Release */,
			);
			defaultConfigurationIsVisible = 0;
			defaultConfigurationName = Release;
		};
		171E0CA41B8E5B84001E6242 /* Build configuration list for PBXNativeTarget "PDFArchiver" */ = {
			isa = XCConfigurationList;
			buildConfigurations = (
				171E0CA51B8E5B84001E6242 /* Debug */,
				171E0CA61B8E5B84001E6242 /* Release */,
			);
			defaultConfigurationIsVisible = 0;
			defaultConfigurationName = Release;
		};
		A3B8371D215FCEFA00DA239F /* Build configuration list for PBXNativeTarget "PDFArchiverUITests" */ = {
			isa = XCConfigurationList;
			buildConfigurations = (
				A3B8371E215FCEFA00DA239F /* Debug */,
				A3B8371F215FCEFA00DA239F /* Release */,
			);
			defaultConfigurationIsVisible = 0;
			defaultConfigurationName = Release;
		};
		A3BCC97C217F84DB00C3775E /* Build configuration list for PBXNativeTarget "PDFArchiverTests" */ = {
			isa = XCConfigurationList;
			buildConfigurations = (
				A3BCC97A217F84DB00C3775E /* Debug */,
				A3BCC97B217F84DB00C3775E /* Release */,
			);
			defaultConfigurationIsVisible = 0;
			defaultConfigurationName = Release;
		};
/* End XCConfigurationList section */

/* Begin XCRemoteSwiftPackageReference section */
		A35B7D02235C718A002F7716 /* XCRemoteSwiftPackageReference "sentry-cocoa" */ = {
			isa = XCRemoteSwiftPackageReference;
			repositoryURL = "https://github.com/JonathanDowning/sentry-cocoa";
			requirement = {
				branch = master;
				kind = branch;
			};
		};
		A35B7D05235C71C8002F7716 /* XCRemoteSwiftPackageReference "paper-onboarding" */ = {
			isa = XCRemoteSwiftPackageReference;
			repositoryURL = "https://github.com/Ramotion/paper-onboarding";
			requirement = {
				kind = upToNextMajorVersion;
				minimumVersion = 6.1.4;
			};
		};
		A36611C2233FDDB40092DB19 /* XCRemoteSwiftPackageReference "LoggingKit" */ = {
			isa = XCRemoteSwiftPackageReference;
			repositoryURL = "https://github.com/PDF-Archiver/LoggingKit";
			requirement = {
				branch = master;
				kind = branch;
			};
		};
		A3811C082346150B00AF6CFA /* XCRemoteSwiftPackageReference "SwiftyStoreKit" */ = {
			isa = XCRemoteSwiftPackageReference;
			repositoryURL = "https://github.com/bizz84/SwiftyStoreKit";
			requirement = {
				kind = upToNextMajorVersion;
				minimumVersion = 0.15.0;
			};
		};
		A3811C0B2346156F00AF6CFA /* XCRemoteSwiftPackageReference "WSTagsField" */ = {
			isa = XCRemoteSwiftPackageReference;
			repositoryURL = "https://github.com/whitesmith/WSTagsField";
			requirement = {
				kind = upToNextMajorVersion;
				minimumVersion = 5.1.1;
			};
		};
		A38BDC2123462E34003668C3 /* XCRemoteSwiftPackageReference "SkyFloatingLabelTextField" */ = {
			isa = XCRemoteSwiftPackageReference;
			repositoryURL = "https://github.com/acecilia/SkyFloatingLabelTextField";
			requirement = {
				branch = "feature/swift-package-manager";
				kind = branch;
			};
		};
		A38BDC24234632F6003668C3 /* XCRemoteSwiftPackageReference "ArchiveLib" */ = {
			isa = XCRemoteSwiftPackageReference;
			repositoryURL = "https://github.com/PDF-Archiver/ArchiveLib";
			requirement = {
				kind = upToNextMajorVersion;
				minimumVersion = 2.0.6;
			};
		};
/* End XCRemoteSwiftPackageReference section */

/* Begin XCSwiftPackageProductDependency section */
		A35B7D03235C718A002F7716 /* Sentry */ = {
			isa = XCSwiftPackageProductDependency;
			package = A35B7D02235C718A002F7716 /* XCRemoteSwiftPackageReference "sentry-cocoa" */;
			productName = Sentry;
		};
		A35B7D06235C71C8002F7716 /* PaperOnboarding */ = {
			isa = XCSwiftPackageProductDependency;
			package = A35B7D05235C71C8002F7716 /* XCRemoteSwiftPackageReference "paper-onboarding" */;
			productName = PaperOnboarding;
		};
		A36611C3233FDDB40092DB19 /* LoggingKit */ = {
			isa = XCSwiftPackageProductDependency;
			package = A36611C2233FDDB40092DB19 /* XCRemoteSwiftPackageReference "LoggingKit" */;
			productName = LoggingKit;
		};
		A3811C092346150B00AF6CFA /* SwiftyStoreKit */ = {
			isa = XCSwiftPackageProductDependency;
			package = A3811C082346150B00AF6CFA /* XCRemoteSwiftPackageReference "SwiftyStoreKit" */;
			productName = SwiftyStoreKit;
		};
		A3811C0C2346156F00AF6CFA /* WSTagsField */ = {
			isa = XCSwiftPackageProductDependency;
			package = A3811C0B2346156F00AF6CFA /* XCRemoteSwiftPackageReference "WSTagsField" */;
			productName = WSTagsField;
		};
		A38BDC2223462E34003668C3 /* SkyFloatingLabelTextField */ = {
			isa = XCSwiftPackageProductDependency;
			package = A38BDC2123462E34003668C3 /* XCRemoteSwiftPackageReference "SkyFloatingLabelTextField" */;
			productName = SkyFloatingLabelTextField;
		};
		A38BDC25234632F6003668C3 /* ArchiveLib */ = {
			isa = XCSwiftPackageProductDependency;
			package = A38BDC24234632F6003668C3 /* XCRemoteSwiftPackageReference "ArchiveLib" */;
			productName = ArchiveLib;
		};
/* End XCSwiftPackageProductDependency section */
	};
	rootObject = 171E0C721B8E5B84001E6242 /* Project object */;
}
