// !$*UTF8*$!
{
	archiveVersion = 1;
	classes = {
	};
	objectVersion = 52;
	objects = {

/* Begin PBXBuildFile section */
		171E0C7E1B8E5B84001E6242 /* AppDelegate.swift in Sources */ = {isa = PBXBuildFile; fileRef = 171E0C7D1B8E5B84001E6242 /* AppDelegate.swift */; };
		171E0C8A1B8E5B84001E6242 /* LaunchScreen.storyboard in Resources */ = {isa = PBXBuildFile; fileRef = 171E0C881B8E5B84001E6242 /* LaunchScreen.storyboard */; };
		3494D098248C2B7F00CF55E3 /* WidthSyncedRow.swift in Sources */ = {isa = PBXBuildFile; fileRef = 3494D097248C2B7F00CF55E3 /* WidthSyncedRow.swift */; };
		3494D09A248C2BA800CF55E3 /* SubscriptionButtonStyle.swift in Sources */ = {isa = PBXBuildFile; fileRef = 3494D099248C2BA800CF55E3 /* SubscriptionButtonStyle.swift */; };
		A302929B2401CFDA006ACE12 /* Stack.swift in Sources */ = {isa = PBXBuildFile; fileRef = A302929A2401CFDA006ACE12 /* Stack.swift */; };
		A302929F2405B79C006ACE12 /* OrientationInfo.swift in Sources */ = {isa = PBXBuildFile; fileRef = A302929E2405B79C006ACE12 /* OrientationInfo.swift */; };
		A30A4B05237366F8001843B1 /* LaunchTests.swift in Sources */ = {isa = PBXBuildFile; fileRef = A30A4B04237366F8001843B1 /* LaunchTests.swift */; };
		A30CB4172368D6C700D3063E /* DocumentView.swift in Sources */ = {isa = PBXBuildFile; fileRef = A30CB4162368D6C700D3063E /* DocumentView.swift */; };
		A30CB439236978E400D3063E /* SceneDelegate.swift in Sources */ = {isa = PBXBuildFile; fileRef = A30CB438236978E300D3063E /* SceneDelegate.swift */; };
		A30CB43B2369792900D3063E /* MainTabView.swift in Sources */ = {isa = PBXBuildFile; fileRef = A30CB43A2369792900D3063E /* MainTabView.swift */; };
		A30CB43D23697C1800D3063E /* MainTabViewModel.swift in Sources */ = {isa = PBXBuildFile; fileRef = A30CB43C23697C1800D3063E /* MainTabViewModel.swift */; };
		A30D767722BF914B00862224 /* MainTabBarController.swift in Sources */ = {isa = PBXBuildFile; fileRef = A30D767622BF914B00862224 /* MainTabBarController.swift */; };
		A31B3C4023849E1E0066CB86 /* SwiftUIX in Frameworks */ = {isa = PBXBuildFile; productRef = A31B3C3F23849E1E0066CB86 /* SwiftUIX */; };
		A31B3C422384A8660066CB86 /* Alert.swift in Sources */ = {isa = PBXBuildFile; fileRef = A31B3C412384A8660066CB86 /* Alert.swift */; };
		A31B3C442384A8EC0066CB86 /* AlertViewModel.swift in Sources */ = {isa = PBXBuildFile; fileRef = A31B3C432384A8EC0066CB86 /* AlertViewModel.swift */; };
		A32777E521FDD76D0076F68C /* 2017-01-17--tom-tailor-jeans__kleidung_rechnung.pdf in Resources */ = {isa = PBXBuildFile; fileRef = A32777E321FDD76D0076F68C /* 2017-01-17--tom-tailor-jeans__kleidung_rechnung.pdf */; };
		A328CF39237BF2E4003D60AD /* MoreTabView.swift in Sources */ = {isa = PBXBuildFile; fileRef = A328CF38237BF2E4003D60AD /* MoreTabView.swift */; };
		A328CF3B237C3597003D60AD /* MoreTabViewModel.swift in Sources */ = {isa = PBXBuildFile; fileRef = A328CF3A237C3597003D60AD /* MoreTabViewModel.swift */; };
		A328CF3D237C3C8E003D60AD /* SupportMailView.swift in Sources */ = {isa = PBXBuildFile; fileRef = A328CF3C237C3C8E003D60AD /* SupportMailView.swift */; };
		A328CF40237C4C6F003D60AD /* AboutMeView.swift in Sources */ = {isa = PBXBuildFile; fileRef = A328CF3F237C4C6F003D60AD /* AboutMeView.swift */; };
		A328CF44237C5152003D60AD /* DetailRowView.swift in Sources */ = {isa = PBXBuildFile; fileRef = A328CF43237C5152003D60AD /* DetailRowView.swift */; };
		A328CF4E237CAECA003D60AD /* IAPViewModel.swift in Sources */ = {isa = PBXBuildFile; fileRef = A328CF4D237CAECA003D60AD /* IAPViewModel.swift */; };
		A328CF50237CAF29003D60AD /* IAPView.swift in Sources */ = {isa = PBXBuildFile; fileRef = A328CF4F237CAF29003D60AD /* IAPView.swift */; };
		A328CF53237CB161003D60AD /* FilledButtonStyle.swift in Sources */ = {isa = PBXBuildFile; fileRef = A328CF52237CB161003D60AD /* FilledButtonStyle.swift */; };
		A334A646236E163A004D960C /* TagTabView.swift in Sources */ = {isa = PBXBuildFile; fileRef = A334A645236E163A004D960C /* TagTabView.swift */; };
		A334A648236E1DE4004D960C /* ScanTabViewModel.swift in Sources */ = {isa = PBXBuildFile; fileRef = A334A647236E1DE4004D960C /* ScanTabViewModel.swift */; };
		A33EC92B236E3CCA00471F98 /* TagTabViewModel.swift in Sources */ = {isa = PBXBuildFile; fileRef = A33EC92A236E3CCA00471F98 /* TagTabViewModel.swift */; };
		A33EC92D236E403A00471F98 /* TagListView.swift in Sources */ = {isa = PBXBuildFile; fileRef = A33EC92C236E403A00471F98 /* TagListView.swift */; };
		A3490B9B22B5486D00C4BFB3 /* PDFArchiverUITests.swift in Sources */ = {isa = PBXBuildFile; fileRef = A3B83718215FCEFA00DA239F /* PDFArchiverUITests.swift */; };
		A34A84FA2130A35A0093FAE5 /* DocumentsQuery.swift in Sources */ = {isa = PBXBuildFile; fileRef = A34A84F62130A35A0093FAE5 /* DocumentsQuery.swift */; };
		A34A84FC2130A35A0093FAE5 /* ArchiveExtension.swift in Sources */ = {isa = PBXBuildFile; fileRef = A34A84F82130A35A0093FAE5 /* ArchiveExtension.swift */; };
		A34A85022130A3870093FAE5 /* Assets.xcassets in Resources */ = {isa = PBXBuildFile; fileRef = A34A85012130A3870093FAE5 /* Assets.xcassets */; };
		A34DEF922267699700E12EE5 /* Settings.bundle in Resources */ = {isa = PBXBuildFile; fileRef = A34DEF912267699700E12EE5 /* Settings.bundle */; };
		A356115F22DE517B00A9092F /* Atomic.swift in Sources */ = {isa = PBXBuildFile; fileRef = A356115E22DE517B00A9092F /* Atomic.swift */; };
		A356DF78237DE69400CAD132 /* IntroView.swift in Sources */ = {isa = PBXBuildFile; fileRef = A356DF77237DE69400CAD132 /* IntroView.swift */; };
		A356DF7B237DF1C000CAD132 /* PlaceholderView.swift in Sources */ = {isa = PBXBuildFile; fileRef = A356DF7A237DF1C000CAD132 /* PlaceholderView.swift */; };
		A35B7D07235C71C8002F7716 /* PaperOnboarding in Frameworks */ = {isa = PBXBuildFile; productRef = A35B7D06235C71C8002F7716 /* PaperOnboarding */; };
		A3645422230C443D002042AC /* test-ocr-data.png in Resources */ = {isa = PBXBuildFile; fileRef = A388C8262235330F000D52CB /* test-ocr-data.png */; };
		A36611BE233FDB460092DB19 /* Log.swift in Sources */ = {isa = PBXBuildFile; fileRef = A36611BD233FDB460092DB19 /* Log.swift */; };
		A36611C4233FDDB40092DB19 /* LoggingKit in Frameworks */ = {isa = PBXBuildFile; productRef = A36611C3233FDDB40092DB19 /* LoggingKit */; };
		A3689778235C754300F429AC /* Configuration.swift in Sources */ = {isa = PBXBuildFile; fileRef = A3689777235C754300F429AC /* Configuration.swift */; };
		A36C42C22365E3F000F379FE /* ArchiveView.swift in Sources */ = {isa = PBXBuildFile; fileRef = A36C42C12365E3F000F379FE /* ArchiveView.swift */; };
		A36C42C42365E3FB00F379FE /* ArchiveViewModel.swift in Sources */ = {isa = PBXBuildFile; fileRef = A36C42C32365E3FB00F379FE /* ArchiveViewModel.swift */; };
		A36C42C62365E43D00F379FE /* SearchField.swift in Sources */ = {isa = PBXBuildFile; fileRef = A36C42C52365E43D00F379FE /* SearchField.swift */; };
		A3766063238F851F00840CFB /* ClearButton.swift in Sources */ = {isa = PBXBuildFile; fileRef = A3766062238F851F00840CFB /* ClearButton.swift */; };
		A377C907236E07CD000877EA /* DocumentCameraView.swift in Sources */ = {isa = PBXBuildFile; fileRef = A377C906236E07CD000877EA /* DocumentCameraView.swift */; };
		A378C433221B3929007D1419 /* DocumentService.swift in Sources */ = {isa = PBXBuildFile; fileRef = A378C432221B3929007D1419 /* DocumentService.swift */; };
		A3811C0A2346150B00AF6CFA /* SwiftyStoreKit in Frameworks */ = {isa = PBXBuildFile; productRef = A3811C092346150B00AF6CFA /* SwiftyStoreKit */; };
		A381CF21222F0B5D00FAFA7C /* ImageConverter.swift in Sources */ = {isa = PBXBuildFile; fileRef = A381CF20222F0B5D00FAFA7C /* ImageConverter.swift */; };
		A387EFED23786FE2003FB3B7 /* CustomTextField.swift in Sources */ = {isa = PBXBuildFile; fileRef = A387EFEC23786FE2003FB3B7 /* CustomTextField.swift */; };
		A387EFEF237879EB003FB3B7 /* TagView.swift in Sources */ = {isa = PBXBuildFile; fileRef = A387EFEE237879EB003FB3B7 /* TagView.swift */; };
		A387EFF123788442003FB3B7 /* CustomDatePicker.swift in Sources */ = {isa = PBXBuildFile; fileRef = A387EFF023788442003FB3B7 /* CustomDatePicker.swift */; };
		A387EFF32378BE19003FB3B7 /* View.swift in Sources */ = {isa = PBXBuildFile; fileRef = A387EFF22378BE19003FB3B7 /* View.swift */; };
		A38BDC26234632F6003668C3 /* ArchiveLib in Frameworks */ = {isa = PBXBuildFile; productRef = A38BDC25234632F6003668C3 /* ArchiveLib */; };
		A393DEF0239C0E1E00266FB6 /* Diagnostics in Frameworks */ = {isa = PBXBuildFile; productRef = A393DEEF239C0E1E00266FB6 /* Diagnostics */; };
		A394E4C1236A2B6100C81CC2 /* Notification.swift in Sources */ = {isa = PBXBuildFile; fileRef = A394E4C0236A2B6100C81CC2 /* Notification.swift */; };
		A394E4C5236A350000C81CC2 /* DocumentViewModel.swift in Sources */ = {isa = PBXBuildFile; fileRef = A394E4C4236A350000C81CC2 /* DocumentViewModel.swift */; };
		A394E4C7236A462500C81CC2 /* DocumentDetailView.swift in Sources */ = {isa = PBXBuildFile; fileRef = A394E4C6236A462500C81CC2 /* DocumentDetailView.swift */; };
		A394E4C9236A463C00C81CC2 /* DocumentDetailViewModel.swift in Sources */ = {isa = PBXBuildFile; fileRef = A394E4C8236A463C00C81CC2 /* DocumentDetailViewModel.swift */; };
		A394E4CB236A519300C81CC2 /* PDFCustomView.swift in Sources */ = {isa = PBXBuildFile; fileRef = A394E4CA236A519300C81CC2 /* PDFCustomView.swift */; };
		A394E4CF236A5F9300C81CC2 /* ScanTabView.swift in Sources */ = {isa = PBXBuildFile; fileRef = A394E4CE236A5F9300C81CC2 /* ScanTabView.swift */; };
		A39942BA228B3ACE00FFC16B /* Constants.swift in Sources */ = {isa = PBXBuildFile; fileRef = A39942B9228B3ACE00FFC16B /* Constants.swift */; };
		A39942BE228B422E00FFC16B /* IntroViewController.swift in Sources */ = {isa = PBXBuildFile; fileRef = A39942BD228B422E00FFC16B /* IntroViewController.swift */; };
		A39A807A21FDEC540099C503 /* 2017-01-17--tom-tailor-jeans__bill_clothes_shopping.pdf in Resources */ = {isa = PBXBuildFile; fileRef = A39A807721FDEC540099C503 /* 2017-01-17--tom-tailor-jeans__bill_clothes_shopping.pdf */; };
		A39B0EE72399A58D002624D1 /* Sentry in Frameworks */ = {isa = PBXBuildFile; productRef = A39B0EE62399A58D002624D1 /* Sentry */; };
		A39B0EEA2399A94C002624D1 /* KeyboardObserving in Frameworks */ = {isa = PBXBuildFile; productRef = A39B0EE92399A94C002624D1 /* KeyboardObserving */; };
		A3A0FD952389E145002C9D6E /* ActivityView.swift in Sources */ = {isa = PBXBuildFile; fileRef = A3A0FD942389E145002C9D6E /* ActivityView.swift */; };
		A3A0FD97238C7803002C9D6E /* LoadingView.swift in Sources */ = {isa = PBXBuildFile; fileRef = A3A0FD96238C7803002C9D6E /* LoadingView.swift */; };
		A3A2A72222FF51BF00747DDB /* UserDefaults.swift in Sources */ = {isa = PBXBuildFile; fileRef = A3A2A72122FF51BF00747DDB /* UserDefaults.swift */; };
		A3B57B7B22871F170078F7A4 /* StorageHelper.swift in Sources */ = {isa = PBXBuildFile; fileRef = A3B57B7A22871F170078F7A4 /* StorageHelper.swift */; };
		A3B57B7D228720090078F7A4 /* StorageHelper+Paths.swift in Sources */ = {isa = PBXBuildFile; fileRef = A3B57B7C228720090078F7A4 /* StorageHelper+Paths.swift */; };
		A3B57B81228720410078F7A4 /* StorageHelper+Errors.swift in Sources */ = {isa = PBXBuildFile; fileRef = A3B57B80228720410078F7A4 /* StorageHelper+Errors.swift */; };
		A3B57B83228750CF0078F7A4 /* FileManager.swift in Sources */ = {isa = PBXBuildFile; fileRef = A3B57B82228750CF0078F7A4 /* FileManager.swift */; };
		A3B83721215FD14A00DA239F /* SnapshotHelper.swift in Sources */ = {isa = PBXBuildFile; fileRef = A3B83720215FD14A00DA239F /* SnapshotHelper.swift */; };
		A3BCC976217F84DB00C3775E /* PDFArchiverTests.swift in Sources */ = {isa = PBXBuildFile; fileRef = A3BCC975217F84DB00C3775E /* PDFArchiverTests.swift */; };
		A3BE7B3622B29AB8004A1ADE /* UIFont.swift in Sources */ = {isa = PBXBuildFile; fileRef = A3BE7B3522B29AB8004A1ADE /* UIFont.swift */; };
		A3BE7B3A22B3DE05004A1ADE /* Document.swift in Sources */ = {isa = PBXBuildFile; fileRef = A3BE7B3922B3DE05004A1ADE /* Document.swift */; };
		A3CF79BE22C3FA0A008711E4 /* PDFProcessing.swift in Sources */ = {isa = PBXBuildFile; fileRef = A3CF79BD22C3FA0A008711E4 /* PDFProcessing.swift */; };
		A3DBC695224974380048E681 /* IAPService.swift in Sources */ = {isa = PBXBuildFile; fileRef = A3DBC690224974380048E681 /* IAPService.swift */; };
		A3DC071D22C6C6D10073A877 /* UIImage.swift in Sources */ = {isa = PBXBuildFile; fileRef = A3DC071C22C6C6D10073A877 /* UIImage.swift */; };
		A3EBFE9C21650F58008C34CC /* Localizable.strings in Resources */ = {isa = PBXBuildFile; fileRef = A3EBFE9E21650F58008C34CC /* Localizable.strings */; };
		A3ECBC9622496BA000A626AE /* IAP.swift in Sources */ = {isa = PBXBuildFile; fileRef = A3ECBC9522496BA000A626AE /* IAP.swift */; };
		A3ECF3102408668D00A7F9D2 /* String.swift in Sources */ = {isa = PBXBuildFile; fileRef = A3ECF30F2408668D00A7F9D2 /* String.swift */; };
		A3ECF3122408694C00A7F9D2 /* KeyCommandHostingController.swift in Sources */ = {isa = PBXBuildFile; fileRef = A3ECF3112408694C00A7F9D2 /* KeyCommandHostingController.swift */; };
		A3F1C21D2163DCD9002B0141 /* AppStoreReviewRequest.swift in Sources */ = {isa = PBXBuildFile; fileRef = A3F1C21C2163DCD9002B0141 /* AppStoreReviewRequest.swift */; };
		A3FF63A022478FC10089E66A /* UIColor.swift in Sources */ = {isa = PBXBuildFile; fileRef = A3FF639F22478FC10089E66A /* UIColor.swift */; };
		A3FF63AA2247A39E0089E66A /* StoreKit.framework in Frameworks */ = {isa = PBXBuildFile; fileRef = A3FF63A92247A39E0089E66A /* StoreKit.framework */; };
/* End PBXBuildFile section */

/* Begin PBXContainerItemProxy section */
		A3B8371B215FCEFA00DA239F /* PBXContainerItemProxy */ = {
			isa = PBXContainerItemProxy;
			containerPortal = 171E0C721B8E5B84001E6242 /* Project object */;
			proxyType = 1;
			remoteGlobalIDString = 171E0C791B8E5B84001E6242;
			remoteInfo = PDFArchiver;
		};
		A3BCC978217F84DB00C3775E /* PBXContainerItemProxy */ = {
			isa = PBXContainerItemProxy;
			containerPortal = 171E0C721B8E5B84001E6242 /* Project object */;
			proxyType = 1;
			remoteGlobalIDString = 171E0C791B8E5B84001E6242;
			remoteInfo = PDFArchiver;
		};
/* End PBXContainerItemProxy section */

/* Begin PBXCopyFilesBuildPhase section */
		A363E85A225D30D3007BE48B /* Embed Frameworks */ = {
			isa = PBXCopyFilesBuildPhase;
			buildActionMask = 2147483647;
			dstPath = "";
			dstSubfolderSpec = 10;
			files = (
			);
			name = "Embed Frameworks";
			runOnlyForDeploymentPostprocessing = 0;
		};
		A394E4BF236A291E00C81CC2 /* Embed App Extensions */ = {
			isa = PBXCopyFilesBuildPhase;
			buildActionMask = 2147483647;
			dstPath = "";
			dstSubfolderSpec = 13;
			files = (
			);
			name = "Embed App Extensions";
			runOnlyForDeploymentPostprocessing = 0;
		};
/* End PBXCopyFilesBuildPhase section */

/* Begin PBXFileReference section */
		171E0C7A1B8E5B84001E6242 /* PDFArchiver.app */ = {isa = PBXFileReference; explicitFileType = wrapper.application; includeInIndex = 0; path = PDFArchiver.app; sourceTree = BUILT_PRODUCTS_DIR; };
		171E0C7D1B8E5B84001E6242 /* AppDelegate.swift */ = {isa = PBXFileReference; lastKnownFileType = sourcecode.swift; path = AppDelegate.swift; sourceTree = "<group>"; };
		171E0C891B8E5B84001E6242 /* Base */ = {isa = PBXFileReference; lastKnownFileType = file.storyboard; name = Base; path = Base.lproj/LaunchScreen.storyboard; sourceTree = "<group>"; };
		171E0C8B1B8E5B84001E6242 /* Info.plist */ = {isa = PBXFileReference; lastKnownFileType = text.plist.xml; path = Info.plist; sourceTree = "<group>"; };
		3494D097248C2B7F00CF55E3 /* WidthSyncedRow.swift */ = {isa = PBXFileReference; lastKnownFileType = sourcecode.swift; path = WidthSyncedRow.swift; sourceTree = "<group>"; };
		3494D099248C2BA800CF55E3 /* SubscriptionButtonStyle.swift */ = {isa = PBXFileReference; lastKnownFileType = sourcecode.swift; path = SubscriptionButtonStyle.swift; sourceTree = "<group>"; };
		A302929A2401CFDA006ACE12 /* Stack.swift */ = {isa = PBXFileReference; lastKnownFileType = sourcecode.swift; path = Stack.swift; sourceTree = "<group>"; };
		A302929E2405B79C006ACE12 /* OrientationInfo.swift */ = {isa = PBXFileReference; lastKnownFileType = sourcecode.swift; path = OrientationInfo.swift; sourceTree = "<group>"; };
		A30A4B04237366F8001843B1 /* LaunchTests.swift */ = {isa = PBXFileReference; lastKnownFileType = sourcecode.swift; path = LaunchTests.swift; sourceTree = "<group>"; };
		A30CB4162368D6C700D3063E /* DocumentView.swift */ = {isa = PBXFileReference; lastKnownFileType = sourcecode.swift; path = DocumentView.swift; sourceTree = "<group>"; };
		A30CB438236978E300D3063E /* SceneDelegate.swift */ = {isa = PBXFileReference; lastKnownFileType = sourcecode.swift; path = SceneDelegate.swift; sourceTree = "<group>"; };
		A30CB43A2369792900D3063E /* MainTabView.swift */ = {isa = PBXFileReference; lastKnownFileType = sourcecode.swift; path = MainTabView.swift; sourceTree = "<group>"; };
		A30CB43C23697C1800D3063E /* MainTabViewModel.swift */ = {isa = PBXFileReference; lastKnownFileType = sourcecode.swift; path = MainTabViewModel.swift; sourceTree = "<group>"; };
		A30D767622BF914B00862224 /* MainTabBarController.swift */ = {isa = PBXFileReference; lastKnownFileType = sourcecode.swift; path = MainTabBarController.swift; sourceTree = "<group>"; };
		A31B3C412384A8660066CB86 /* Alert.swift */ = {isa = PBXFileReference; lastKnownFileType = sourcecode.swift; path = Alert.swift; sourceTree = "<group>"; };
		A31B3C432384A8EC0066CB86 /* AlertViewModel.swift */ = {isa = PBXFileReference; lastKnownFileType = sourcecode.swift; path = AlertViewModel.swift; sourceTree = "<group>"; };
		A32777E321FDD76D0076F68C /* 2017-01-17--tom-tailor-jeans__kleidung_rechnung.pdf */ = {isa = PBXFileReference; lastKnownFileType = image.pdf; path = "2017-01-17--tom-tailor-jeans__kleidung_rechnung.pdf"; sourceTree = "<group>"; };
		A328CF38237BF2E4003D60AD /* MoreTabView.swift */ = {isa = PBXFileReference; lastKnownFileType = sourcecode.swift; path = MoreTabView.swift; sourceTree = "<group>"; };
		A328CF3A237C3597003D60AD /* MoreTabViewModel.swift */ = {isa = PBXFileReference; lastKnownFileType = sourcecode.swift; path = MoreTabViewModel.swift; sourceTree = "<group>"; };
		A328CF3C237C3C8E003D60AD /* SupportMailView.swift */ = {isa = PBXFileReference; lastKnownFileType = sourcecode.swift; path = SupportMailView.swift; sourceTree = "<group>"; };
		A328CF3F237C4C6F003D60AD /* AboutMeView.swift */ = {isa = PBXFileReference; lastKnownFileType = sourcecode.swift; path = AboutMeView.swift; sourceTree = "<group>"; };
		A328CF43237C5152003D60AD /* DetailRowView.swift */ = {isa = PBXFileReference; fileEncoding = 4; lastKnownFileType = sourcecode.swift; path = DetailRowView.swift; sourceTree = "<group>"; };
		A328CF4D237CAECA003D60AD /* IAPViewModel.swift */ = {isa = PBXFileReference; lastKnownFileType = sourcecode.swift; path = IAPViewModel.swift; sourceTree = "<group>"; };
		A328CF4F237CAF29003D60AD /* IAPView.swift */ = {isa = PBXFileReference; lastKnownFileType = sourcecode.swift; path = IAPView.swift; sourceTree = "<group>"; };
		A328CF52237CB161003D60AD /* FilledButtonStyle.swift */ = {isa = PBXFileReference; lastKnownFileType = sourcecode.swift; path = FilledButtonStyle.swift; sourceTree = "<group>"; };
		A32997CF224826AB000B78D0 /* IAPService_iOS.framework */ = {isa = PBXFileReference; explicitFileType = wrapper.framework; path = IAPService_iOS.framework; sourceTree = BUILT_PRODUCTS_DIR; };
		A334A645236E163A004D960C /* TagTabView.swift */ = {isa = PBXFileReference; lastKnownFileType = sourcecode.swift; path = TagTabView.swift; sourceTree = "<group>"; };
		A334A647236E1DE4004D960C /* ScanTabViewModel.swift */ = {isa = PBXFileReference; lastKnownFileType = sourcecode.swift; path = ScanTabViewModel.swift; sourceTree = "<group>"; };
		A335D4BA223D0B3400443A53 /* ArchiveLib.framework */ = {isa = PBXFileReference; explicitFileType = wrapper.framework; path = ArchiveLib.framework; sourceTree = BUILT_PRODUCTS_DIR; };
		A33EC92A236E3CCA00471F98 /* TagTabViewModel.swift */ = {isa = PBXFileReference; lastKnownFileType = sourcecode.swift; path = TagTabViewModel.swift; sourceTree = "<group>"; };
		A33EC92C236E403A00471F98 /* TagListView.swift */ = {isa = PBXFileReference; lastKnownFileType = sourcecode.swift; path = TagListView.swift; sourceTree = "<group>"; };
		A34A84F62130A35A0093FAE5 /* DocumentsQuery.swift */ = {isa = PBXFileReference; fileEncoding = 4; lastKnownFileType = sourcecode.swift; path = DocumentsQuery.swift; sourceTree = "<group>"; };
		A34A84F82130A35A0093FAE5 /* ArchiveExtension.swift */ = {isa = PBXFileReference; fileEncoding = 4; lastKnownFileType = sourcecode.swift; path = ArchiveExtension.swift; sourceTree = "<group>"; };
		A34A85012130A3870093FAE5 /* Assets.xcassets */ = {isa = PBXFileReference; lastKnownFileType = folder.assetcatalog; path = Assets.xcassets; sourceTree = "<group>"; };
		A34D8D7A2130A1E200867B65 /* PDFArchiver.entitlements */ = {isa = PBXFileReference; lastKnownFileType = text.plist.entitlements; path = PDFArchiver.entitlements; sourceTree = "<group>"; };
		A34DEF912267699700E12EE5 /* Settings.bundle */ = {isa = PBXFileReference; lastKnownFileType = "wrapper.plug-in"; path = Settings.bundle; sourceTree = "<group>"; };
		A356115E22DE517B00A9092F /* Atomic.swift */ = {isa = PBXFileReference; lastKnownFileType = sourcecode.swift; path = Atomic.swift; sourceTree = "<group>"; };
		A356DF77237DE69400CAD132 /* IntroView.swift */ = {isa = PBXFileReference; lastKnownFileType = sourcecode.swift; path = IntroView.swift; sourceTree = "<group>"; };
		A356DF7A237DF1C000CAD132 /* PlaceholderView.swift */ = {isa = PBXFileReference; lastKnownFileType = sourcecode.swift; path = PlaceholderView.swift; sourceTree = "<group>"; };
		A35B7D08235C7239002F7716 /* Config.xcconfig */ = {isa = PBXFileReference; lastKnownFileType = text.xcconfig; path = Config.xcconfig; sourceTree = "<group>"; };
		A36611BD233FDB460092DB19 /* Log.swift */ = {isa = PBXFileReference; lastKnownFileType = sourcecode.swift; path = Log.swift; sourceTree = "<group>"; };
		A3689777235C754300F429AC /* Configuration.swift */ = {isa = PBXFileReference; lastKnownFileType = sourcecode.swift; path = Configuration.swift; sourceTree = "<group>"; };
		A36C42C12365E3F000F379FE /* ArchiveView.swift */ = {isa = PBXFileReference; lastKnownFileType = sourcecode.swift; path = ArchiveView.swift; sourceTree = "<group>"; };
		A36C42C32365E3FB00F379FE /* ArchiveViewModel.swift */ = {isa = PBXFileReference; lastKnownFileType = sourcecode.swift; path = ArchiveViewModel.swift; sourceTree = "<group>"; };
		A36C42C52365E43D00F379FE /* SearchField.swift */ = {isa = PBXFileReference; lastKnownFileType = sourcecode.swift; path = SearchField.swift; sourceTree = "<group>"; };
		A3766062238F851F00840CFB /* ClearButton.swift */ = {isa = PBXFileReference; lastKnownFileType = sourcecode.swift; path = ClearButton.swift; sourceTree = "<group>"; };
		A377C906236E07CD000877EA /* DocumentCameraView.swift */ = {isa = PBXFileReference; lastKnownFileType = sourcecode.swift; path = DocumentCameraView.swift; sourceTree = "<group>"; };
		A378C432221B3929007D1419 /* DocumentService.swift */ = {isa = PBXFileReference; lastKnownFileType = sourcecode.swift; path = DocumentService.swift; sourceTree = "<group>"; };
		A381CF20222F0B5D00FAFA7C /* ImageConverter.swift */ = {isa = PBXFileReference; lastKnownFileType = sourcecode.swift; path = ImageConverter.swift; sourceTree = "<group>"; };
		A387EFEC23786FE2003FB3B7 /* CustomTextField.swift */ = {isa = PBXFileReference; lastKnownFileType = sourcecode.swift; path = CustomTextField.swift; sourceTree = "<group>"; };
		A387EFEE237879EB003FB3B7 /* TagView.swift */ = {isa = PBXFileReference; lastKnownFileType = sourcecode.swift; path = TagView.swift; sourceTree = "<group>"; };
		A387EFF023788442003FB3B7 /* CustomDatePicker.swift */ = {isa = PBXFileReference; lastKnownFileType = sourcecode.swift; path = CustomDatePicker.swift; sourceTree = "<group>"; };
		A387EFF22378BE19003FB3B7 /* View.swift */ = {isa = PBXFileReference; lastKnownFileType = sourcecode.swift; path = View.swift; sourceTree = "<group>"; };
		A388C8262235330F000D52CB /* test-ocr-data.png */ = {isa = PBXFileReference; lastKnownFileType = image.png; path = "test-ocr-data.png"; sourceTree = "<group>"; };
		A394E4C0236A2B6100C81CC2 /* Notification.swift */ = {isa = PBXFileReference; lastKnownFileType = sourcecode.swift; path = Notification.swift; sourceTree = "<group>"; };
		A394E4C4236A350000C81CC2 /* DocumentViewModel.swift */ = {isa = PBXFileReference; lastKnownFileType = sourcecode.swift; path = DocumentViewModel.swift; sourceTree = "<group>"; };
		A394E4C6236A462500C81CC2 /* DocumentDetailView.swift */ = {isa = PBXFileReference; lastKnownFileType = sourcecode.swift; path = DocumentDetailView.swift; sourceTree = "<group>"; };
		A394E4C8236A463C00C81CC2 /* DocumentDetailViewModel.swift */ = {isa = PBXFileReference; lastKnownFileType = sourcecode.swift; path = DocumentDetailViewModel.swift; sourceTree = "<group>"; };
		A394E4CA236A519300C81CC2 /* PDFCustomView.swift */ = {isa = PBXFileReference; lastKnownFileType = sourcecode.swift; path = PDFCustomView.swift; sourceTree = "<group>"; };
		A394E4CE236A5F9300C81CC2 /* ScanTabView.swift */ = {isa = PBXFileReference; lastKnownFileType = sourcecode.swift; path = ScanTabView.swift; sourceTree = "<group>"; };
		A39942B9228B3ACE00FFC16B /* Constants.swift */ = {isa = PBXFileReference; lastKnownFileType = sourcecode.swift; path = Constants.swift; sourceTree = "<group>"; };
		A39942BD228B422E00FFC16B /* IntroViewController.swift */ = {isa = PBXFileReference; fileEncoding = 4; lastKnownFileType = sourcecode.swift; path = IntroViewController.swift; sourceTree = "<group>"; };
		A39A807721FDEC540099C503 /* 2017-01-17--tom-tailor-jeans__bill_clothes_shopping.pdf */ = {isa = PBXFileReference; lastKnownFileType = image.pdf; path = "2017-01-17--tom-tailor-jeans__bill_clothes_shopping.pdf"; sourceTree = "<group>"; };
		A3A0FD942389E145002C9D6E /* ActivityView.swift */ = {isa = PBXFileReference; lastKnownFileType = sourcecode.swift; path = ActivityView.swift; sourceTree = "<group>"; };
		A3A0FD96238C7803002C9D6E /* LoadingView.swift */ = {isa = PBXFileReference; lastKnownFileType = sourcecode.swift; path = LoadingView.swift; sourceTree = "<group>"; };
		A3A2A72122FF51BF00747DDB /* UserDefaults.swift */ = {isa = PBXFileReference; lastKnownFileType = sourcecode.swift; path = UserDefaults.swift; sourceTree = "<group>"; };
		A3B13782223516B200C91BB1 /* CoreImage.framework */ = {isa = PBXFileReference; lastKnownFileType = wrapper.framework; name = CoreImage.framework; path = System/Library/Frameworks/CoreImage.framework; sourceTree = SDKROOT; };
		A3B57B7A22871F170078F7A4 /* StorageHelper.swift */ = {isa = PBXFileReference; lastKnownFileType = sourcecode.swift; path = StorageHelper.swift; sourceTree = "<group>"; };
		A3B57B7C228720090078F7A4 /* StorageHelper+Paths.swift */ = {isa = PBXFileReference; lastKnownFileType = sourcecode.swift; path = "StorageHelper+Paths.swift"; sourceTree = "<group>"; };
		A3B57B80228720410078F7A4 /* StorageHelper+Errors.swift */ = {isa = PBXFileReference; lastKnownFileType = sourcecode.swift; path = "StorageHelper+Errors.swift"; sourceTree = "<group>"; };
		A3B57B82228750CF0078F7A4 /* FileManager.swift */ = {isa = PBXFileReference; lastKnownFileType = sourcecode.swift; path = FileManager.swift; sourceTree = "<group>"; };
		A3B83716215FCEFA00DA239F /* PDFArchiverUITests.xctest */ = {isa = PBXFileReference; explicitFileType = wrapper.cfbundle; includeInIndex = 0; path = PDFArchiverUITests.xctest; sourceTree = BUILT_PRODUCTS_DIR; };
		A3B83718215FCEFA00DA239F /* PDFArchiverUITests.swift */ = {isa = PBXFileReference; lastKnownFileType = sourcecode.swift; path = PDFArchiverUITests.swift; sourceTree = "<group>"; };
		A3B8371A215FCEFA00DA239F /* Info.plist */ = {isa = PBXFileReference; lastKnownFileType = text.plist.xml; path = Info.plist; sourceTree = "<group>"; };
		A3B83720215FD14A00DA239F /* SnapshotHelper.swift */ = {isa = PBXFileReference; lastKnownFileType = sourcecode.swift; path = SnapshotHelper.swift; sourceTree = "<group>"; };
		A3BCC973217F84DB00C3775E /* PDFArchiverTests.xctest */ = {isa = PBXFileReference; explicitFileType = wrapper.cfbundle; includeInIndex = 0; path = PDFArchiverTests.xctest; sourceTree = BUILT_PRODUCTS_DIR; };
		A3BCC975217F84DB00C3775E /* PDFArchiverTests.swift */ = {isa = PBXFileReference; lastKnownFileType = sourcecode.swift; path = PDFArchiverTests.swift; sourceTree = "<group>"; };
		A3BCC977217F84DB00C3775E /* Info.plist */ = {isa = PBXFileReference; lastKnownFileType = text.plist.xml; path = Info.plist; sourceTree = "<group>"; };
		A3BE7B3522B29AB8004A1ADE /* UIFont.swift */ = {isa = PBXFileReference; lastKnownFileType = sourcecode.swift; path = UIFont.swift; sourceTree = "<group>"; };
		A3BE7B3922B3DE05004A1ADE /* Document.swift */ = {isa = PBXFileReference; lastKnownFileType = sourcecode.swift; path = Document.swift; sourceTree = "<group>"; };
		A3CF79BD22C3FA0A008711E4 /* PDFProcessing.swift */ = {isa = PBXFileReference; lastKnownFileType = sourcecode.swift; path = PDFProcessing.swift; sourceTree = "<group>"; };
		A3DBC690224974380048E681 /* IAPService.swift */ = {isa = PBXFileReference; fileEncoding = 4; lastKnownFileType = sourcecode.swift; path = IAPService.swift; sourceTree = "<group>"; };
		A3DC071C22C6C6D10073A877 /* UIImage.swift */ = {isa = PBXFileReference; lastKnownFileType = sourcecode.swift; path = UIImage.swift; sourceTree = "<group>"; };
		A3EBFE9D21650F58008C34CC /* de */ = {isa = PBXFileReference; lastKnownFileType = text.plist.strings; name = de; path = de.lproj/Localizable.strings; sourceTree = "<group>"; };
		A3EBFE9F21650F70008C34CC /* en */ = {isa = PBXFileReference; lastKnownFileType = text.plist.strings; name = en; path = en.lproj/Localizable.strings; sourceTree = "<group>"; };
		A3ECBC9522496BA000A626AE /* IAP.swift */ = {isa = PBXFileReference; lastKnownFileType = sourcecode.swift; path = IAP.swift; sourceTree = "<group>"; };
		A3ECF30F2408668D00A7F9D2 /* String.swift */ = {isa = PBXFileReference; lastKnownFileType = sourcecode.swift; path = String.swift; sourceTree = "<group>"; };
		A3ECF3112408694C00A7F9D2 /* KeyCommandHostingController.swift */ = {isa = PBXFileReference; lastKnownFileType = sourcecode.swift; path = KeyCommandHostingController.swift; sourceTree = "<group>"; };
		A3F1C21C2163DCD9002B0141 /* AppStoreReviewRequest.swift */ = {isa = PBXFileReference; lastKnownFileType = sourcecode.swift; path = AppStoreReviewRequest.swift; sourceTree = "<group>"; };
		A3FF639F22478FC10089E66A /* UIColor.swift */ = {isa = PBXFileReference; lastKnownFileType = sourcecode.swift; path = UIColor.swift; sourceTree = "<group>"; };
		A3FF63A92247A39E0089E66A /* StoreKit.framework */ = {isa = PBXFileReference; lastKnownFileType = wrapper.framework; name = StoreKit.framework; path = System/Library/Frameworks/StoreKit.framework; sourceTree = SDKROOT; };
/* End PBXFileReference section */

/* Begin PBXFrameworksBuildPhase section */
		171E0C771B8E5B84001E6242 /* Frameworks */ = {
			isa = PBXFrameworksBuildPhase;
			buildActionMask = 2147483647;
			files = (
				A393DEF0239C0E1E00266FB6 /* Diagnostics in Frameworks */,
				A31B3C4023849E1E0066CB86 /* SwiftUIX in Frameworks */,
				A39B0EEA2399A94C002624D1 /* KeyboardObserving in Frameworks */,
				A36611C4233FDDB40092DB19 /* LoggingKit in Frameworks */,
				A39B0EE72399A58D002624D1 /* Sentry in Frameworks */,
				A35B7D07235C71C8002F7716 /* PaperOnboarding in Frameworks */,
				A3811C0A2346150B00AF6CFA /* SwiftyStoreKit in Frameworks */,
				A38BDC26234632F6003668C3 /* ArchiveLib in Frameworks */,
				A3FF63AA2247A39E0089E66A /* StoreKit.framework in Frameworks */,
			);
			runOnlyForDeploymentPostprocessing = 0;
		};
		A3B83713215FCEFA00DA239F /* Frameworks */ = {
			isa = PBXFrameworksBuildPhase;
			buildActionMask = 2147483647;
			files = (
			);
			runOnlyForDeploymentPostprocessing = 0;
		};
		A3BCC970217F84DB00C3775E /* Frameworks */ = {
			isa = PBXFrameworksBuildPhase;
			buildActionMask = 2147483647;
			files = (
			);
			runOnlyForDeploymentPostprocessing = 0;
		};
/* End PBXFrameworksBuildPhase section */

/* Begin PBXGroup section */
		171E0C711B8E5B84001E6242 = {
			isa = PBXGroup;
			children = (
				171E0C7C1B8E5B84001E6242 /* PDFArchiver */,
				A3BCC974217F84DB00C3775E /* PDFArchiverTests */,
				A3B83717215FCEFA00DA239F /* PDFArchiverUITests */,
				2C90F6DAB110A4A6FF569E3A /* Frameworks */,
				171E0C7B1B8E5B84001E6242 /* Products */,
			);
			sourceTree = "<group>";
		};
		171E0C7B1B8E5B84001E6242 /* Products */ = {
			isa = PBXGroup;
			children = (
				171E0C7A1B8E5B84001E6242 /* PDFArchiver.app */,
				A3B83716215FCEFA00DA239F /* PDFArchiverUITests.xctest */,
				A3BCC973217F84DB00C3775E /* PDFArchiverTests.xctest */,
			);
			name = Products;
			sourceTree = "<group>";
		};
		171E0C7C1B8E5B84001E6242 /* PDFArchiver */ = {
			isa = PBXGroup;
			children = (
				171E0C7D1B8E5B84001E6242 /* AppDelegate.swift */,
				A328CF4F237CAF29003D60AD /* IAPView.swift */,
				A328CF4D237CAECA003D60AD /* IAPViewModel.swift */,
				A3ECF3112408694C00A7F9D2 /* KeyCommandHostingController.swift */,
				A30D767622BF914B00862224 /* MainTabBarController.swift */,
				A30CB43A2369792900D3063E /* MainTabView.swift */,
				A30CB43C23697C1800D3063E /* MainTabViewModel.swift */,
				A30CB438236978E300D3063E /* SceneDelegate.swift */,
				A3F30D91221C9A030063D173 /* ArchiveTab */,
				A34A84F32130A2A70093FAE5 /* Helpers */,
				A3EBFE9E21650F58008C34CC /* Localizable.strings */,
				A3D0999622BD15C7003D16E5 /* MoreTab */,
				A3FECF952130A0220053F2E4 /* Resources */,
				A3F30D90221C99F80063D173 /* ScanTab */,
				A34A84F12130A28A0093FAE5 /* Services */,
				A3F30D8F221C99ED0063D173 /* TagTab */,
			);
			path = PDFArchiver;
			sourceTree = "<group>";
		};
		2C90F6DAB110A4A6FF569E3A /* Frameworks */ = {
			isa = PBXGroup;
			children = (
				A32997CF224826AB000B78D0 /* IAPService_iOS.framework */,
				A3FF63A92247A39E0089E66A /* StoreKit.framework */,
				A335D4BA223D0B3400443A53 /* ArchiveLib.framework */,
				A3B13782223516B200C91BB1 /* CoreImage.framework */,
			);
			name = Frameworks;
			sourceTree = "<group>";
		};
		A328CF3E237C43A8003D60AD /* MissingViews */ = {
			isa = PBXGroup;
			children = (
				A3A0FD942389E145002C9D6E /* ActivityView.swift */,
				A31B3C412384A8660066CB86 /* Alert.swift */,
				A3766062238F851F00840CFB /* ClearButton.swift */,
				A387EFF023788442003FB3B7 /* CustomDatePicker.swift */,
				A387EFEC23786FE2003FB3B7 /* CustomTextField.swift */,
				A328CF43237C5152003D60AD /* DetailRowView.swift */,
				A3A0FD96238C7803002C9D6E /* LoadingView.swift */,
				A356DF7A237DF1C000CAD132 /* PlaceholderView.swift */,
				A36C42C52365E43D00F379FE /* SearchField.swift */,
				A302929A2401CFDA006ACE12 /* Stack.swift */,
				A328CF3C237C3C8E003D60AD /* SupportMailView.swift */,
				A33EC92C236E403A00471F98 /* TagListView.swift */,
				A356DF79237DF0F600CAD132 /* Intro */,
			);
			path = MissingViews;
			sourceTree = "<group>";
		};
		A328CF51237CB14B003D60AD /* Design */ = {
			isa = PBXGroup;
			children = (
				A328CF52237CB161003D60AD /* FilledButtonStyle.swift */,
				3494D097248C2B7F00CF55E3 /* WidthSyncedRow.swift */,
				3494D099248C2BA800CF55E3 /* SubscriptionButtonStyle.swift */,
			);
			path = Design;
			sourceTree = "<group>";
		};
		A34A84F12130A28A0093FAE5 /* Services */ = {
			isa = PBXGroup;
			children = (
				A3DBC690224974380048E681 /* IAPService.swift */,
				A3CF79BC22C3F9F3008711E4 /* PDFRendering */,
				A34A84F82130A35A0093FAE5 /* ArchiveExtension.swift */,
				A34A84F62130A35A0093FAE5 /* DocumentsQuery.swift */,
				A378C432221B3929007D1419 /* DocumentService.swift */,
				A3ECBC9522496BA000A626AE /* IAP.swift */,
			);
			path = Services;
			sourceTree = "<group>";
		};
		A34A84F32130A2A70093FAE5 /* Helpers */ = {
			isa = PBXGroup;
			children = (
				A31B3C432384A8EC0066CB86 /* AlertViewModel.swift */,
				A3F1C21C2163DCD9002B0141 /* AppStoreReviewRequest.swift */,
				A356115E22DE517B00A9092F /* Atomic.swift */,
				A3689777235C754300F429AC /* Configuration.swift */,
				A39942B9228B3ACE00FFC16B /* Constants.swift */,
				A3BE7B3922B3DE05004A1ADE /* Document.swift */,
				A3B57B82228750CF0078F7A4 /* FileManager.swift */,
				A381CF20222F0B5D00FAFA7C /* ImageConverter.swift */,
				A36611BD233FDB460092DB19 /* Log.swift */,
				A394E4C0236A2B6100C81CC2 /* Notification.swift */,
				A3FF639F22478FC10089E66A /* UIColor.swift */,
				A3BE7B3522B29AB8004A1ADE /* UIFont.swift */,
				A3DC071C22C6C6D10073A877 /* UIImage.swift */,
				A3A2A72122FF51BF00747DDB /* UserDefaults.swift */,
				A387EFF22378BE19003FB3B7 /* View.swift */,
				A328CF51237CB14B003D60AD /* Design */,
				A328CF3E237C43A8003D60AD /* MissingViews */,
				A3B57B7E228720240078F7A4 /* Storage */,
				A302929E2405B79C006ACE12 /* OrientationInfo.swift */,
				A3ECF30F2408668D00A7F9D2 /* String.swift */,
			);
			path = Helpers;
			sourceTree = "<group>";
		};
		A356DF79237DF0F600CAD132 /* Intro */ = {
			isa = PBXGroup;
			children = (
				A356DF77237DE69400CAD132 /* IntroView.swift */,
				A39942BD228B422E00FFC16B /* IntroViewController.swift */,
			);
			path = Intro;
			sourceTree = "<group>";
		};
		A3B57B7E228720240078F7A4 /* Storage */ = {
			isa = PBXGroup;
			children = (
				A3B57B7A22871F170078F7A4 /* StorageHelper.swift */,
				A3B57B80228720410078F7A4 /* StorageHelper+Errors.swift */,
				A3B57B7C228720090078F7A4 /* StorageHelper+Paths.swift */,
			);
			path = Storage;
			sourceTree = "<group>";
		};
		A3B83717215FCEFA00DA239F /* PDFArchiverUITests */ = {
			isa = PBXGroup;
			children = (
				A3B83718215FCEFA00DA239F /* PDFArchiverUITests.swift */,
				A3B8371A215FCEFA00DA239F /* Info.plist */,
				A3B83720215FD14A00DA239F /* SnapshotHelper.swift */,
				A30A4B04237366F8001843B1 /* LaunchTests.swift */,
			);
			path = PDFArchiverUITests;
			sourceTree = "<group>";
		};
		A3BCC974217F84DB00C3775E /* PDFArchiverTests */ = {
			isa = PBXGroup;
			children = (
				A32777E321FDD76D0076F68C /* 2017-01-17--tom-tailor-jeans__kleidung_rechnung.pdf */,
				A39A807721FDEC540099C503 /* 2017-01-17--tom-tailor-jeans__bill_clothes_shopping.pdf */,
				A388C8262235330F000D52CB /* test-ocr-data.png */,
				A3BCC975217F84DB00C3775E /* PDFArchiverTests.swift */,
				A3BCC977217F84DB00C3775E /* Info.plist */,
			);
			path = PDFArchiverTests;
			sourceTree = "<group>";
		};
		A3CF79BC22C3F9F3008711E4 /* PDFRendering */ = {
			isa = PBXGroup;
			children = (
				A3CF79BD22C3FA0A008711E4 /* PDFProcessing.swift */,
			);
			path = PDFRendering;
			sourceTree = "<group>";
		};
		A3D0999622BD15C7003D16E5 /* MoreTab */ = {
			isa = PBXGroup;
			children = (
				A328CF38237BF2E4003D60AD /* MoreTabView.swift */,
				A328CF3A237C3597003D60AD /* MoreTabViewModel.swift */,
				A328CF3F237C4C6F003D60AD /* AboutMeView.swift */,
			);
			path = MoreTab;
			sourceTree = "<group>";
		};
		A3F30D8F221C99ED0063D173 /* TagTab */ = {
			isa = PBXGroup;
			children = (
				A334A645236E163A004D960C /* TagTabView.swift */,
				A33EC92A236E3CCA00471F98 /* TagTabViewModel.swift */,
				A387EFEE237879EB003FB3B7 /* TagView.swift */,
			);
			path = TagTab;
			sourceTree = "<group>";
		};
		A3F30D90221C99F80063D173 /* ScanTab */ = {
			isa = PBXGroup;
			children = (
				A394E4CE236A5F9300C81CC2 /* ScanTabView.swift */,
				A377C906236E07CD000877EA /* DocumentCameraView.swift */,
				A334A647236E1DE4004D960C /* ScanTabViewModel.swift */,
			);
			path = ScanTab;
			sourceTree = "<group>";
		};
		A3F30D91221C9A030063D173 /* ArchiveTab */ = {
			isa = PBXGroup;
			children = (
				A36C42C12365E3F000F379FE /* ArchiveView.swift */,
				A36C42C32365E3FB00F379FE /* ArchiveViewModel.swift */,
				A30CB4162368D6C700D3063E /* DocumentView.swift */,
				A394E4C4236A350000C81CC2 /* DocumentViewModel.swift */,
				A394E4C6236A462500C81CC2 /* DocumentDetailView.swift */,
				A394E4C8236A463C00C81CC2 /* DocumentDetailViewModel.swift */,
				A394E4CA236A519300C81CC2 /* PDFCustomView.swift */,
			);
			path = ArchiveTab;
			sourceTree = "<group>";
		};
		A3FECF952130A0220053F2E4 /* Resources */ = {
			isa = PBXGroup;
			children = (
				A34D8D7A2130A1E200867B65 /* PDFArchiver.entitlements */,
				171E0C8B1B8E5B84001E6242 /* Info.plist */,
				171E0C881B8E5B84001E6242 /* LaunchScreen.storyboard */,
				A34A85012130A3870093FAE5 /* Assets.xcassets */,
				A34DEF912267699700E12EE5 /* Settings.bundle */,
				A35B7D08235C7239002F7716 /* Config.xcconfig */,
			);
			path = Resources;
			sourceTree = "<group>";
		};
/* End PBXGroup section */

/* Begin PBXNativeTarget section */
		171E0C791B8E5B84001E6242 /* PDFArchiver */ = {
			isa = PBXNativeTarget;
			buildConfigurationList = 171E0CA41B8E5B84001E6242 /* Build configuration list for PBXNativeTarget "PDFArchiver" */;
			buildPhases = (
				A3B57CD32130C55C000BA17B /* SwiftLint */,
				A3EBFE9921650CB1008C34CC /* BartyCrouch */,
				A393DEF3239C185800266FB6 /* License Update */,
				171E0C761B8E5B84001E6242 /* Sources */,
				171E0C771B8E5B84001E6242 /* Frameworks */,
				171E0C781B8E5B84001E6242 /* Resources */,
				A34DEF932267B25800E12EE5 /* SettingsVersion */,
				A363E85A225D30D3007BE48B /* Embed Frameworks */,
				A394E4BF236A291E00C81CC2 /* Embed App Extensions */,
			);
			buildRules = (
			);
			dependencies = (
			);
			name = PDFArchiver;
			packageProductDependencies = (
				A36611C3233FDDB40092DB19 /* LoggingKit */,
				A3811C092346150B00AF6CFA /* SwiftyStoreKit */,
				A38BDC25234632F6003668C3 /* ArchiveLib */,
				A35B7D06235C71C8002F7716 /* PaperOnboarding */,
				A31B3C3F23849E1E0066CB86 /* SwiftUIX */,
				A39B0EE62399A58D002624D1 /* Sentry */,
				A39B0EE92399A94C002624D1 /* KeyboardObserving */,
				A393DEEF239C0E1E00266FB6 /* Diagnostics */,
			);
			productName = CandySearch;
			productReference = 171E0C7A1B8E5B84001E6242 /* PDFArchiver.app */;
			productType = "com.apple.product-type.application";
		};
		A3B83715215FCEFA00DA239F /* PDFArchiverUITests */ = {
			isa = PBXNativeTarget;
			buildConfigurationList = A3B8371D215FCEFA00DA239F /* Build configuration list for PBXNativeTarget "PDFArchiverUITests" */;
			buildPhases = (
				A3B83712215FCEFA00DA239F /* Sources */,
				A3B83713215FCEFA00DA239F /* Frameworks */,
				A3B83714215FCEFA00DA239F /* Resources */,
			);
			buildRules = (
			);
			dependencies = (
				A3B8371C215FCEFA00DA239F /* PBXTargetDependency */,
			);
			name = PDFArchiverUITests;
			productName = PDFArchiverUITests;
			productReference = A3B83716215FCEFA00DA239F /* PDFArchiverUITests.xctest */;
			productType = "com.apple.product-type.bundle.ui-testing";
		};
		A3BCC972217F84DB00C3775E /* PDFArchiverTests */ = {
			isa = PBXNativeTarget;
			buildConfigurationList = A3BCC97C217F84DB00C3775E /* Build configuration list for PBXNativeTarget "PDFArchiverTests" */;
			buildPhases = (
				A3BCC96F217F84DB00C3775E /* Sources */,
				A3BCC970217F84DB00C3775E /* Frameworks */,
				A3BCC971217F84DB00C3775E /* Resources */,
			);
			buildRules = (
			);
			dependencies = (
				A3BCC979217F84DB00C3775E /* PBXTargetDependency */,
			);
			name = PDFArchiverTests;
			productName = PDFArchiverTests;
			productReference = A3BCC973217F84DB00C3775E /* PDFArchiverTests.xctest */;
			productType = "com.apple.product-type.bundle.unit-test";
		};
/* End PBXNativeTarget section */

/* Begin PBXProject section */
		171E0C721B8E5B84001E6242 /* Project object */ = {
			isa = PBXProject;
			attributes = {
				LastSwiftUpdateCheck = 1120;
				LastUpgradeCheck = 1120;
				ORGANIZATIONNAME = "Julian Kahnert";
				TargetAttributes = {
					171E0C791B8E5B84001E6242 = {
						CreatedOnToolsVersion = 7.0;
						DevelopmentTeam = 87KNVHZ8C7;
						LastSwiftMigration = 1020;
						ProvisioningStyle = Automatic;
						SystemCapabilities = {
							com.apple.InAppPurchase = {
								enabled = 1;
							};
							com.apple.iCloud = {
								enabled = 1;
							};
						};
					};
					A3B83715215FCEFA00DA239F = {
						CreatedOnToolsVersion = 10.0;
						DevelopmentTeam = 87KNVHZ8C7;
						LastSwiftMigration = 1020;
						ProvisioningStyle = Automatic;
						TestTargetID = 171E0C791B8E5B84001E6242;
					};
					A3BCC972217F84DB00C3775E = {
						CreatedOnToolsVersion = 10.0;
						DevelopmentTeam = 87KNVHZ8C7;
						LastSwiftMigration = 1020;
						ProvisioningStyle = Automatic;
						TestTargetID = 171E0C791B8E5B84001E6242;
					};
				};
			};
			buildConfigurationList = 171E0C751B8E5B84001E6242 /* Build configuration list for PBXProject "PDFArchiver" */;
			compatibilityVersion = "Xcode 3.2";
			developmentRegion = en;
			hasScannedForEncodings = 0;
			knownRegions = (
				en,
				Base,
				de,
			);
			mainGroup = 171E0C711B8E5B84001E6242;
			packageReferences = (
				A36611C2233FDDB40092DB19 /* XCRemoteSwiftPackageReference "LoggingKit" */,
				A3811C082346150B00AF6CFA /* XCRemoteSwiftPackageReference "SwiftyStoreKit" */,
				A38BDC24234632F6003668C3 /* XCRemoteSwiftPackageReference "ArchiveLib" */,
				A35B7D05235C71C8002F7716 /* XCRemoteSwiftPackageReference "paper-onboarding" */,
				A31B3C3E23849E1E0066CB86 /* XCRemoteSwiftPackageReference "SwiftUIX" */,
				A39B0EE52399A58D002624D1 /* XCRemoteSwiftPackageReference "sentry-cocoa" */,
				A39B0EE82399A94C002624D1 /* XCRemoteSwiftPackageReference "KeyboardObserving" */,
				A393DEEE239C0E1E00266FB6 /* XCRemoteSwiftPackageReference "Diagnostics" */,
			);
			productRefGroup = 171E0C7B1B8E5B84001E6242 /* Products */;
			projectDirPath = "";
			projectRoot = "";
			targets = (
				171E0C791B8E5B84001E6242 /* PDFArchiver */,
				A3B83715215FCEFA00DA239F /* PDFArchiverUITests */,
				A3BCC972217F84DB00C3775E /* PDFArchiverTests */,
			);
		};
/* End PBXProject section */

/* Begin PBXResourcesBuildPhase section */
		171E0C781B8E5B84001E6242 /* Resources */ = {
			isa = PBXResourcesBuildPhase;
			buildActionMask = 2147483647;
			files = (
				A3EBFE9C21650F58008C34CC /* Localizable.strings in Resources */,
				171E0C8A1B8E5B84001E6242 /* LaunchScreen.storyboard in Resources */,
				A34DEF922267699700E12EE5 /* Settings.bundle in Resources */,
				A34A85022130A3870093FAE5 /* Assets.xcassets in Resources */,
			);
			runOnlyForDeploymentPostprocessing = 0;
		};
		A3B83714215FCEFA00DA239F /* Resources */ = {
			isa = PBXResourcesBuildPhase;
			buildActionMask = 2147483647;
			files = (
			);
			runOnlyForDeploymentPostprocessing = 0;
		};
		A3BCC971217F84DB00C3775E /* Resources */ = {
			isa = PBXResourcesBuildPhase;
			buildActionMask = 2147483647;
			files = (
				A32777E521FDD76D0076F68C /* 2017-01-17--tom-tailor-jeans__kleidung_rechnung.pdf in Resources */,
				A3645422230C443D002042AC /* test-ocr-data.png in Resources */,
				A39A807A21FDEC540099C503 /* 2017-01-17--tom-tailor-jeans__bill_clothes_shopping.pdf in Resources */,
			);
			runOnlyForDeploymentPostprocessing = 0;
		};
/* End PBXResourcesBuildPhase section */

/* Begin PBXShellScriptBuildPhase section */
		A34DEF932267B25800E12EE5 /* SettingsVersion */ = {
			isa = PBXShellScriptBuildPhase;
			buildActionMask = 2147483647;
			files = (
			);
			inputFileListPaths = (
			);
			inputPaths = (
			);
			name = SettingsVersion;
			outputFileListPaths = (
			);
			outputPaths = (
			);
			runOnlyForDeploymentPostprocessing = 0;
			shellPath = /bin/sh;
			shellScript = "# Source: https://stackoverflow.com/a/39030153\ncd \"${BUILT_PRODUCTS_DIR}\"\nversion=$(/usr/libexec/PlistBuddy -c \"Print CFBundleShortVersionString\" \"${INFOPLIST_PATH}\")\nbuild=$(/usr/libexec/PlistBuddy -c \"Print CFBundleVersion\" \"${INFOPLIST_PATH}\")\n/usr/libexec/PlistBuddy -c \"Set PreferenceSpecifiers:0:DefaultValue $version ($build)\" \"${WRAPPER_NAME}/Settings.bundle/Root.plist\"\n";
		};
		A393DEF3239C185800266FB6 /* License Update */ = {
			isa = PBXShellScriptBuildPhase;
			buildActionMask = 8;
			files = (
			);
			inputFileListPaths = (
			);
			inputPaths = (
			);
			name = "License Update";
			outputFileListPaths = (
			);
			outputPaths = (
			);
			runOnlyForDeploymentPostprocessing = 1;
			shellPath = /bin/sh;
			shellScript = "# Update settings.bundle with new license plist files\n# https://github.com/mono0926/LicensePlist\nif which license-plist >/dev/null; then\n    license-plist --suppress-opening-directory --add-version-numbers --force --output-path $PRODUCT_NAME/Resources/Settings.bundle\nelse\n    echo \"warning: license-plist not installed, download from https://github.com/mono0926/LicensePlist\"\nfi\n";
		};
		A3B57CD32130C55C000BA17B /* SwiftLint */ = {
			isa = PBXShellScriptBuildPhase;
			buildActionMask = 2147483647;
			files = (
			);
			inputPaths = (
			);
			name = SwiftLint;
			outputPaths = (
			);
			runOnlyForDeploymentPostprocessing = 0;
			shellPath = /bin/sh;
			shellScript = "if which chia >/dev/null; then\n#swiftlint autocorrect\n    chia --config https://raw.githubusercontent.com/JulianKahnert/chia-config/master/chia.yml\nelse\n    echo \"warning: SwiftLint not installed, download from https://github.com/realm/SwiftLint\"\nfi\n";
		};
		A3EBFE9921650CB1008C34CC /* BartyCrouch */ = {
			isa = PBXShellScriptBuildPhase;
			buildActionMask = 2147483647;
			files = (
			);
			inputFileListPaths = (
			);
			inputPaths = (
			);
			name = BartyCrouch;
			outputFileListPaths = (
			);
			outputPaths = (
			);
			runOnlyForDeploymentPostprocessing = 0;
			shellPath = /bin/sh;
			shellScript = "if which bartycrouch > /dev/null; then\n    echo \"bartycrouch\"\n    #bartycrouch update -x\n    #bartycrouch lint -x\nelse\n    echo \"warning: BartyCrouch not installed, download it from https://github.com/Flinesoft/BartyCrouch\"\nfi\n";
		};
/* End PBXShellScriptBuildPhase section */

/* Begin PBXSourcesBuildPhase section */
		171E0C761B8E5B84001E6242 /* Sources */ = {
			isa = PBXSourcesBuildPhase;
			buildActionMask = 2147483647;
			files = (
				A30D767722BF914B00862224 /* MainTabBarController.swift in Sources */,
				A394E4CB236A519300C81CC2 /* PDFCustomView.swift in Sources */,
				A328CF3D237C3C8E003D60AD /* SupportMailView.swift in Sources */,
				3494D09A248C2BA800CF55E3 /* SubscriptionButtonStyle.swift in Sources */,
				A328CF50237CAF29003D60AD /* IAPView.swift in Sources */,
				A34A84FC2130A35A0093FAE5 /* ArchiveExtension.swift in Sources */,
				A3766063238F851F00840CFB /* ClearButton.swift in Sources */,
				A36C42C62365E43D00F379FE /* SearchField.swift in Sources */,
				A33EC92B236E3CCA00471F98 /* TagTabViewModel.swift in Sources */,
				A302929F2405B79C006ACE12 /* OrientationInfo.swift in Sources */,
				A3ECBC9622496BA000A626AE /* IAP.swift in Sources */,
				A387EFEF237879EB003FB3B7 /* TagView.swift in Sources */,
				A33EC92D236E403A00471F98 /* TagListView.swift in Sources */,
				A39942BA228B3ACE00FFC16B /* Constants.swift in Sources */,
				A3DBC695224974380048E681 /* IAPService.swift in Sources */,
				A3BE7B3622B29AB8004A1ADE /* UIFont.swift in Sources */,
				A328CF40237C4C6F003D60AD /* AboutMeView.swift in Sources */,
				A328CF3B237C3597003D60AD /* MoreTabViewModel.swift in Sources */,
				A334A646236E163A004D960C /* TagTabView.swift in Sources */,
				A377C907236E07CD000877EA /* DocumentCameraView.swift in Sources */,
				A31B3C422384A8660066CB86 /* Alert.swift in Sources */,
				A30CB4172368D6C700D3063E /* DocumentView.swift in Sources */,
				A394E4C5236A350000C81CC2 /* DocumentViewModel.swift in Sources */,
				A394E4C9236A463C00C81CC2 /* DocumentDetailViewModel.swift in Sources */,
				A356DF78237DE69400CAD132 /* IntroView.swift in Sources */,
				A30CB43D23697C1800D3063E /* MainTabViewModel.swift in Sources */,
				A302929B2401CFDA006ACE12 /* Stack.swift in Sources */,
				A3CF79BE22C3FA0A008711E4 /* PDFProcessing.swift in Sources */,
				A387EFF32378BE19003FB3B7 /* View.swift in Sources */,
				A356DF7B237DF1C000CAD132 /* PlaceholderView.swift in Sources */,
				A334A648236E1DE4004D960C /* ScanTabViewModel.swift in Sources */,
				A3ECF3102408668D00A7F9D2 /* String.swift in Sources */,
				A328CF4E237CAECA003D60AD /* IAPViewModel.swift in Sources */,
				A356115F22DE517B00A9092F /* Atomic.swift in Sources */,
				A3B57B83228750CF0078F7A4 /* FileManager.swift in Sources */,
				A3A2A72222FF51BF00747DDB /* UserDefaults.swift in Sources */,
				A394E4CF236A5F9300C81CC2 /* ScanTabView.swift in Sources */,
				A36C42C42365E3FB00F379FE /* ArchiveViewModel.swift in Sources */,
				A3A0FD952389E145002C9D6E /* ActivityView.swift in Sources */,
				A30CB439236978E400D3063E /* SceneDelegate.swift in Sources */,
				A30CB43B2369792900D3063E /* MainTabView.swift in Sources */,
				A36611BE233FDB460092DB19 /* Log.swift in Sources */,
				3494D098248C2B7F00CF55E3 /* WidthSyncedRow.swift in Sources */,
				A36C42C22365E3F000F379FE /* ArchiveView.swift in Sources */,
				A328CF44237C5152003D60AD /* DetailRowView.swift in Sources */,
				A3FF63A022478FC10089E66A /* UIColor.swift in Sources */,
				A3B57B7D228720090078F7A4 /* StorageHelper+Paths.swift in Sources */,
				A3B57B81228720410078F7A4 /* StorageHelper+Errors.swift in Sources */,
				A381CF21222F0B5D00FAFA7C /* ImageConverter.swift in Sources */,
				A378C433221B3929007D1419 /* DocumentService.swift in Sources */,
				A387EFED23786FE2003FB3B7 /* CustomTextField.swift in Sources */,
				A328CF53237CB161003D60AD /* FilledButtonStyle.swift in Sources */,
				A3ECF3122408694C00A7F9D2 /* KeyCommandHostingController.swift in Sources */,
				A39942BE228B422E00FFC16B /* IntroViewController.swift in Sources */,
				171E0C7E1B8E5B84001E6242 /* AppDelegate.swift in Sources */,
				A328CF39237BF2E4003D60AD /* MoreTabView.swift in Sources */,
				A3689778235C754300F429AC /* Configuration.swift in Sources */,
				A3DC071D22C6C6D10073A877 /* UIImage.swift in Sources */,
				A3B57B7B22871F170078F7A4 /* StorageHelper.swift in Sources */,
				A387EFF123788442003FB3B7 /* CustomDatePicker.swift in Sources */,
				A3A0FD97238C7803002C9D6E /* LoadingView.swift in Sources */,
				A34A84FA2130A35A0093FAE5 /* DocumentsQuery.swift in Sources */,
				A394E4C7236A462500C81CC2 /* DocumentDetailView.swift in Sources */,
				A3BE7B3A22B3DE05004A1ADE /* Document.swift in Sources */,
				A31B3C442384A8EC0066CB86 /* AlertViewModel.swift in Sources */,
				A394E4C1236A2B6100C81CC2 /* Notification.swift in Sources */,
				A3F1C21D2163DCD9002B0141 /* AppStoreReviewRequest.swift in Sources */,
			);
			runOnlyForDeploymentPostprocessing = 0;
		};
		A3B83712215FCEFA00DA239F /* Sources */ = {
			isa = PBXSourcesBuildPhase;
			buildActionMask = 2147483647;
			files = (
				A3490B9B22B5486D00C4BFB3 /* PDFArchiverUITests.swift in Sources */,
				A30A4B05237366F8001843B1 /* LaunchTests.swift in Sources */,
				A3B83721215FD14A00DA239F /* SnapshotHelper.swift in Sources */,
			);
			runOnlyForDeploymentPostprocessing = 0;
		};
		A3BCC96F217F84DB00C3775E /* Sources */ = {
			isa = PBXSourcesBuildPhase;
			buildActionMask = 2147483647;
			files = (
				A3BCC976217F84DB00C3775E /* PDFArchiverTests.swift in Sources */,
			);
			runOnlyForDeploymentPostprocessing = 0;
		};
/* End PBXSourcesBuildPhase section */

/* Begin PBXTargetDependency section */
		A3B8371C215FCEFA00DA239F /* PBXTargetDependency */ = {
			isa = PBXTargetDependency;
			target = 171E0C791B8E5B84001E6242 /* PDFArchiver */;
			targetProxy = A3B8371B215FCEFA00DA239F /* PBXContainerItemProxy */;
		};
		A3BCC979217F84DB00C3775E /* PBXTargetDependency */ = {
			isa = PBXTargetDependency;
			target = 171E0C791B8E5B84001E6242 /* PDFArchiver */;
			targetProxy = A3BCC978217F84DB00C3775E /* PBXContainerItemProxy */;
		};
/* End PBXTargetDependency section */

/* Begin PBXVariantGroup section */
		171E0C881B8E5B84001E6242 /* LaunchScreen.storyboard */ = {
			isa = PBXVariantGroup;
			children = (
				171E0C891B8E5B84001E6242 /* Base */,
			);
			name = LaunchScreen.storyboard;
			sourceTree = "<group>";
		};
		A3EBFE9E21650F58008C34CC /* Localizable.strings */ = {
			isa = PBXVariantGroup;
			children = (
				A3EBFE9D21650F58008C34CC /* de */,
				A3EBFE9F21650F70008C34CC /* en */,
			);
			name = Localizable.strings;
			sourceTree = "<group>";
		};
/* End PBXVariantGroup section */

/* Begin XCBuildConfiguration section */
		171E0CA21B8E5B84001E6242 /* Debug */ = {
			isa = XCBuildConfiguration;
			baseConfigurationReference = A35B7D08235C7239002F7716 /* Config.xcconfig */;
			buildSettings = {
				ALWAYS_SEARCH_USER_PATHS = NO;
				CLANG_ANALYZER_LOCALIZABILITY_NONLOCALIZED = YES;
				CLANG_CXX_LANGUAGE_STANDARD = "gnu++0x";
				CLANG_CXX_LIBRARY = "libc++";
				CLANG_ENABLE_MODULES = YES;
				CLANG_ENABLE_OBJC_ARC = YES;
				CLANG_WARN_BLOCK_CAPTURE_AUTORELEASING = YES;
				CLANG_WARN_BOOL_CONVERSION = YES;
				CLANG_WARN_COMMA = YES;
				CLANG_WARN_CONSTANT_CONVERSION = YES;
				CLANG_WARN_DEPRECATED_OBJC_IMPLEMENTATIONS = YES;
				CLANG_WARN_DIRECT_OBJC_ISA_USAGE = YES_ERROR;
				CLANG_WARN_EMPTY_BODY = YES;
				CLANG_WARN_ENUM_CONVERSION = YES;
				CLANG_WARN_INFINITE_RECURSION = YES;
				CLANG_WARN_INT_CONVERSION = YES;
				CLANG_WARN_NON_LITERAL_NULL_CONVERSION = YES;
				CLANG_WARN_OBJC_IMPLICIT_RETAIN_SELF = YES;
				CLANG_WARN_OBJC_LITERAL_CONVERSION = YES;
				CLANG_WARN_OBJC_ROOT_CLASS = YES_ERROR;
				CLANG_WARN_RANGE_LOOP_ANALYSIS = YES;
				CLANG_WARN_STRICT_PROTOTYPES = YES;
				CLANG_WARN_SUSPICIOUS_MOVE = YES;
				CLANG_WARN_UNREACHABLE_CODE = YES;
				CLANG_WARN__DUPLICATE_METHOD_MATCH = YES;
				"CODE_SIGN_IDENTITY[sdk=iphoneos*]" = "iPhone Developer";
				COPY_PHASE_STRIP = NO;
				DEBUG_INFORMATION_FORMAT = dwarf;
				ENABLE_STRICT_OBJC_MSGSEND = YES;
				ENABLE_TESTABILITY = YES;
				GCC_C_LANGUAGE_STANDARD = gnu99;
				GCC_DYNAMIC_NO_PIC = NO;
				GCC_NO_COMMON_BLOCKS = YES;
				GCC_OPTIMIZATION_LEVEL = 0;
				GCC_PREPROCESSOR_DEFINITIONS = (
					"DEBUG=1",
					"$(inherited)",
				);
				GCC_WARN_64_TO_32_BIT_CONVERSION = YES;
				GCC_WARN_ABOUT_RETURN_TYPE = YES_ERROR;
				GCC_WARN_UNDECLARED_SELECTOR = YES;
				GCC_WARN_UNINITIALIZED_AUTOS = YES_AGGRESSIVE;
				GCC_WARN_UNUSED_FUNCTION = YES;
				GCC_WARN_UNUSED_VARIABLE = YES;
				IPHONEOS_DEPLOYMENT_TARGET = 11.4;
				MTL_ENABLE_DEBUG_INFO = YES;
				ONLY_ACTIVE_ARCH = YES;
				SDKROOT = iphoneos;
				SWIFT_OPTIMIZATION_LEVEL = "-Onone";
				SWIFT_SWIFT3_OBJC_INFERENCE = Off;
				TARGETED_DEVICE_FAMILY = "1,2";
			};
			name = Debug;
		};
		171E0CA31B8E5B84001E6242 /* Release */ = {
			isa = XCBuildConfiguration;
			baseConfigurationReference = A35B7D08235C7239002F7716 /* Config.xcconfig */;
			buildSettings = {
				ALWAYS_SEARCH_USER_PATHS = NO;
				CLANG_ANALYZER_LOCALIZABILITY_NONLOCALIZED = YES;
				CLANG_CXX_LANGUAGE_STANDARD = "gnu++0x";
				CLANG_CXX_LIBRARY = "libc++";
				CLANG_ENABLE_MODULES = YES;
				CLANG_ENABLE_OBJC_ARC = YES;
				CLANG_WARN_BLOCK_CAPTURE_AUTORELEASING = YES;
				CLANG_WARN_BOOL_CONVERSION = YES;
				CLANG_WARN_COMMA = YES;
				CLANG_WARN_CONSTANT_CONVERSION = YES;
				CLANG_WARN_DEPRECATED_OBJC_IMPLEMENTATIONS = YES;
				CLANG_WARN_DIRECT_OBJC_ISA_USAGE = YES_ERROR;
				CLANG_WARN_EMPTY_BODY = YES;
				CLANG_WARN_ENUM_CONVERSION = YES;
				CLANG_WARN_INFINITE_RECURSION = YES;
				CLANG_WARN_INT_CONVERSION = YES;
				CLANG_WARN_NON_LITERAL_NULL_CONVERSION = YES;
				CLANG_WARN_OBJC_IMPLICIT_RETAIN_SELF = YES;
				CLANG_WARN_OBJC_LITERAL_CONVERSION = YES;
				CLANG_WARN_OBJC_ROOT_CLASS = YES_ERROR;
				CLANG_WARN_RANGE_LOOP_ANALYSIS = YES;
				CLANG_WARN_STRICT_PROTOTYPES = YES;
				CLANG_WARN_SUSPICIOUS_MOVE = YES;
				CLANG_WARN_UNREACHABLE_CODE = YES;
				CLANG_WARN__DUPLICATE_METHOD_MATCH = YES;
				"CODE_SIGN_IDENTITY[sdk=iphoneos*]" = "iPhone Developer";
				COPY_PHASE_STRIP = NO;
				DEBUG_INFORMATION_FORMAT = "dwarf-with-dsym";
				ENABLE_NS_ASSERTIONS = NO;
				ENABLE_STRICT_OBJC_MSGSEND = YES;
				GCC_C_LANGUAGE_STANDARD = gnu99;
				GCC_NO_COMMON_BLOCKS = YES;
				GCC_WARN_64_TO_32_BIT_CONVERSION = YES;
				GCC_WARN_ABOUT_RETURN_TYPE = YES_ERROR;
				GCC_WARN_UNDECLARED_SELECTOR = YES;
				GCC_WARN_UNINITIALIZED_AUTOS = YES_AGGRESSIVE;
				GCC_WARN_UNUSED_FUNCTION = YES;
				GCC_WARN_UNUSED_VARIABLE = YES;
				IPHONEOS_DEPLOYMENT_TARGET = 11.4;
				MTL_ENABLE_DEBUG_INFO = NO;
				SDKROOT = iphoneos;
				SWIFT_COMPILATION_MODE = wholemodule;
				SWIFT_OPTIMIZATION_LEVEL = "-O";
				SWIFT_SWIFT3_OBJC_INFERENCE = Off;
				TARGETED_DEVICE_FAMILY = "1,2";
				VALIDATE_PRODUCT = YES;
			};
			name = Release;
		};
		171E0CA51B8E5B84001E6242 /* Debug */ = {
			isa = XCBuildConfiguration;
			buildSettings = {
				ALWAYS_EMBED_SWIFT_STANDARD_LIBRARIES = YES;
				ASSETCATALOG_COMPILER_APPICON_NAME = AppIcon;
				CLANG_ENABLE_MODULES = YES;
				CODE_SIGN_ENTITLEMENTS = "$(SRCROOT)/PDFArchiver/Resources/PDFArchiver.entitlements";
				CODE_SIGN_IDENTITY = "iPhone Developer";
				CODE_SIGN_STYLE = Automatic;
				CURRENT_PROJECT_VERSION = 2;
				DEBUG_INFORMATION_FORMAT = "dwarf-with-dsym";
				DEVELOPMENT_TEAM = 87KNVHZ8C7;
				ENABLE_BITCODE = YES;
				FRAMEWORK_SEARCH_PATHS = (
					"$(inherited)",
					"$(PROJECT_DIR)",
				);
				INFOPLIST_FILE = "$(SRCROOT)/PDFArchiver/Resources/Info.plist";
				IPHONEOS_DEPLOYMENT_TARGET = 13.0;
				LD_RUNPATH_SEARCH_PATHS = (
					"$(inherited)",
					"@executable_path/Frameworks",
				);
				LIBRARY_SEARCH_PATHS = "$(inherited)";
				MARKETING_VERSION = 2.3.2;
				OTHER_CFLAGS = "";
				OTHER_LDFLAGS = (
					"$(inherited)",
					"-l\"c++\"",
					"-l\"z\"",
					"-framework",
					"\"Foundation\"",
				);
				OTHER_SWIFT_FLAGS = "$(inherited) -D COCOAPODS -DDEBUG";
				PRODUCT_BUNDLE_IDENTIFIER = de.JulianKahnert.PDFArchiveViewer;
				PRODUCT_NAME = "$(TARGET_NAME)";
				PROVISIONING_PROFILE_SPECIFIER = "";
				SUPPORTS_MACCATALYST = NO;
				SWIFT_OBJC_BRIDGING_HEADER = "";
				SWIFT_OPTIMIZATION_LEVEL = "-Onone";
				SWIFT_VERSION = 5.0;
				TARGETED_DEVICE_FAMILY = "1,2";
			};
			name = Debug;
		};
		171E0CA61B8E5B84001E6242 /* Release */ = {
			isa = XCBuildConfiguration;
			buildSettings = {
				ALWAYS_EMBED_SWIFT_STANDARD_LIBRARIES = YES;
				ASSETCATALOG_COMPILER_APPICON_NAME = AppIcon;
				CLANG_ENABLE_MODULES = YES;
				CODE_SIGN_ENTITLEMENTS = "$(SRCROOT)/PDFArchiver/Resources/PDFArchiver.entitlements";
				CODE_SIGN_IDENTITY = "iPhone Developer";
				CODE_SIGN_STYLE = Automatic;
				CURRENT_PROJECT_VERSION = 2;
				DEVELOPMENT_TEAM = 87KNVHZ8C7;
				ENABLE_BITCODE = YES;
				FRAMEWORK_SEARCH_PATHS = (
					"$(inherited)",
					"$(PROJECT_DIR)",
				);
				INFOPLIST_FILE = "$(SRCROOT)/PDFArchiver/Resources/Info.plist";
				IPHONEOS_DEPLOYMENT_TARGET = 13.0;
				LD_RUNPATH_SEARCH_PATHS = (
					"$(inherited)",
					"@executable_path/Frameworks",
				);
				LIBRARY_SEARCH_PATHS = "$(inherited)";
				MARKETING_VERSION = 2.3.2;
				OTHER_CFLAGS = "";
				OTHER_LDFLAGS = (
					"$(inherited)",
					"-l\"c++\"",
					"-l\"z\"",
					"-framework",
					"\"Foundation\"",
				);
				OTHER_SWIFT_FLAGS = "$(inherited) -D COCOAPODS -DRELEASE";
				PRODUCT_BUNDLE_IDENTIFIER = de.JulianKahnert.PDFArchiveViewer;
				PRODUCT_NAME = "$(TARGET_NAME)";
				PROVISIONING_PROFILE_SPECIFIER = "";
				SUPPORTS_MACCATALYST = NO;
				SWIFT_OBJC_BRIDGING_HEADER = "";
				SWIFT_VERSION = 5.0;
				TARGETED_DEVICE_FAMILY = "1,2";
			};
			name = Release;
		};
		A3B8371E215FCEFA00DA239F /* Debug */ = {
			isa = XCBuildConfiguration;
			buildSettings = {
				CLANG_ANALYZER_NONNULL = YES;
				CLANG_ANALYZER_NUMBER_OBJECT_CONVERSION = YES_AGGRESSIVE;
				CLANG_CXX_LANGUAGE_STANDARD = "gnu++14";
				CLANG_ENABLE_MODULES = YES;
				CLANG_ENABLE_OBJC_WEAK = YES;
				CLANG_WARN_DOCUMENTATION_COMMENTS = YES;
				CLANG_WARN_UNGUARDED_AVAILABILITY = YES_AGGRESSIVE;
				CODE_SIGN_IDENTITY = "iPhone Developer";
				CODE_SIGN_STYLE = Automatic;
				DEVELOPMENT_TEAM = 87KNVHZ8C7;
				ENABLE_BITCODE = YES;
				FRAMEWORK_SEARCH_PATHS = (
					"$(inherited)",
					"$(PROJECT_DIR)",
				);
				GCC_C_LANGUAGE_STANDARD = gnu11;
				INFOPLIST_FILE = PDFArchiverUITests/Info.plist;
				IPHONEOS_DEPLOYMENT_TARGET = 12.0;
				LD_RUNPATH_SEARCH_PATHS = (
					"$(inherited)",
					"@executable_path/Frameworks",
					"@loader_path/Frameworks",
				);
				MTL_ENABLE_DEBUG_INFO = INCLUDE_SOURCE;
				MTL_FAST_MATH = YES;
				PRODUCT_BUNDLE_IDENTIFIER = de.juliankahnert.PDFArchiverUITests;
				PRODUCT_NAME = "$(TARGET_NAME)";
				SWIFT_ACTIVE_COMPILATION_CONDITIONS = DEBUG;
				SWIFT_OBJC_BRIDGING_HEADER = "";
				SWIFT_OPTIMIZATION_LEVEL = "-Onone";
				SWIFT_VERSION = 5.0;
				TARGETED_DEVICE_FAMILY = "1,2";
				TEST_TARGET_NAME = PDFArchiver;
			};
			name = Debug;
		};
		A3B8371F215FCEFA00DA239F /* Release */ = {
			isa = XCBuildConfiguration;
			buildSettings = {
				CLANG_ANALYZER_NONNULL = YES;
				CLANG_ANALYZER_NUMBER_OBJECT_CONVERSION = YES_AGGRESSIVE;
				CLANG_CXX_LANGUAGE_STANDARD = "gnu++14";
				CLANG_ENABLE_MODULES = YES;
				CLANG_ENABLE_OBJC_WEAK = YES;
				CLANG_WARN_DOCUMENTATION_COMMENTS = YES;
				CLANG_WARN_UNGUARDED_AVAILABILITY = YES_AGGRESSIVE;
				CODE_SIGN_IDENTITY = "iPhone Developer";
				CODE_SIGN_STYLE = Automatic;
				DEVELOPMENT_TEAM = 87KNVHZ8C7;
				ENABLE_BITCODE = YES;
				FRAMEWORK_SEARCH_PATHS = (
					"$(inherited)",
					"$(PROJECT_DIR)",
				);
				GCC_C_LANGUAGE_STANDARD = gnu11;
				INFOPLIST_FILE = PDFArchiverUITests/Info.plist;
				IPHONEOS_DEPLOYMENT_TARGET = 12.0;
				LD_RUNPATH_SEARCH_PATHS = (
					"$(inherited)",
					"@executable_path/Frameworks",
					"@loader_path/Frameworks",
				);
				MTL_FAST_MATH = YES;
				PRODUCT_BUNDLE_IDENTIFIER = de.juliankahnert.PDFArchiverUITests;
				PRODUCT_NAME = "$(TARGET_NAME)";
				SWIFT_OBJC_BRIDGING_HEADER = "";
				SWIFT_VERSION = 5.0;
				TARGETED_DEVICE_FAMILY = "1,2";
				TEST_TARGET_NAME = PDFArchiver;
			};
			name = Release;
		};
		A3BCC97A217F84DB00C3775E /* Debug */ = {
			isa = XCBuildConfiguration;
			buildSettings = {
				BUNDLE_LOADER = "$(TEST_HOST)";
				CLANG_ANALYZER_NONNULL = YES;
				CLANG_ANALYZER_NUMBER_OBJECT_CONVERSION = YES_AGGRESSIVE;
				CLANG_CXX_LANGUAGE_STANDARD = "gnu++14";
				CLANG_ENABLE_MODULES = YES;
				CLANG_ENABLE_OBJC_WEAK = YES;
				CLANG_WARN_DOCUMENTATION_COMMENTS = YES;
				CLANG_WARN_UNGUARDED_AVAILABILITY = YES_AGGRESSIVE;
				CODE_SIGN_IDENTITY = "iPhone Developer";
				CODE_SIGN_STYLE = Automatic;
				DEVELOPMENT_TEAM = 87KNVHZ8C7;
				ENABLE_BITCODE = YES;
				FRAMEWORK_SEARCH_PATHS = (
					"$(inherited)",
					"$(PROJECT_DIR)",
				);
				GCC_C_LANGUAGE_STANDARD = gnu11;
				INFOPLIST_FILE = PDFArchiverTests/Info.plist;
				IPHONEOS_DEPLOYMENT_TARGET = 12.0;
				LD_RUNPATH_SEARCH_PATHS = (
					"$(inherited)",
					"@executable_path/Frameworks",
					"@loader_path/Frameworks",
				);
				MTL_ENABLE_DEBUG_INFO = INCLUDE_SOURCE;
				MTL_FAST_MATH = YES;
				PRODUCT_BUNDLE_IDENTIFIER = de.juliankahnert.PDFArchiverTests;
				PRODUCT_NAME = "$(TARGET_NAME)";
				SWIFT_ACTIVE_COMPILATION_CONDITIONS = DEBUG;
				SWIFT_OBJC_BRIDGING_HEADER = "";
				SWIFT_OPTIMIZATION_LEVEL = "-Onone";
				SWIFT_VERSION = 5.0;
				TARGETED_DEVICE_FAMILY = "1,2";
				TEST_HOST = "$(BUILT_PRODUCTS_DIR)/PDFArchiver.app/PDFArchiver";
			};
			name = Debug;
		};
		A3BCC97B217F84DB00C3775E /* Release */ = {
			isa = XCBuildConfiguration;
			buildSettings = {
				BUNDLE_LOADER = "$(TEST_HOST)";
				CLANG_ANALYZER_NONNULL = YES;
				CLANG_ANALYZER_NUMBER_OBJECT_CONVERSION = YES_AGGRESSIVE;
				CLANG_CXX_LANGUAGE_STANDARD = "gnu++14";
				CLANG_ENABLE_MODULES = YES;
				CLANG_ENABLE_OBJC_WEAK = YES;
				CLANG_WARN_DOCUMENTATION_COMMENTS = YES;
				CLANG_WARN_UNGUARDED_AVAILABILITY = YES_AGGRESSIVE;
				CODE_SIGN_IDENTITY = "iPhone Developer";
				CODE_SIGN_STYLE = Automatic;
				DEVELOPMENT_TEAM = 87KNVHZ8C7;
				ENABLE_BITCODE = YES;
				FRAMEWORK_SEARCH_PATHS = (
					"$(inherited)",
					"$(PROJECT_DIR)",
				);
				GCC_C_LANGUAGE_STANDARD = gnu11;
				INFOPLIST_FILE = PDFArchiverTests/Info.plist;
				IPHONEOS_DEPLOYMENT_TARGET = 12.0;
				LD_RUNPATH_SEARCH_PATHS = (
					"$(inherited)",
					"@executable_path/Frameworks",
					"@loader_path/Frameworks",
				);
				MTL_FAST_MATH = YES;
				PRODUCT_BUNDLE_IDENTIFIER = de.juliankahnert.PDFArchiverTests;
				PRODUCT_NAME = "$(TARGET_NAME)";
				SWIFT_OBJC_BRIDGING_HEADER = "";
				SWIFT_VERSION = 5.0;
				TARGETED_DEVICE_FAMILY = "1,2";
				TEST_HOST = "$(BUILT_PRODUCTS_DIR)/PDFArchiver.app/PDFArchiver";
			};
			name = Release;
		};
/* End XCBuildConfiguration section */

/* Begin XCConfigurationList section */
		171E0C751B8E5B84001E6242 /* Build configuration list for PBXProject "PDFArchiver" */ = {
			isa = XCConfigurationList;
			buildConfigurations = (
				171E0CA21B8E5B84001E6242 /* Debug */,
				171E0CA31B8E5B84001E6242 /* Release */,
			);
			defaultConfigurationIsVisible = 0;
			defaultConfigurationName = Release;
		};
		171E0CA41B8E5B84001E6242 /* Build configuration list for PBXNativeTarget "PDFArchiver" */ = {
			isa = XCConfigurationList;
			buildConfigurations = (
				171E0CA51B8E5B84001E6242 /* Debug */,
				171E0CA61B8E5B84001E6242 /* Release */,
			);
			defaultConfigurationIsVisible = 0;
			defaultConfigurationName = Release;
		};
		A3B8371D215FCEFA00DA239F /* Build configuration list for PBXNativeTarget "PDFArchiverUITests" */ = {
			isa = XCConfigurationList;
			buildConfigurations = (
				A3B8371E215FCEFA00DA239F /* Debug */,
				A3B8371F215FCEFA00DA239F /* Release */,
			);
			defaultConfigurationIsVisible = 0;
			defaultConfigurationName = Release;
		};
		A3BCC97C217F84DB00C3775E /* Build configuration list for PBXNativeTarget "PDFArchiverTests" */ = {
			isa = XCConfigurationList;
			buildConfigurations = (
				A3BCC97A217F84DB00C3775E /* Debug */,
				A3BCC97B217F84DB00C3775E /* Release */,
			);
			defaultConfigurationIsVisible = 0;
			defaultConfigurationName = Release;
		};
/* End XCConfigurationList section */

/* Begin XCRemoteSwiftPackageReference section */
		A31B3C3E23849E1E0066CB86 /* XCRemoteSwiftPackageReference "SwiftUIX" */ = {
			isa = XCRemoteSwiftPackageReference;
			repositoryURL = "https://github.com/SwiftUIX/SwiftUIX";
			requirement = {
				branch = master;
				kind = branch;
			};
		};
		A35B7D05235C71C8002F7716 /* XCRemoteSwiftPackageReference "paper-onboarding" */ = {
			isa = XCRemoteSwiftPackageReference;
			repositoryURL = "https://github.com/Ramotion/paper-onboarding";
			requirement = {
				kind = upToNextMajorVersion;
				minimumVersion = 6.1.4;
			};
		};
		A36611C2233FDDB40092DB19 /* XCRemoteSwiftPackageReference "LoggingKit" */ = {
			isa = XCRemoteSwiftPackageReference;
			repositoryURL = "https://github.com/PDF-Archiver/LoggingKit";
			requirement = {
				kind = upToNextMajorVersion;
				minimumVersion = 1.1.3;
			};
		};
		A3811C082346150B00AF6CFA /* XCRemoteSwiftPackageReference "SwiftyStoreKit" */ = {
			isa = XCRemoteSwiftPackageReference;
			repositoryURL = "https://github.com/bizz84/SwiftyStoreKit";
			requirement = {
				kind = upToNextMajorVersion;
				minimumVersion = 0.15.0;
			};
		};
		A38BDC24234632F6003668C3 /* XCRemoteSwiftPackageReference "ArchiveLib" */ = {
			isa = XCRemoteSwiftPackageReference;
			repositoryURL = "https://github.com/PDF-Archiver/ArchiveLib";
			requirement = {
				kind = upToNextMajorVersion;
				minimumVersion = 2.0.11;
			};
		};
		A393DEEE239C0E1E00266FB6 /* XCRemoteSwiftPackageReference "Diagnostics" */ = {
			isa = XCRemoteSwiftPackageReference;
			repositoryURL = "https://github.com/WeTransfer/Diagnostics";
			requirement = {
				kind = upToNextMajorVersion;
				minimumVersion = 1.0.1;
			};
		};
		A39B0EE52399A58D002624D1 /* XCRemoteSwiftPackageReference "sentry-cocoa" */ = {
			isa = XCRemoteSwiftPackageReference;
			repositoryURL = "https://github.com/getsentry/sentry-cocoa";
			requirement = {
				kind = upToNextMajorVersion;
				minimumVersion = 5.0.0;
			};
		};
		A39B0EE82399A94C002624D1 /* XCRemoteSwiftPackageReference "KeyboardObserving" */ = {
			isa = XCRemoteSwiftPackageReference;
			repositoryURL = "https://github.com/JulianKahnert/KeyboardObserving";
			requirement = {
				branch = master;
				kind = branch;
			};
		};
/* End XCRemoteSwiftPackageReference section */

/* Begin XCSwiftPackageProductDependency section */
		A31B3C3F23849E1E0066CB86 /* SwiftUIX */ = {
			isa = XCSwiftPackageProductDependency;
			package = A31B3C3E23849E1E0066CB86 /* XCRemoteSwiftPackageReference "SwiftUIX" */;
			productName = SwiftUIX;
		};
		A35B7D06235C71C8002F7716 /* PaperOnboarding */ = {
			isa = XCSwiftPackageProductDependency;
			package = A35B7D05235C71C8002F7716 /* XCRemoteSwiftPackageReference "paper-onboarding" */;
			productName = PaperOnboarding;
		};
		A36611C3233FDDB40092DB19 /* LoggingKit */ = {
			isa = XCSwiftPackageProductDependency;
			package = A36611C2233FDDB40092DB19 /* XCRemoteSwiftPackageReference "LoggingKit" */;
			productName = LoggingKit;
		};
		A3811C092346150B00AF6CFA /* SwiftyStoreKit */ = {
			isa = XCSwiftPackageProductDependency;
			package = A3811C082346150B00AF6CFA /* XCRemoteSwiftPackageReference "SwiftyStoreKit" */;
			productName = SwiftyStoreKit;
		};
		A38BDC25234632F6003668C3 /* ArchiveLib */ = {
			isa = XCSwiftPackageProductDependency;
			package = A38BDC24234632F6003668C3 /* XCRemoteSwiftPackageReference "ArchiveLib" */;
			productName = ArchiveLib;
		};
		A393DEEF239C0E1E00266FB6 /* Diagnostics */ = {
			isa = XCSwiftPackageProductDependency;
			package = A393DEEE239C0E1E00266FB6 /* XCRemoteSwiftPackageReference "Diagnostics" */;
			productName = Diagnostics;
		};
		A39B0EE62399A58D002624D1 /* Sentry */ = {
			isa = XCSwiftPackageProductDependency;
			package = A39B0EE52399A58D002624D1 /* XCRemoteSwiftPackageReference "sentry-cocoa" */;
			productName = Sentry;
		};
		A39B0EE92399A94C002624D1 /* KeyboardObserving */ = {
			isa = XCSwiftPackageProductDependency;
			package = A39B0EE82399A94C002624D1 /* XCRemoteSwiftPackageReference "KeyboardObserving" */;
			productName = KeyboardObserving;
		};
/* End XCSwiftPackageProductDependency section */
	};
	rootObject = 171E0C721B8E5B84001E6242 /* Project object */;
}
