{
  "object": {
    "pins": [
      {
        "package": "ArchiveLib",
        "repositoryURL": "https://github.com/PDF-Archiver/ArchiveLib",
        "state": {
          "branch": null,
          "revision": "e3b8726405f738e35f6bffbc06fe55f049e5cd74",
          "version": "2.0.5"
        }
      },
      {
        "package": "LoggingKit",
        "repositoryURL": "https://github.com/PDF-Archiver/LoggingKit",
        "state": {
          "branch": "master",
          "revision": "0dd0eabea1075ad164d0905a940106150fa9a752",
          "version": null
        }
      },
      {
        "package": "LogModel",
        "repositoryURL": "https://github.com/PDF-Archiver/LogModel.git",
        "state": {
          "branch": "master",
          "revision": "f0fdc4a22452e8f6c9a77bab0be35caf655971a7",
          "version": null
        }
      },
      {
        "package": "SkyFloatingLabelTextField",
        "repositoryURL": "https://github.com/acecilia/SkyFloatingLabelTextField",
        "state": {
          "branch": "feature/swift-package-manager",
          "revision": "1a6c155e65ccc6e9c304f48f9602c71003862ef9",
          "version": null
        }
      },
      {
        "package": "swift-log",
        "repositoryURL": "https://github.com/apple/swift-log.git",
        "state": {
          "branch": null,
          "revision": "77b2e836f1a2573a30911933a60a52543f693f39",
          "version": null
        }
      },
      {
        "package": "SwiftyStoreKit",
        "repositoryURL": "https://github.com/bizz84/SwiftyStoreKit",
        "state": {
          "branch": null,
          "revision": "d830aaac6822a70245aa62ea1c51548e4fc90bad",
          "version": "0.15.0"
        }
      },
      {
        "package": "WSTagsField",
        "repositoryURL": "https://github.com/whitesmith/WSTagsField",
        "state": {
          "branch": null,
          "revision": "23cf4775fde161c4e478c66c63fe7df4e00122a4",
          "version": "5.1.1"
        }
      }
    ]
  },
  "version": 1
}
